// !$*UTF8*$!
{
	archiveVersion = 1;
	classes = {
	};
	objectVersion = 42;
	objects = {

/* Begin PBXBuildFile section */
		D4B8F7A11186FC59001CF2D1 /* guiBaseObject.cpp in Sources */ = {isa = PBXBuildFile; fileRef = D4B8F76C1186FC59001CF2D1 /* guiBaseObject.cpp */; };
		D4B8F7A21186FC59001CF2D1 /* guiCallback.cpp in Sources */ = {isa = PBXBuildFile; fileRef = D4B8F76E1186FC59001CF2D1 /* guiCallback.cpp */; };
		D4B8F7A31186FC59001CF2D1 /* guiCallbackValue.cpp in Sources */ = {isa = PBXBuildFile; fileRef = D4B8F7701186FC59001CF2D1 /* guiCallbackValue.cpp */; };
		D4B8F7A41186FC59001CF2D1 /* guiColor.cpp in Sources */ = {isa = PBXBuildFile; fileRef = D4B8F7721186FC59001CF2D1 /* guiColor.cpp */; };
		D4B8F7A51186FC59001CF2D1 /* guiTextBase.cpp in Sources */ = {isa = PBXBuildFile; fileRef = D4B8F7761186FC59001CF2D1 /* guiTextBase.cpp */; };
		D4B8F7A61186FC59001CF2D1 /* guiType2DSlider.cpp in Sources */ = {isa = PBXBuildFile; fileRef = D4B8F7781186FC59001CF2D1 /* guiType2DSlider.cpp */; };
		D4B8F7A71186FC59001CF2D1 /* guiTypeButtonSlider.cpp in Sources */ = {isa = PBXBuildFile; fileRef = D4B8F77A1186FC59001CF2D1 /* guiTypeButtonSlider.cpp */; };
		D4B8F7A81186FC59001CF2D1 /* guiTypeChartPlotter.cpp in Sources */ = {isa = PBXBuildFile; fileRef = D4B8F77C1186FC59001CF2D1 /* guiTypeChartPlotter.cpp */; };
		D4B8F7A91186FC59001CF2D1 /* guiTypeCustom.cpp in Sources */ = {isa = PBXBuildFile; fileRef = D4B8F77E1186FC59001CF2D1 /* guiTypeCustom.cpp */; };
		D4B8F7AA1186FC59001CF2D1 /* guiTypeDrawable.cpp in Sources */ = {isa = PBXBuildFile; fileRef = D4B8F7801186FC59001CF2D1 /* guiTypeDrawable.cpp */; };
		D4B8F7AB1186FC59001CF2D1 /* guiTypeFileLister.cpp in Sources */ = {isa = PBXBuildFile; fileRef = D4B8F7821186FC59001CF2D1 /* guiTypeFileLister.cpp */; };
		D4B8F7AC1186FC59001CF2D1 /* guiTypeLogger.cpp in Sources */ = {isa = PBXBuildFile; fileRef = D4B8F7841186FC59001CF2D1 /* guiTypeLogger.cpp */; };
		D4B8F7AD1186FC59001CF2D1 /* guiTypeMultiToggle.cpp in Sources */ = {isa = PBXBuildFile; fileRef = D4B8F7861186FC59001CF2D1 /* guiTypeMultiToggle.cpp */; };
		D4B8F7AE1186FC59001CF2D1 /* guiTypePanel.cpp in Sources */ = {isa = PBXBuildFile; fileRef = D4B8F7881186FC59001CF2D1 /* guiTypePanel.cpp */; };
		D4B8F7AF1186FC59001CF2D1 /* guiTypeSlider.cpp in Sources */ = {isa = PBXBuildFile; fileRef = D4B8F78A1186FC59001CF2D1 /* guiTypeSlider.cpp */; };
		D4B8F7B01186FC59001CF2D1 /* guiTypeText.cpp in Sources */ = {isa = PBXBuildFile; fileRef = D4B8F78C1186FC59001CF2D1 /* guiTypeText.cpp */; };
		D4B8F7B11186FC59001CF2D1 /* guiTypeTextDropDown.cpp in Sources */ = {isa = PBXBuildFile; fileRef = D4B8F78E1186FC59001CF2D1 /* guiTypeTextDropDown.cpp */; };
		D4B8F7B21186FC59001CF2D1 /* guiTypeToggle.cpp in Sources */ = {isa = PBXBuildFile; fileRef = D4B8F7901186FC59001CF2D1 /* guiTypeToggle.cpp */; };
		D4B8F7B31186FC59001CF2D1 /* guiTypeVairableLister.cpp in Sources */ = {isa = PBXBuildFile; fileRef = D4B8F7921186FC59001CF2D1 /* guiTypeVairableLister.cpp */; };
		D4B8F7B41186FC59001CF2D1 /* guiTypeVideo.cpp in Sources */ = {isa = PBXBuildFile; fileRef = D4B8F7941186FC59001CF2D1 /* guiTypeVideo.cpp */; };
		D4B8F7B51186FC59001CF2D1 /* guiValue.cpp in Sources */ = {isa = PBXBuildFile; fileRef = D4B8F7961186FC59001CF2D1 /* guiValue.cpp */; };
		D4B8F7B61186FC59001CF2D1 /* ofxControlPanel.cpp in Sources */ = {isa = PBXBuildFile; fileRef = D4B8F7991186FC59001CF2D1 /* ofxControlPanel.cpp */; };
		D4B8F7B71186FC59001CF2D1 /* simpleColor.cpp in Sources */ = {isa = PBXBuildFile; fileRef = D4B8F79B1186FC59001CF2D1 /* simpleColor.cpp */; };
		D4B8F7B81186FC59001CF2D1 /* simpleFileLister.cpp in Sources */ = {isa = PBXBuildFile; fileRef = D4B8F79D1186FC59001CF2D1 /* simpleFileLister.cpp */; };
		D4B8F7B91186FC59001CF2D1 /* simpleLogger.cpp in Sources */ = {isa = PBXBuildFile; fileRef = D4B8F79F1186FC59001CF2D1 /* simpleLogger.cpp */; };
		D4B8F7D01186FD4A001CF2D1 /* ofxDirList.cpp in Sources */ = {isa = PBXBuildFile; fileRef = D4B8F7CE1186FD4A001CF2D1 /* ofxDirList.cpp */; };
		D4B8FCA311872E8F001CF2D1 /* customDrawer.cpp in Sources */ = {isa = PBXBuildFile; fileRef = D4B8FCA111872E8F001CF2D1 /* customDrawer.cpp */; };
		D4CC0DC41186F46600051BA0 /* main.cpp in Sources */ = {isa = PBXBuildFile; fileRef = D4CC0DBC1186F46600051BA0 /* main.cpp */; };
		D4CC0DC51186F46600051BA0 /* Particle.cpp in Sources */ = {isa = PBXBuildFile; fileRef = D4CC0DBE1186F46600051BA0 /* Particle.cpp */; };
		D4CC0DC61186F46600051BA0 /* ParticleSystem.cpp in Sources */ = {isa = PBXBuildFile; fileRef = D4CC0DC01186F46600051BA0 /* ParticleSystem.cpp */; };
		D4CC0DC71186F46600051BA0 /* testApp.cpp in Sources */ = {isa = PBXBuildFile; fileRef = D4CC0DC21186F46600051BA0 /* testApp.cpp */; };
		D4CC0DD81186F4A600051BA0 /* ofxMSAFluidDrawer.cpp in Sources */ = {isa = PBXBuildFile; fileRef = D4CC0DD31186F4A600051BA0 /* ofxMSAFluidDrawer.cpp */; };
		D4CC0DD91186F4A600051BA0 /* ofxMSAFluidSolver.cpp in Sources */ = {isa = PBXBuildFile; fileRef = D4CC0DD61186F4A600051BA0 /* ofxMSAFluidSolver.cpp */; };
		D4CC0E121186F4EE00051BA0 /* osc.a in Frameworks */ = {isa = PBXBuildFile; fileRef = D4CC0E061186F4EE00051BA0 /* osc.a */; };
		D4CC0E131186F4EE00051BA0 /* ofxOscBundle.cpp in Sources */ = {isa = PBXBuildFile; fileRef = D4CC0E0A1186F4EE00051BA0 /* ofxOscBundle.cpp */; };
		D4CC0E141186F4EE00051BA0 /* ofxOscMessage.cpp in Sources */ = {isa = PBXBuildFile; fileRef = D4CC0E0C1186F4EE00051BA0 /* ofxOscMessage.cpp */; };
		D4CC0E151186F4EE00051BA0 /* ofxOscReceiver.cpp in Sources */ = {isa = PBXBuildFile; fileRef = D4CC0E0E1186F4EE00051BA0 /* ofxOscReceiver.cpp */; };
		D4CC0E161186F4EE00051BA0 /* ofxOscSender.cpp in Sources */ = {isa = PBXBuildFile; fileRef = D4CC0E101186F4EE00051BA0 /* ofxOscSender.cpp */; };
		D4CC0E661186F52000051BA0 /* tinyxml.cpp in Sources */ = {isa = PBXBuildFile; fileRef = D4CC0E5F1186F52000051BA0 /* tinyxml.cpp */; };
		D4CC0E671186F52000051BA0 /* tinyxmlerror.cpp in Sources */ = {isa = PBXBuildFile; fileRef = D4CC0E611186F52000051BA0 /* tinyxmlerror.cpp */; };
		D4CC0E681186F52000051BA0 /* tinyxmlparser.cpp in Sources */ = {isa = PBXBuildFile; fileRef = D4CC0E621186F52000051BA0 /* tinyxmlparser.cpp */; };
		D4CC0E691186F52000051BA0 /* ofxXmlSettings.cpp in Sources */ = {isa = PBXBuildFile; fileRef = D4CC0E641186F52000051BA0 /* ofxXmlSettings.cpp */; };
		D4CC0E921186F54B00051BA0 /* ofxMatrix3x3.cpp in Sources */ = {isa = PBXBuildFile; fileRef = D4CC0E851186F54B00051BA0 /* ofxMatrix3x3.cpp */; };
		D4CC0E931186F54B00051BA0 /* ofxMatrix4x4.cpp in Sources */ = {isa = PBXBuildFile; fileRef = D4CC0E871186F54B00051BA0 /* ofxMatrix4x4.cpp */; };
		D4CC0E941186F54B00051BA0 /* ofxQuaternion.cpp in Sources */ = {isa = PBXBuildFile; fileRef = D4CC0E8C1186F54B00051BA0 /* ofxQuaternion.cpp */; };
		D4D1688011884D1500E81583 /* openCV.a in Frameworks */ = {isa = PBXBuildFile; fileRef = D4D1686E11884D1500E81583 /* openCV.a */; };
		D4D1688111884D1600E81583 /* ofxCvColorImage.cpp in Sources */ = {isa = PBXBuildFile; fileRef = D4D1687111884D1500E81583 /* ofxCvColorImage.cpp */; };
		D4D1688211884D1600E81583 /* ofxCvContourFinder.cpp in Sources */ = {isa = PBXBuildFile; fileRef = D4D1687411884D1500E81583 /* ofxCvContourFinder.cpp */; };
		D4D1688311884D1600E81583 /* ofxCvFloatImage.cpp in Sources */ = {isa = PBXBuildFile; fileRef = D4D1687611884D1500E81583 /* ofxCvFloatImage.cpp */; };
		D4D1688411884D1600E81583 /* ofxCvGrayscaleImage.cpp in Sources */ = {isa = PBXBuildFile; fileRef = D4D1687811884D1500E81583 /* ofxCvGrayscaleImage.cpp */; };
		D4D1688511884D1600E81583 /* ofxCvImage.cpp in Sources */ = {isa = PBXBuildFile; fileRef = D4D1687A11884D1500E81583 /* ofxCvImage.cpp */; };
		D4D1688611884D1600E81583 /* ofxCvShortImage.cpp in Sources */ = {isa = PBXBuildFile; fileRef = D4D1687D11884D1500E81583 /* ofxCvShortImage.cpp */; };
		D4D168FE1188560C00E81583 /* contourF.cpp in Sources */ = {isa = PBXBuildFile; fileRef = D4D168FD1188560C00E81583 /* contourF.cpp */; };
		E45BE0AA0E8CC67C009D7055 /* GLee.a in Frameworks */ = {isa = PBXBuildFile; fileRef = E45BE0A90E8CC67C009D7055 /* GLee.a */; };
		E45BE2E40E8CC69C009D7055 /* rtAudio.a in Frameworks */ = {isa = PBXBuildFile; fileRef = E45BE2E30E8CC69C009D7055 /* rtAudio.a */; };
		E45BE97B0E8CC7DD009D7055 /* AGL.framework in Frameworks */ = {isa = PBXBuildFile; fileRef = E45BE9710E8CC7DD009D7055 /* AGL.framework */; };
		E45BE97C0E8CC7DD009D7055 /* ApplicationServices.framework in Frameworks */ = {isa = PBXBuildFile; fileRef = E45BE9720E8CC7DD009D7055 /* ApplicationServices.framework */; };
		E45BE97D0E8CC7DD009D7055 /* AudioToolbox.framework in Frameworks */ = {isa = PBXBuildFile; fileRef = E45BE9730E8CC7DD009D7055 /* AudioToolbox.framework */; };
		E45BE97E0E8CC7DD009D7055 /* Carbon.framework in Frameworks */ = {isa = PBXBuildFile; fileRef = E45BE9740E8CC7DD009D7055 /* Carbon.framework */; };
		E45BE97F0E8CC7DD009D7055 /* CoreAudio.framework in Frameworks */ = {isa = PBXBuildFile; fileRef = E45BE9750E8CC7DD009D7055 /* CoreAudio.framework */; };
		E45BE9800E8CC7DD009D7055 /* CoreFoundation.framework in Frameworks */ = {isa = PBXBuildFile; fileRef = E45BE9760E8CC7DD009D7055 /* CoreFoundation.framework */; };
		E45BE9810E8CC7DD009D7055 /* CoreServices.framework in Frameworks */ = {isa = PBXBuildFile; fileRef = E45BE9770E8CC7DD009D7055 /* CoreServices.framework */; };
		E45BE9830E8CC7DD009D7055 /* OpenGL.framework in Frameworks */ = {isa = PBXBuildFile; fileRef = E45BE9790E8CC7DD009D7055 /* OpenGL.framework */; };
		E45BE9840E8CC7DD009D7055 /* QuickTime.framework in Frameworks */ = {isa = PBXBuildFile; fileRef = E45BE97A0E8CC7DD009D7055 /* QuickTime.framework */; };
		E4C2422B10CC554B004149E2 /* openFrameworksDebug.a in Frameworks */ = {isa = PBXBuildFile; fileRef = E4C2421E10CC549C004149E2 /* openFrameworksDebug.a */; };
		E4C2424710CC5A17004149E2 /* AppKit.framework in Frameworks */ = {isa = PBXBuildFile; fileRef = E4C2424410CC5A17004149E2 /* AppKit.framework */; };
		E4C2424810CC5A17004149E2 /* Cocoa.framework in Frameworks */ = {isa = PBXBuildFile; fileRef = E4C2424510CC5A17004149E2 /* Cocoa.framework */; };
		E4C2424910CC5A17004149E2 /* IOKit.framework in Frameworks */ = {isa = PBXBuildFile; fileRef = E4C2424610CC5A17004149E2 /* IOKit.framework */; };
		E4C2426610CC5A78004149E2 /* GLUT.framework in Frameworks */ = {isa = PBXBuildFile; fileRef = E4C2425F10CC5A78004149E2 /* GLUT.framework */; };
		E4C2426B10CC5AA6004149E2 /* GLUT.framework in CopyFiles */ = {isa = PBXBuildFile; fileRef = E4C2425F10CC5A78004149E2 /* GLUT.framework */; };
		E4C2427F10CC5B66004149E2 /* CppUnit.a in Frameworks */ = {isa = PBXBuildFile; fileRef = E4C2427A10CC5B66004149E2 /* CppUnit.a */; };
		E4C2428010CC5B66004149E2 /* PocoFoundation.a in Frameworks */ = {isa = PBXBuildFile; fileRef = E4C2427B10CC5B66004149E2 /* PocoFoundation.a */; };
		E4C2428110CC5B66004149E2 /* PocoNet.a in Frameworks */ = {isa = PBXBuildFile; fileRef = E4C2427C10CC5B66004149E2 /* PocoNet.a */; };
		E4C2428210CC5B66004149E2 /* PocoUtil.a in Frameworks */ = {isa = PBXBuildFile; fileRef = E4C2427D10CC5B66004149E2 /* PocoUtil.a */; };
		E4C2428310CC5B66004149E2 /* PocoXML.a in Frameworks */ = {isa = PBXBuildFile; fileRef = E4C2427E10CC5B66004149E2 /* PocoXML.a */; };
		E4C2429410CC5C38004149E2 /* freetype.a in Frameworks */ = {isa = PBXBuildFile; fileRef = E4C2429310CC5C38004149E2 /* freetype.a */; };
		E4C242CD10CC650E004149E2 /* libfmodex.dylib in Frameworks */ = {isa = PBXBuildFile; fileRef = E4C242CC10CC650E004149E2 /* libfmodex.dylib */; };
		E4C2443910CC7693004149E2 /* openFrameworks-Info.plist in CopyFiles */ = {isa = PBXBuildFile; fileRef = E4B6FCAD0C3E899E008CF71C /* openFrameworks-Info.plist */; };
		E4C246DA10CCAE22004149E2 /* freeimage.a in Frameworks */ = {isa = PBXBuildFile; fileRef = E4C246D910CCAE22004149E2 /* freeimage.a */; };
/* End PBXBuildFile section */

/* Begin PBXContainerItemProxy section */
		E4C2421D10CC549C004149E2 /* PBXContainerItemProxy */ = {
			isa = PBXContainerItemProxy;
			containerPortal = E4C2421610CC549C004149E2 /* openFrameworksLib.xcodeproj */;
			proxyType = 2;
			remoteGlobalIDString = E4B27C1510CBEB8E00536013;
			remoteInfo = openFrameworks;
		};
		E4C2422710CC54DA004149E2 /* PBXContainerItemProxy */ = {
			isa = PBXContainerItemProxy;
			containerPortal = E4C2421610CC549C004149E2 /* openFrameworksLib.xcodeproj */;
			proxyType = 1;
			remoteGlobalIDString = E4B27C1410CBEB8E00536013;
			remoteInfo = openFrameworks;
		};
/* End PBXContainerItemProxy section */

/* Begin PBXCopyFilesBuildPhase section */
		E4C2427710CC5ABF004149E2 /* CopyFiles */ = {
			isa = PBXCopyFilesBuildPhase;
			buildActionMask = 2147483647;
			dstPath = "";
			dstSubfolderSpec = 10;
			files = (
				E4C2426B10CC5AA6004149E2 /* GLUT.framework in CopyFiles */,
			);
			runOnlyForDeploymentPostprocessing = 0;
		};
		E4C2444710CC769B004149E2 /* CopyFiles */ = {
			isa = PBXCopyFilesBuildPhase;
			buildActionMask = 2147483647;
			dstPath = "";
			dstSubfolderSpec = 7;
			files = (
				E4C2443910CC7693004149E2 /* openFrameworks-Info.plist in CopyFiles */,
			);
			runOnlyForDeploymentPostprocessing = 0;
		};
/* End PBXCopyFilesBuildPhase section */

/* Begin PBXFileReference section */
		D4B8F76C1186FC59001CF2D1 /* guiBaseObject.cpp */ = {isa = PBXFileReference; fileEncoding = 4; lastKnownFileType = sourcecode.cpp.cpp; path = guiBaseObject.cpp; sourceTree = "<group>"; };
		D4B8F76D1186FC59001CF2D1 /* guiBaseObject.h */ = {isa = PBXFileReference; fileEncoding = 4; lastKnownFileType = sourcecode.c.h; path = guiBaseObject.h; sourceTree = "<group>"; };
		D4B8F76E1186FC59001CF2D1 /* guiCallback.cpp */ = {isa = PBXFileReference; fileEncoding = 4; lastKnownFileType = sourcecode.cpp.cpp; path = guiCallback.cpp; sourceTree = "<group>"; };
		D4B8F76F1186FC59001CF2D1 /* guiCallback.h */ = {isa = PBXFileReference; fileEncoding = 4; lastKnownFileType = sourcecode.c.h; path = guiCallback.h; sourceTree = "<group>"; };
		D4B8F7701186FC59001CF2D1 /* guiCallbackValue.cpp */ = {isa = PBXFileReference; fileEncoding = 4; lastKnownFileType = sourcecode.cpp.cpp; path = guiCallbackValue.cpp; sourceTree = "<group>"; };
		D4B8F7711186FC59001CF2D1 /* guiCallbackValue.h */ = {isa = PBXFileReference; fileEncoding = 4; lastKnownFileType = sourcecode.c.h; path = guiCallbackValue.h; sourceTree = "<group>"; };
		D4B8F7721186FC59001CF2D1 /* guiColor.cpp */ = {isa = PBXFileReference; fileEncoding = 4; lastKnownFileType = sourcecode.cpp.cpp; path = guiColor.cpp; sourceTree = "<group>"; };
		D4B8F7731186FC59001CF2D1 /* guiColor.h */ = {isa = PBXFileReference; fileEncoding = 4; lastKnownFileType = sourcecode.c.h; path = guiColor.h; sourceTree = "<group>"; };
		D4B8F7741186FC59001CF2D1 /* guiCustomImpl.h */ = {isa = PBXFileReference; fileEncoding = 4; lastKnownFileType = sourcecode.c.h; path = guiCustomImpl.h; sourceTree = "<group>"; };
		D4B8F7751186FC59001CF2D1 /* guiIncludes.h */ = {isa = PBXFileReference; fileEncoding = 4; lastKnownFileType = sourcecode.c.h; path = guiIncludes.h; sourceTree = "<group>"; };
		D4B8F7761186FC59001CF2D1 /* guiTextBase.cpp */ = {isa = PBXFileReference; fileEncoding = 4; lastKnownFileType = sourcecode.cpp.cpp; path = guiTextBase.cpp; sourceTree = "<group>"; };
		D4B8F7771186FC59001CF2D1 /* guiTextBase.h */ = {isa = PBXFileReference; fileEncoding = 4; lastKnownFileType = sourcecode.c.h; path = guiTextBase.h; sourceTree = "<group>"; };
		D4B8F7781186FC59001CF2D1 /* guiType2DSlider.cpp */ = {isa = PBXFileReference; fileEncoding = 4; lastKnownFileType = sourcecode.cpp.cpp; path = guiType2DSlider.cpp; sourceTree = "<group>"; };
		D4B8F7791186FC59001CF2D1 /* guiType2DSlider.h */ = {isa = PBXFileReference; fileEncoding = 4; lastKnownFileType = sourcecode.c.h; path = guiType2DSlider.h; sourceTree = "<group>"; };
		D4B8F77A1186FC59001CF2D1 /* guiTypeButtonSlider.cpp */ = {isa = PBXFileReference; fileEncoding = 4; lastKnownFileType = sourcecode.cpp.cpp; path = guiTypeButtonSlider.cpp; sourceTree = "<group>"; };
		D4B8F77B1186FC59001CF2D1 /* guiTypeButtonSlider.h */ = {isa = PBXFileReference; fileEncoding = 4; lastKnownFileType = sourcecode.c.h; path = guiTypeButtonSlider.h; sourceTree = "<group>"; };
		D4B8F77C1186FC59001CF2D1 /* guiTypeChartPlotter.cpp */ = {isa = PBXFileReference; fileEncoding = 4; lastKnownFileType = sourcecode.cpp.cpp; path = guiTypeChartPlotter.cpp; sourceTree = "<group>"; };
		D4B8F77D1186FC59001CF2D1 /* guiTypeChartPlotter.h */ = {isa = PBXFileReference; fileEncoding = 4; lastKnownFileType = sourcecode.c.h; path = guiTypeChartPlotter.h; sourceTree = "<group>"; };
		D4B8F77E1186FC59001CF2D1 /* guiTypeCustom.cpp */ = {isa = PBXFileReference; fileEncoding = 4; lastKnownFileType = sourcecode.cpp.cpp; path = guiTypeCustom.cpp; sourceTree = "<group>"; };
		D4B8F77F1186FC59001CF2D1 /* guiTypeCustom.h */ = {isa = PBXFileReference; fileEncoding = 4; lastKnownFileType = sourcecode.c.h; path = guiTypeCustom.h; sourceTree = "<group>"; };
		D4B8F7801186FC59001CF2D1 /* guiTypeDrawable.cpp */ = {isa = PBXFileReference; fileEncoding = 4; lastKnownFileType = sourcecode.cpp.cpp; path = guiTypeDrawable.cpp; sourceTree = "<group>"; };
		D4B8F7811186FC59001CF2D1 /* guiTypeDrawable.h */ = {isa = PBXFileReference; fileEncoding = 4; lastKnownFileType = sourcecode.c.h; path = guiTypeDrawable.h; sourceTree = "<group>"; };
		D4B8F7821186FC59001CF2D1 /* guiTypeFileLister.cpp */ = {isa = PBXFileReference; fileEncoding = 4; lastKnownFileType = sourcecode.cpp.cpp; path = guiTypeFileLister.cpp; sourceTree = "<group>"; };
		D4B8F7831186FC59001CF2D1 /* guiTypeFileLister.h */ = {isa = PBXFileReference; fileEncoding = 4; lastKnownFileType = sourcecode.c.h; path = guiTypeFileLister.h; sourceTree = "<group>"; };
		D4B8F7841186FC59001CF2D1 /* guiTypeLogger.cpp */ = {isa = PBXFileReference; fileEncoding = 4; lastKnownFileType = sourcecode.cpp.cpp; path = guiTypeLogger.cpp; sourceTree = "<group>"; };
		D4B8F7851186FC59001CF2D1 /* guiTypeLogger.h */ = {isa = PBXFileReference; fileEncoding = 4; lastKnownFileType = sourcecode.c.h; path = guiTypeLogger.h; sourceTree = "<group>"; };
		D4B8F7861186FC59001CF2D1 /* guiTypeMultiToggle.cpp */ = {isa = PBXFileReference; fileEncoding = 4; lastKnownFileType = sourcecode.cpp.cpp; path = guiTypeMultiToggle.cpp; sourceTree = "<group>"; };
		D4B8F7871186FC59001CF2D1 /* guiTypeMultiToggle.h */ = {isa = PBXFileReference; fileEncoding = 4; lastKnownFileType = sourcecode.c.h; path = guiTypeMultiToggle.h; sourceTree = "<group>"; };
		D4B8F7881186FC59001CF2D1 /* guiTypePanel.cpp */ = {isa = PBXFileReference; fileEncoding = 4; lastKnownFileType = sourcecode.cpp.cpp; path = guiTypePanel.cpp; sourceTree = "<group>"; };
		D4B8F7891186FC59001CF2D1 /* guiTypePanel.h */ = {isa = PBXFileReference; fileEncoding = 4; lastKnownFileType = sourcecode.c.h; path = guiTypePanel.h; sourceTree = "<group>"; };
		D4B8F78A1186FC59001CF2D1 /* guiTypeSlider.cpp */ = {isa = PBXFileReference; fileEncoding = 4; lastKnownFileType = sourcecode.cpp.cpp; path = guiTypeSlider.cpp; sourceTree = "<group>"; };
		D4B8F78B1186FC59001CF2D1 /* guiTypeSlider.h */ = {isa = PBXFileReference; fileEncoding = 4; lastKnownFileType = sourcecode.c.h; path = guiTypeSlider.h; sourceTree = "<group>"; };
		D4B8F78C1186FC59001CF2D1 /* guiTypeText.cpp */ = {isa = PBXFileReference; fileEncoding = 4; lastKnownFileType = sourcecode.cpp.cpp; path = guiTypeText.cpp; sourceTree = "<group>"; };
		D4B8F78D1186FC59001CF2D1 /* guiTypeText.h */ = {isa = PBXFileReference; fileEncoding = 4; lastKnownFileType = sourcecode.c.h; path = guiTypeText.h; sourceTree = "<group>"; };
		D4B8F78E1186FC59001CF2D1 /* guiTypeTextDropDown.cpp */ = {isa = PBXFileReference; fileEncoding = 4; lastKnownFileType = sourcecode.cpp.cpp; path = guiTypeTextDropDown.cpp; sourceTree = "<group>"; };
		D4B8F78F1186FC59001CF2D1 /* guiTypeTextDropDown.h */ = {isa = PBXFileReference; fileEncoding = 4; lastKnownFileType = sourcecode.c.h; path = guiTypeTextDropDown.h; sourceTree = "<group>"; };
		D4B8F7901186FC59001CF2D1 /* guiTypeToggle.cpp */ = {isa = PBXFileReference; fileEncoding = 4; lastKnownFileType = sourcecode.cpp.cpp; path = guiTypeToggle.cpp; sourceTree = "<group>"; };
		D4B8F7911186FC59001CF2D1 /* guiTypeToggle.h */ = {isa = PBXFileReference; fileEncoding = 4; lastKnownFileType = sourcecode.c.h; path = guiTypeToggle.h; sourceTree = "<group>"; };
		D4B8F7921186FC59001CF2D1 /* guiTypeVairableLister.cpp */ = {isa = PBXFileReference; fileEncoding = 4; lastKnownFileType = sourcecode.cpp.cpp; path = guiTypeVairableLister.cpp; sourceTree = "<group>"; };
		D4B8F7931186FC59001CF2D1 /* guiTypeVairableLister.h */ = {isa = PBXFileReference; fileEncoding = 4; lastKnownFileType = sourcecode.c.h; path = guiTypeVairableLister.h; sourceTree = "<group>"; };
		D4B8F7941186FC59001CF2D1 /* guiTypeVideo.cpp */ = {isa = PBXFileReference; fileEncoding = 4; lastKnownFileType = sourcecode.cpp.cpp; path = guiTypeVideo.cpp; sourceTree = "<group>"; };
		D4B8F7951186FC59001CF2D1 /* guiTypeVideo.h */ = {isa = PBXFileReference; fileEncoding = 4; lastKnownFileType = sourcecode.c.h; path = guiTypeVideo.h; sourceTree = "<group>"; };
		D4B8F7961186FC59001CF2D1 /* guiValue.cpp */ = {isa = PBXFileReference; fileEncoding = 4; lastKnownFileType = sourcecode.cpp.cpp; path = guiValue.cpp; sourceTree = "<group>"; };
		D4B8F7971186FC59001CF2D1 /* guiValue.h */ = {isa = PBXFileReference; fileEncoding = 4; lastKnownFileType = sourcecode.c.h; path = guiValue.h; sourceTree = "<group>"; };
		D4B8F7981186FC59001CF2D1 /* guiVariablePointer.h */ = {isa = PBXFileReference; fileEncoding = 4; lastKnownFileType = sourcecode.c.h; path = guiVariablePointer.h; sourceTree = "<group>"; };
		D4B8F7991186FC59001CF2D1 /* ofxControlPanel.cpp */ = {isa = PBXFileReference; fileEncoding = 4; lastKnownFileType = sourcecode.cpp.cpp; path = ofxControlPanel.cpp; sourceTree = "<group>"; };
		D4B8F79A1186FC59001CF2D1 /* ofxControlPanel.h */ = {isa = PBXFileReference; fileEncoding = 4; lastKnownFileType = sourcecode.c.h; path = ofxControlPanel.h; sourceTree = "<group>"; };
		D4B8F79B1186FC59001CF2D1 /* simpleColor.cpp */ = {isa = PBXFileReference; fileEncoding = 4; lastKnownFileType = sourcecode.cpp.cpp; path = simpleColor.cpp; sourceTree = "<group>"; };
		D4B8F79C1186FC59001CF2D1 /* simpleColor.h */ = {isa = PBXFileReference; fileEncoding = 4; lastKnownFileType = sourcecode.c.h; path = simpleColor.h; sourceTree = "<group>"; };
		D4B8F79D1186FC59001CF2D1 /* simpleFileLister.cpp */ = {isa = PBXFileReference; fileEncoding = 4; lastKnownFileType = sourcecode.cpp.cpp; path = simpleFileLister.cpp; sourceTree = "<group>"; };
		D4B8F79E1186FC59001CF2D1 /* simpleFileLister.h */ = {isa = PBXFileReference; fileEncoding = 4; lastKnownFileType = sourcecode.c.h; path = simpleFileLister.h; sourceTree = "<group>"; };
		D4B8F79F1186FC59001CF2D1 /* simpleLogger.cpp */ = {isa = PBXFileReference; fileEncoding = 4; lastKnownFileType = sourcecode.cpp.cpp; path = simpleLogger.cpp; sourceTree = "<group>"; };
		D4B8F7A01186FC59001CF2D1 /* simpleLogger.h */ = {isa = PBXFileReference; fileEncoding = 4; lastKnownFileType = sourcecode.c.h; path = simpleLogger.h; sourceTree = "<group>"; };
		D4B8F7CB1186FD4A001CF2D1 /* Instructions.txt */ = {isa = PBXFileReference; fileEncoding = 4; lastKnownFileType = text; path = Instructions.txt; sourceTree = "<group>"; };
		D4B8F7CC1186FD4A001CF2D1 /* install.xml */ = {isa = PBXFileReference; fileEncoding = 4; lastKnownFileType = text.xml; path = install.xml; sourceTree = "<group>"; };
		D4B8F7CE1186FD4A001CF2D1 /* ofxDirList.cpp */ = {isa = PBXFileReference; fileEncoding = 4; lastKnownFileType = sourcecode.cpp.cpp; path = ofxDirList.cpp; sourceTree = "<group>"; };
		D4B8F7CF1186FD4A001CF2D1 /* ofxDirList.h */ = {isa = PBXFileReference; fileEncoding = 4; lastKnownFileType = sourcecode.c.h; path = ofxDirList.h; sourceTree = "<group>"; };
		D4B8FCA111872E8F001CF2D1 /* customDrawer.cpp */ = {isa = PBXFileReference; fileEncoding = 4; lastKnownFileType = sourcecode.cpp.cpp; path = customDrawer.cpp; sourceTree = "<group>"; };
		D4B8FCA211872E8F001CF2D1 /* customDrawer.h */ = {isa = PBXFileReference; fileEncoding = 4; lastKnownFileType = sourcecode.c.h; path = customDrawer.h; sourceTree = "<group>"; };
		D4CC0DBC1186F46600051BA0 /* main.cpp */ = {isa = PBXFileReference; fileEncoding = 4; lastKnownFileType = sourcecode.cpp.cpp; path = main.cpp; sourceTree = "<group>"; };
		D4CC0DBD1186F46600051BA0 /* msaColor.h */ = {isa = PBXFileReference; fileEncoding = 4; lastKnownFileType = sourcecode.c.h; path = msaColor.h; sourceTree = "<group>"; };
		D4CC0DBE1186F46600051BA0 /* Particle.cpp */ = {isa = PBXFileReference; fileEncoding = 4; lastKnownFileType = sourcecode.cpp.cpp; path = Particle.cpp; sourceTree = "<group>"; };
		D4CC0DBF1186F46600051BA0 /* Particle.h */ = {isa = PBXFileReference; fileEncoding = 4; lastKnownFileType = sourcecode.c.h; path = Particle.h; sourceTree = "<group>"; };
		D4CC0DC01186F46600051BA0 /* ParticleSystem.cpp */ = {isa = PBXFileReference; fileEncoding = 4; lastKnownFileType = sourcecode.cpp.cpp; path = ParticleSystem.cpp; sourceTree = "<group>"; };
		D4CC0DC11186F46600051BA0 /* ParticleSystem.h */ = {isa = PBXFileReference; fileEncoding = 4; lastKnownFileType = sourcecode.c.h; path = ParticleSystem.h; sourceTree = "<group>"; };
		D4CC0DC21186F46600051BA0 /* testApp.cpp */ = {isa = PBXFileReference; fileEncoding = 4; lastKnownFileType = sourcecode.cpp.cpp; path = testApp.cpp; sourceTree = "<group>"; };
		D4CC0DC31186F46600051BA0 /* testApp.h */ = {isa = PBXFileReference; fileEncoding = 4; lastKnownFileType = sourcecode.c.h; path = testApp.h; sourceTree = "<group>"; };
		D4CC0DD21186F4A600051BA0 /* ofxMSAFluid.h */ = {isa = PBXFileReference; fileEncoding = 4; lastKnownFileType = sourcecode.c.h; path = ofxMSAFluid.h; sourceTree = "<group>"; };
		D4CC0DD31186F4A600051BA0 /* ofxMSAFluidDrawer.cpp */ = {isa = PBXFileReference; fileEncoding = 4; lastKnownFileType = sourcecode.cpp.cpp; path = ofxMSAFluidDrawer.cpp; sourceTree = "<group>"; };
		D4CC0DD41186F4A600051BA0 /* ofxMSAFluidDrawer.h */ = {isa = PBXFileReference; fileEncoding = 4; lastKnownFileType = sourcecode.c.h; path = ofxMSAFluidDrawer.h; sourceTree = "<group>"; };
		D4CC0DD51186F4A600051BA0 /* ofxMSAFluidParticleUpdater.h */ = {isa = PBXFileReference; fileEncoding = 4; lastKnownFileType = sourcecode.c.h; path = ofxMSAFluidParticleUpdater.h; sourceTree = "<group>"; };
		D4CC0DD61186F4A600051BA0 /* ofxMSAFluidSolver.cpp */ = {isa = PBXFileReference; fileEncoding = 4; lastKnownFileType = sourcecode.cpp.cpp; path = ofxMSAFluidSolver.cpp; sourceTree = "<group>"; };
		D4CC0DD71186F4A600051BA0 /* ofxMSAFluidSolver.h */ = {isa = PBXFileReference; fileEncoding = 4; lastKnownFileType = sourcecode.c.h; path = ofxMSAFluidSolver.h; sourceTree = "<group>"; };
		D4CC0DE81186F4E700051BA0 /* ofxTuio.h */ = {isa = PBXFileReference; fileEncoding = 4; lastKnownFileType = sourcecode.c.h; path = ofxTuio.h; sourceTree = "<group>"; };
		D4CC0DE91186F4E700051BA0 /* ofxTuioClient.h */ = {isa = PBXFileReference; fileEncoding = 4; lastKnownFileType = sourcecode.c.h; path = ofxTuioClient.h; sourceTree = "<group>"; };
		D4CC0DEA1186F4E700051BA0 /* ofxTuioContainer.h */ = {isa = PBXFileReference; fileEncoding = 4; lastKnownFileType = sourcecode.c.h; path = ofxTuioContainer.h; sourceTree = "<group>"; };
		D4CC0DEB1186F4E700051BA0 /* ofxTuioCursor.h */ = {isa = PBXFileReference; fileEncoding = 4; lastKnownFileType = sourcecode.c.h; path = ofxTuioCursor.h; sourceTree = "<group>"; };
		D4CC0DEC1186F4E700051BA0 /* ofxTuioObject.h */ = {isa = PBXFileReference; fileEncoding = 4; lastKnownFileType = sourcecode.c.h; path = ofxTuioObject.h; sourceTree = "<group>"; };
		D4CC0DED1186F4E700051BA0 /* ofxTuioPoint.h */ = {isa = PBXFileReference; fileEncoding = 4; lastKnownFileType = sourcecode.c.h; path = ofxTuioPoint.h; sourceTree = "<group>"; };
		D4CC0DF61186F4EE00051BA0 /* IpEndpointName.h */ = {isa = PBXFileReference; fileEncoding = 4; lastKnownFileType = sourcecode.c.h; path = IpEndpointName.h; sourceTree = "<group>"; };
		D4CC0DF71186F4EE00051BA0 /* NetworkingUtils.h */ = {isa = PBXFileReference; fileEncoding = 4; lastKnownFileType = sourcecode.c.h; path = NetworkingUtils.h; sourceTree = "<group>"; };
		D4CC0DF81186F4EE00051BA0 /* PacketListener.h */ = {isa = PBXFileReference; fileEncoding = 4; lastKnownFileType = sourcecode.c.h; path = PacketListener.h; sourceTree = "<group>"; };
		D4CC0DF91186F4EE00051BA0 /* TimerListener.h */ = {isa = PBXFileReference; fileEncoding = 4; lastKnownFileType = sourcecode.c.h; path = TimerListener.h; sourceTree = "<group>"; };
		D4CC0DFA1186F4EE00051BA0 /* UdpSocket.h */ = {isa = PBXFileReference; fileEncoding = 4; lastKnownFileType = sourcecode.c.h; path = UdpSocket.h; sourceTree = "<group>"; };
		D4CC0DFC1186F4EE00051BA0 /* MessageMappingOscPacketListener.h */ = {isa = PBXFileReference; fileEncoding = 4; lastKnownFileType = sourcecode.c.h; path = MessageMappingOscPacketListener.h; sourceTree = "<group>"; };
		D4CC0DFD1186F4EE00051BA0 /* OscException.h */ = {isa = PBXFileReference; fileEncoding = 4; lastKnownFileType = sourcecode.c.h; path = OscException.h; sourceTree = "<group>"; };
		D4CC0DFE1186F4EE00051BA0 /* OscHostEndianness.h */ = {isa = PBXFileReference; fileEncoding = 4; lastKnownFileType = sourcecode.c.h; path = OscHostEndianness.h; sourceTree = "<group>"; };
		D4CC0DFF1186F4EE00051BA0 /* OscOutboundPacketStream.h */ = {isa = PBXFileReference; fileEncoding = 4; lastKnownFileType = sourcecode.c.h; path = OscOutboundPacketStream.h; sourceTree = "<group>"; };
		D4CC0E001186F4EE00051BA0 /* OscPacketListener.h */ = {isa = PBXFileReference; fileEncoding = 4; lastKnownFileType = sourcecode.c.h; path = OscPacketListener.h; sourceTree = "<group>"; };
		D4CC0E011186F4EE00051BA0 /* OscPrintReceivedElements.h */ = {isa = PBXFileReference; fileEncoding = 4; lastKnownFileType = sourcecode.c.h; path = OscPrintReceivedElements.h; sourceTree = "<group>"; };
		D4CC0E021186F4EE00051BA0 /* OscReceivedElements.h */ = {isa = PBXFileReference; fileEncoding = 4; lastKnownFileType = sourcecode.c.h; path = OscReceivedElements.h; sourceTree = "<group>"; };
		D4CC0E031186F4EE00051BA0 /* OscTypes.h */ = {isa = PBXFileReference; fileEncoding = 4; lastKnownFileType = sourcecode.c.h; path = OscTypes.h; sourceTree = "<group>"; };
		D4CC0E061186F4EE00051BA0 /* osc.a */ = {isa = PBXFileReference; lastKnownFileType = archive.ar; path = osc.a; sourceTree = "<group>"; };
		D4CC0E081186F4EE00051BA0 /* ofxOsc.h */ = {isa = PBXFileReference; fileEncoding = 4; lastKnownFileType = sourcecode.c.h; path = ofxOsc.h; sourceTree = "<group>"; };
		D4CC0E091186F4EE00051BA0 /* ofxOscArg.h */ = {isa = PBXFileReference; fileEncoding = 4; lastKnownFileType = sourcecode.c.h; path = ofxOscArg.h; sourceTree = "<group>"; };
		D4CC0E0A1186F4EE00051BA0 /* ofxOscBundle.cpp */ = {isa = PBXFileReference; fileEncoding = 4; lastKnownFileType = sourcecode.cpp.cpp; path = ofxOscBundle.cpp; sourceTree = "<group>"; };
		D4CC0E0B1186F4EE00051BA0 /* ofxOscBundle.h */ = {isa = PBXFileReference; fileEncoding = 4; lastKnownFileType = sourcecode.c.h; path = ofxOscBundle.h; sourceTree = "<group>"; };
		D4CC0E0C1186F4EE00051BA0 /* ofxOscMessage.cpp */ = {isa = PBXFileReference; fileEncoding = 4; lastKnownFileType = sourcecode.cpp.cpp; path = ofxOscMessage.cpp; sourceTree = "<group>"; };
		D4CC0E0D1186F4EE00051BA0 /* ofxOscMessage.h */ = {isa = PBXFileReference; fileEncoding = 4; lastKnownFileType = sourcecode.c.h; path = ofxOscMessage.h; sourceTree = "<group>"; };
		D4CC0E0E1186F4EE00051BA0 /* ofxOscReceiver.cpp */ = {isa = PBXFileReference; fileEncoding = 4; lastKnownFileType = sourcecode.cpp.cpp; path = ofxOscReceiver.cpp; sourceTree = "<group>"; };
		D4CC0E0F1186F4EE00051BA0 /* ofxOscReceiver.h */ = {isa = PBXFileReference; fileEncoding = 4; lastKnownFileType = sourcecode.c.h; path = ofxOscReceiver.h; sourceTree = "<group>"; };
		D4CC0E101186F4EE00051BA0 /* ofxOscSender.cpp */ = {isa = PBXFileReference; fileEncoding = 4; lastKnownFileType = sourcecode.cpp.cpp; path = ofxOscSender.cpp; sourceTree = "<group>"; };
		D4CC0E111186F4EE00051BA0 /* ofxOscSender.h */ = {isa = PBXFileReference; fileEncoding = 4; lastKnownFileType = sourcecode.c.h; path = ofxOscSender.h; sourceTree = "<group>"; };
		D4CC0E5F1186F52000051BA0 /* tinyxml.cpp */ = {isa = PBXFileReference; fileEncoding = 4; lastKnownFileType = sourcecode.cpp.cpp; path = tinyxml.cpp; sourceTree = "<group>"; };
		D4CC0E601186F52000051BA0 /* tinyxml.h */ = {isa = PBXFileReference; fileEncoding = 4; lastKnownFileType = sourcecode.c.h; path = tinyxml.h; sourceTree = "<group>"; };
		D4CC0E611186F52000051BA0 /* tinyxmlerror.cpp */ = {isa = PBXFileReference; fileEncoding = 4; lastKnownFileType = sourcecode.cpp.cpp; path = tinyxmlerror.cpp; sourceTree = "<group>"; };
		D4CC0E621186F52000051BA0 /* tinyxmlparser.cpp */ = {isa = PBXFileReference; fileEncoding = 4; lastKnownFileType = sourcecode.cpp.cpp; path = tinyxmlparser.cpp; sourceTree = "<group>"; };
		D4CC0E641186F52000051BA0 /* ofxXmlSettings.cpp */ = {isa = PBXFileReference; fileEncoding = 4; lastKnownFileType = sourcecode.cpp.cpp; path = ofxXmlSettings.cpp; sourceTree = "<group>"; };
		D4CC0E651186F52000051BA0 /* ofxXmlSettings.h */ = {isa = PBXFileReference; fileEncoding = 4; lastKnownFileType = sourcecode.c.h; path = ofxXmlSettings.h; sourceTree = "<group>"; };
		D4CC0E851186F54B00051BA0 /* ofxMatrix3x3.cpp */ = {isa = PBXFileReference; fileEncoding = 4; lastKnownFileType = sourcecode.cpp.cpp; path = ofxMatrix3x3.cpp; sourceTree = "<group>"; };
		D4CC0E861186F54B00051BA0 /* ofxMatrix3x3.h */ = {isa = PBXFileReference; fileEncoding = 4; lastKnownFileType = sourcecode.c.h; path = ofxMatrix3x3.h; sourceTree = "<group>"; };
		D4CC0E871186F54B00051BA0 /* ofxMatrix4x4.cpp */ = {isa = PBXFileReference; fileEncoding = 4; lastKnownFileType = sourcecode.cpp.cpp; path = ofxMatrix4x4.cpp; sourceTree = "<group>"; };
		D4CC0E881186F54B00051BA0 /* ofxMatrix4x4.h */ = {isa = PBXFileReference; fileEncoding = 4; lastKnownFileType = sourcecode.c.h; path = ofxMatrix4x4.h; sourceTree = "<group>"; };
		D4CC0E891186F54B00051BA0 /* ofxPoint2f.h */ = {isa = PBXFileReference; fileEncoding = 4; lastKnownFileType = sourcecode.c.h; path = ofxPoint2f.h; sourceTree = "<group>"; };
		D4CC0E8A1186F54B00051BA0 /* ofxPoint3f.h */ = {isa = PBXFileReference; fileEncoding = 4; lastKnownFileType = sourcecode.c.h; path = ofxPoint3f.h; sourceTree = "<group>"; };
		D4CC0E8B1186F54B00051BA0 /* ofxPoint4f.h */ = {isa = PBXFileReference; fileEncoding = 4; lastKnownFileType = sourcecode.c.h; path = ofxPoint4f.h; sourceTree = "<group>"; };
		D4CC0E8C1186F54B00051BA0 /* ofxQuaternion.cpp */ = {isa = PBXFileReference; fileEncoding = 4; lastKnownFileType = sourcecode.cpp.cpp; path = ofxQuaternion.cpp; sourceTree = "<group>"; };
		D4CC0E8D1186F54B00051BA0 /* ofxQuaternion.h */ = {isa = PBXFileReference; fileEncoding = 4; lastKnownFileType = sourcecode.c.h; path = ofxQuaternion.h; sourceTree = "<group>"; };
		D4CC0E8E1186F54B00051BA0 /* ofxVec2f.h */ = {isa = PBXFileReference; fileEncoding = 4; lastKnownFileType = sourcecode.c.h; path = ofxVec2f.h; sourceTree = "<group>"; };
		D4CC0E8F1186F54B00051BA0 /* ofxVec3f.h */ = {isa = PBXFileReference; fileEncoding = 4; lastKnownFileType = sourcecode.c.h; path = ofxVec3f.h; sourceTree = "<group>"; };
		D4CC0E901186F54B00051BA0 /* ofxVec4f.h */ = {isa = PBXFileReference; fileEncoding = 4; lastKnownFileType = sourcecode.c.h; path = ofxVec4f.h; sourceTree = "<group>"; };
		D4CC0E911186F54B00051BA0 /* ofxVectorMath.h */ = {isa = PBXFileReference; fileEncoding = 4; lastKnownFileType = sourcecode.c.h; path = ofxVectorMath.h; sourceTree = "<group>"; };
		D4D1685811884D1500E81583 /* install.xml */ = {isa = PBXFileReference; fileEncoding = 4; lastKnownFileType = text.xml; path = install.xml; sourceTree = "<group>"; };
		D4D1685C11884D1500E81583 /* cv.h */ = {isa = PBXFileReference; fileEncoding = 4; lastKnownFileType = sourcecode.c.h; path = cv.h; sourceTree = "<group>"; };
		D4D1685D11884D1500E81583 /* cv.hpp */ = {isa = PBXFileReference; fileEncoding = 4; lastKnownFileType = sourcecode.cpp.h; path = cv.hpp; sourceTree = "<group>"; };
		D4D1685E11884D1500E81583 /* cvaux.h */ = {isa = PBXFileReference; fileEncoding = 4; lastKnownFileType = sourcecode.c.h; path = cvaux.h; sourceTree = "<group>"; };
		D4D1685F11884D1500E81583 /* cvaux.hpp */ = {isa = PBXFileReference; fileEncoding = 4; lastKnownFileType = sourcecode.cpp.h; path = cvaux.hpp; sourceTree = "<group>"; };
		D4D1686011884D1500E81583 /* cvcompat.h */ = {isa = PBXFileReference; fileEncoding = 4; lastKnownFileType = sourcecode.c.h; path = cvcompat.h; sourceTree = "<group>"; };
		D4D1686111884D1500E81583 /* cvmat.hpp */ = {isa = PBXFileReference; fileEncoding = 4; lastKnownFileType = sourcecode.cpp.h; path = cvmat.hpp; sourceTree = "<group>"; };
		D4D1686211884D1500E81583 /* cvstreams.h */ = {isa = PBXFileReference; fileEncoding = 4; lastKnownFileType = sourcecode.c.h; path = cvstreams.h; sourceTree = "<group>"; };
		D4D1686311884D1500E81583 /* cvtypes.h */ = {isa = PBXFileReference; fileEncoding = 4; lastKnownFileType = sourcecode.c.h; path = cvtypes.h; sourceTree = "<group>"; };
		D4D1686411884D1500E81583 /* cvver.h */ = {isa = PBXFileReference; fileEncoding = 4; lastKnownFileType = sourcecode.c.h; path = cvver.h; sourceTree = "<group>"; };
		D4D1686511884D1500E81583 /* cvvidsurv.hpp */ = {isa = PBXFileReference; fileEncoding = 4; lastKnownFileType = sourcecode.cpp.h; path = cvvidsurv.hpp; sourceTree = "<group>"; };
		D4D1686611884D1500E81583 /* cvwimage.h */ = {isa = PBXFileReference; fileEncoding = 4; lastKnownFileType = sourcecode.c.h; path = cvwimage.h; sourceTree = "<group>"; };
		D4D1686711884D1500E81583 /* cxcore.h */ = {isa = PBXFileReference; fileEncoding = 4; lastKnownFileType = sourcecode.c.h; path = cxcore.h; sourceTree = "<group>"; };
		D4D1686811884D1500E81583 /* cxcore.hpp */ = {isa = PBXFileReference; fileEncoding = 4; lastKnownFileType = sourcecode.cpp.h; path = cxcore.hpp; sourceTree = "<group>"; };
		D4D1686911884D1500E81583 /* cxerror.h */ = {isa = PBXFileReference; fileEncoding = 4; lastKnownFileType = sourcecode.c.h; path = cxerror.h; sourceTree = "<group>"; };
		D4D1686A11884D1500E81583 /* cxmisc.h */ = {isa = PBXFileReference; fileEncoding = 4; lastKnownFileType = sourcecode.c.h; path = cxmisc.h; sourceTree = "<group>"; };
		D4D1686B11884D1500E81583 /* cxtypes.h */ = {isa = PBXFileReference; fileEncoding = 4; lastKnownFileType = sourcecode.c.h; path = cxtypes.h; sourceTree = "<group>"; };
		D4D1686E11884D1500E81583 /* openCV.a */ = {isa = PBXFileReference; lastKnownFileType = archive.ar; path = openCV.a; sourceTree = "<group>"; };
		D4D1687011884D1500E81583 /* ofxCvBlob.h */ = {isa = PBXFileReference; fileEncoding = 4; lastKnownFileType = sourcecode.c.h; path = ofxCvBlob.h; sourceTree = "<group>"; };
		D4D1687111884D1500E81583 /* ofxCvColorImage.cpp */ = {isa = PBXFileReference; fileEncoding = 4; lastKnownFileType = sourcecode.cpp.cpp; path = ofxCvColorImage.cpp; sourceTree = "<group>"; };
		D4D1687211884D1500E81583 /* ofxCvColorImage.h */ = {isa = PBXFileReference; fileEncoding = 4; lastKnownFileType = sourcecode.c.h; path = ofxCvColorImage.h; sourceTree = "<group>"; };
		D4D1687311884D1500E81583 /* ofxCvConstants.h */ = {isa = PBXFileReference; fileEncoding = 4; lastKnownFileType = sourcecode.c.h; path = ofxCvConstants.h; sourceTree = "<group>"; };
		D4D1687411884D1500E81583 /* ofxCvContourFinder.cpp */ = {isa = PBXFileReference; fileEncoding = 4; lastKnownFileType = sourcecode.cpp.cpp; path = ofxCvContourFinder.cpp; sourceTree = "<group>"; };
		D4D1687511884D1500E81583 /* ofxCvContourFinder.h */ = {isa = PBXFileReference; fileEncoding = 4; lastKnownFileType = sourcecode.c.h; path = ofxCvContourFinder.h; sourceTree = "<group>"; };
		D4D1687611884D1500E81583 /* ofxCvFloatImage.cpp */ = {isa = PBXFileReference; fileEncoding = 4; lastKnownFileType = sourcecode.cpp.cpp; path = ofxCvFloatImage.cpp; sourceTree = "<group>"; };
		D4D1687711884D1500E81583 /* ofxCvFloatImage.h */ = {isa = PBXFileReference; fileEncoding = 4; lastKnownFileType = sourcecode.c.h; path = ofxCvFloatImage.h; sourceTree = "<group>"; };
		D4D1687811884D1500E81583 /* ofxCvGrayscaleImage.cpp */ = {isa = PBXFileReference; fileEncoding = 4; lastKnownFileType = sourcecode.cpp.cpp; path = ofxCvGrayscaleImage.cpp; sourceTree = "<group>"; };
		D4D1687911884D1500E81583 /* ofxCvGrayscaleImage.h */ = {isa = PBXFileReference; fileEncoding = 4; lastKnownFileType = sourcecode.c.h; path = ofxCvGrayscaleImage.h; sourceTree = "<group>"; };
		D4D1687A11884D1500E81583 /* ofxCvImage.cpp */ = {isa = PBXFileReference; fileEncoding = 4; lastKnownFileType = sourcecode.cpp.cpp; path = ofxCvImage.cpp; sourceTree = "<group>"; };
		D4D1687B11884D1500E81583 /* ofxCvImage.h */ = {isa = PBXFileReference; fileEncoding = 4; lastKnownFileType = sourcecode.c.h; path = ofxCvImage.h; sourceTree = "<group>"; };
		D4D1687C11884D1500E81583 /* ofxCvMain.h */ = {isa = PBXFileReference; fileEncoding = 4; lastKnownFileType = sourcecode.c.h; path = ofxCvMain.h; sourceTree = "<group>"; };
		D4D1687D11884D1500E81583 /* ofxCvShortImage.cpp */ = {isa = PBXFileReference; fileEncoding = 4; lastKnownFileType = sourcecode.cpp.cpp; path = ofxCvShortImage.cpp; sourceTree = "<group>"; };
		D4D1687E11884D1500E81583 /* ofxCvShortImage.h */ = {isa = PBXFileReference; fileEncoding = 4; lastKnownFileType = sourcecode.c.h; path = ofxCvShortImage.h; sourceTree = "<group>"; };
		D4D1687F11884D1500E81583 /* ofxOpenCv.h */ = {isa = PBXFileReference; fileEncoding = 4; lastKnownFileType = sourcecode.c.h; path = ofxOpenCv.h; sourceTree = "<group>"; };
		D4D168FC1188560C00E81583 /* contourF.h */ = {isa = PBXFileReference; fileEncoding = 4; lastKnownFileType = sourcecode.c.h; path = contourF.h; sourceTree = "<group>"; };
		D4D168FD1188560C00E81583 /* contourF.cpp */ = {isa = PBXFileReference; fileEncoding = 4; lastKnownFileType = sourcecode.cpp.cpp; path = contourF.cpp; sourceTree = "<group>"; };
		E45BE0390E8CC647009D7055 /* FreeImage.h */ = {isa = PBXFileReference; fileEncoding = 4; lastKnownFileType = sourcecode.c.h; name = FreeImage.h; path = ../../../libs/freeimage/include/FreeImage.h; sourceTree = SOURCE_ROOT; };
		E45BE03F0E8CC650009D7055 /* fmod.h */ = {isa = PBXFileReference; fileEncoding = 4; lastKnownFileType = sourcecode.c.h; name = fmod.h; path = ../../../libs/fmodex/include/fmod.h; sourceTree = SOURCE_ROOT; };
		E45BE0400E8CC650009D7055 /* fmod.hpp */ = {isa = PBXFileReference; fileEncoding = 4; lastKnownFileType = sourcecode.cpp.h; name = fmod.hpp; path = ../../../libs/fmodex/include/fmod.hpp; sourceTree = SOURCE_ROOT; };
		E45BE0410E8CC650009D7055 /* fmod_codec.h */ = {isa = PBXFileReference; fileEncoding = 4; lastKnownFileType = sourcecode.c.h; name = fmod_codec.h; path = ../../../libs/fmodex/include/fmod_codec.h; sourceTree = SOURCE_ROOT; };
		E45BE0420E8CC650009D7055 /* fmod_dsp.h */ = {isa = PBXFileReference; fileEncoding = 4; lastKnownFileType = sourcecode.c.h; name = fmod_dsp.h; path = ../../../libs/fmodex/include/fmod_dsp.h; sourceTree = SOURCE_ROOT; };
		E45BE0430E8CC650009D7055 /* fmod_errors.h */ = {isa = PBXFileReference; fileEncoding = 4; lastKnownFileType = sourcecode.c.h; name = fmod_errors.h; path = ../../../libs/fmodex/include/fmod_errors.h; sourceTree = SOURCE_ROOT; };
		E45BE0440E8CC650009D7055 /* fmod_output.h */ = {isa = PBXFileReference; fileEncoding = 4; lastKnownFileType = sourcecode.c.h; name = fmod_output.h; path = ../../../libs/fmodex/include/fmod_output.h; sourceTree = SOURCE_ROOT; };
		E45BE0A70E8CC67C009D7055 /* GLee.h */ = {isa = PBXFileReference; fileEncoding = 4; lastKnownFileType = sourcecode.c.h; name = GLee.h; path = ../../../libs/GLee/include/GLee.h; sourceTree = SOURCE_ROOT; };
		E45BE0A90E8CC67C009D7055 /* GLee.a */ = {isa = PBXFileReference; lastKnownFileType = archive.ar; name = GLee.a; path = ../../../libs/GLee/lib/osx/GLee.a; sourceTree = SOURCE_ROOT; };
		E45BE2E00E8CC69C009D7055 /* RtAudio.h */ = {isa = PBXFileReference; fileEncoding = 4; lastKnownFileType = sourcecode.c.h; name = RtAudio.h; path = ../../../libs/rtAudio/include/RtAudio.h; sourceTree = SOURCE_ROOT; };
		E45BE2E10E8CC69C009D7055 /* RtError.h */ = {isa = PBXFileReference; fileEncoding = 4; lastKnownFileType = sourcecode.c.h; name = RtError.h; path = ../../../libs/rtAudio/include/RtError.h; sourceTree = SOURCE_ROOT; };
		E45BE2E30E8CC69C009D7055 /* rtAudio.a */ = {isa = PBXFileReference; lastKnownFileType = archive.ar; name = rtAudio.a; path = ../../../libs/rtAudio/lib/osx/rtAudio.a; sourceTree = SOURCE_ROOT; };
		E45BE9710E8CC7DD009D7055 /* AGL.framework */ = {isa = PBXFileReference; lastKnownFileType = wrapper.framework; name = AGL.framework; path = /System/Library/Frameworks/AGL.framework; sourceTree = "<absolute>"; };
		E45BE9720E8CC7DD009D7055 /* ApplicationServices.framework */ = {isa = PBXFileReference; lastKnownFileType = wrapper.framework; name = ApplicationServices.framework; path = /System/Library/Frameworks/ApplicationServices.framework; sourceTree = "<absolute>"; };
		E45BE9730E8CC7DD009D7055 /* AudioToolbox.framework */ = {isa = PBXFileReference; lastKnownFileType = wrapper.framework; name = AudioToolbox.framework; path = /System/Library/Frameworks/AudioToolbox.framework; sourceTree = "<absolute>"; };
		E45BE9740E8CC7DD009D7055 /* Carbon.framework */ = {isa = PBXFileReference; lastKnownFileType = wrapper.framework; name = Carbon.framework; path = /System/Library/Frameworks/Carbon.framework; sourceTree = "<absolute>"; };
		E45BE9750E8CC7DD009D7055 /* CoreAudio.framework */ = {isa = PBXFileReference; lastKnownFileType = wrapper.framework; name = CoreAudio.framework; path = /System/Library/Frameworks/CoreAudio.framework; sourceTree = "<absolute>"; };
		E45BE9760E8CC7DD009D7055 /* CoreFoundation.framework */ = {isa = PBXFileReference; lastKnownFileType = wrapper.framework; name = CoreFoundation.framework; path = /System/Library/Frameworks/CoreFoundation.framework; sourceTree = "<absolute>"; };
		E45BE9770E8CC7DD009D7055 /* CoreServices.framework */ = {isa = PBXFileReference; lastKnownFileType = wrapper.framework; name = CoreServices.framework; path = /System/Library/Frameworks/CoreServices.framework; sourceTree = "<absolute>"; };
		E45BE9790E8CC7DD009D7055 /* OpenGL.framework */ = {isa = PBXFileReference; lastKnownFileType = wrapper.framework; name = OpenGL.framework; path = /System/Library/Frameworks/OpenGL.framework; sourceTree = "<absolute>"; };
		E45BE97A0E8CC7DD009D7055 /* QuickTime.framework */ = {isa = PBXFileReference; lastKnownFileType = wrapper.framework; name = QuickTime.framework; path = /System/Library/Frameworks/QuickTime.framework; sourceTree = "<absolute>"; };
		E4B69B5B0A3A1756003C02F2 /* emptyExampleDebug.app */ = {isa = PBXFileReference; explicitFileType = wrapper.application; includeInIndex = 0; path = emptyExampleDebug.app; sourceTree = BUILT_PRODUCTS_DIR; };
		E4B6FCAD0C3E899E008CF71C /* openFrameworks-Info.plist */ = {isa = PBXFileReference; fileEncoding = 30; lastKnownFileType = text.plist.xml; path = "openFrameworks-Info.plist"; sourceTree = "<group>"; };
		E4C2421610CC549C004149E2 /* openFrameworksLib.xcodeproj */ = {isa = PBXFileReference; lastKnownFileType = "wrapper.pb-project"; name = openFrameworksLib.xcodeproj; path = ../../../libs/openFrameworksCompiled/project/osx/openFrameworksLib.xcodeproj; sourceTree = SOURCE_ROOT; };
		E4C2424410CC5A17004149E2 /* AppKit.framework */ = {isa = PBXFileReference; lastKnownFileType = wrapper.framework; name = AppKit.framework; path = /System/Library/Frameworks/AppKit.framework; sourceTree = "<absolute>"; };
		E4C2424510CC5A17004149E2 /* Cocoa.framework */ = {isa = PBXFileReference; lastKnownFileType = wrapper.framework; name = Cocoa.framework; path = /System/Library/Frameworks/Cocoa.framework; sourceTree = "<absolute>"; };
		E4C2424610CC5A17004149E2 /* IOKit.framework */ = {isa = PBXFileReference; lastKnownFileType = wrapper.framework; name = IOKit.framework; path = /System/Library/Frameworks/IOKit.framework; sourceTree = "<absolute>"; };
		E4C2425F10CC5A78004149E2 /* GLUT.framework */ = {isa = PBXFileReference; lastKnownFileType = wrapper.framework; name = GLUT.framework; path = ../../../libs/glut/lib/osx/GLUT.framework; sourceTree = SOURCE_ROOT; };
		E4C2427A10CC5B66004149E2 /* CppUnit.a */ = {isa = PBXFileReference; lastKnownFileType = archive.ar; name = CppUnit.a; path = ../../../libs/poco/lib/osx/CppUnit.a; sourceTree = SOURCE_ROOT; };
		E4C2427B10CC5B66004149E2 /* PocoFoundation.a */ = {isa = PBXFileReference; lastKnownFileType = archive.ar; name = PocoFoundation.a; path = ../../../libs/poco/lib/osx/PocoFoundation.a; sourceTree = SOURCE_ROOT; };
		E4C2427C10CC5B66004149E2 /* PocoNet.a */ = {isa = PBXFileReference; lastKnownFileType = archive.ar; name = PocoNet.a; path = ../../../libs/poco/lib/osx/PocoNet.a; sourceTree = SOURCE_ROOT; };
		E4C2427D10CC5B66004149E2 /* PocoUtil.a */ = {isa = PBXFileReference; lastKnownFileType = archive.ar; name = PocoUtil.a; path = ../../../libs/poco/lib/osx/PocoUtil.a; sourceTree = SOURCE_ROOT; };
		E4C2427E10CC5B66004149E2 /* PocoXML.a */ = {isa = PBXFileReference; lastKnownFileType = archive.ar; name = PocoXML.a; path = ../../../libs/poco/lib/osx/PocoXML.a; sourceTree = SOURCE_ROOT; };
		E4C2429310CC5C38004149E2 /* freetype.a */ = {isa = PBXFileReference; lastKnownFileType = archive.ar; name = freetype.a; path = ../../../libs/freetype/lib/osx/freetype.a; sourceTree = SOURCE_ROOT; };
		E4C242CC10CC650E004149E2 /* libfmodex.dylib */ = {isa = PBXFileReference; lastKnownFileType = "compiled.mach-o.dylib"; name = libfmodex.dylib; path = ../../../libs/fmodex/lib/osx/libfmodex.dylib; sourceTree = SOURCE_ROOT; };
		E4C246D910CCAE22004149E2 /* freeimage.a */ = {isa = PBXFileReference; lastKnownFileType = archive.ar; name = freeimage.a; path = ../../../libs/FreeImage/lib/osx/freeimage.a; sourceTree = SOURCE_ROOT; };
/* End PBXFileReference section */

/* Begin PBXFrameworksBuildPhase section */
		E4B69B590A3A1756003C02F2 /* Frameworks */ = {
			isa = PBXFrameworksBuildPhase;
			buildActionMask = 2147483647;
			files = (
				E4C2422B10CC554B004149E2 /* openFrameworksDebug.a in Frameworks */,
				E45BE0AA0E8CC67C009D7055 /* GLee.a in Frameworks */,
				E45BE2E40E8CC69C009D7055 /* rtAudio.a in Frameworks */,
				E45BE97B0E8CC7DD009D7055 /* AGL.framework in Frameworks */,
				E45BE97C0E8CC7DD009D7055 /* ApplicationServices.framework in Frameworks */,
				E45BE97D0E8CC7DD009D7055 /* AudioToolbox.framework in Frameworks */,
				E45BE97E0E8CC7DD009D7055 /* Carbon.framework in Frameworks */,
				E45BE97F0E8CC7DD009D7055 /* CoreAudio.framework in Frameworks */,
				E45BE9800E8CC7DD009D7055 /* CoreFoundation.framework in Frameworks */,
				E45BE9810E8CC7DD009D7055 /* CoreServices.framework in Frameworks */,
				E45BE9830E8CC7DD009D7055 /* OpenGL.framework in Frameworks */,
				E45BE9840E8CC7DD009D7055 /* QuickTime.framework in Frameworks */,
				E4C2424710CC5A17004149E2 /* AppKit.framework in Frameworks */,
				E4C2424810CC5A17004149E2 /* Cocoa.framework in Frameworks */,
				E4C2424910CC5A17004149E2 /* IOKit.framework in Frameworks */,
				E4C2426610CC5A78004149E2 /* GLUT.framework in Frameworks */,
				E4C2427F10CC5B66004149E2 /* CppUnit.a in Frameworks */,
				E4C2428010CC5B66004149E2 /* PocoFoundation.a in Frameworks */,
				E4C2428110CC5B66004149E2 /* PocoNet.a in Frameworks */,
				E4C2428210CC5B66004149E2 /* PocoUtil.a in Frameworks */,
				E4C2428310CC5B66004149E2 /* PocoXML.a in Frameworks */,
				E4C2429410CC5C38004149E2 /* freetype.a in Frameworks */,
				E4C242CD10CC650E004149E2 /* libfmodex.dylib in Frameworks */,
				E4C246DA10CCAE22004149E2 /* freeimage.a in Frameworks */,
				D4CC0E121186F4EE00051BA0 /* osc.a in Frameworks */,
				D4D1688011884D1500E81583 /* openCV.a in Frameworks */,
			);
			runOnlyForDeploymentPostprocessing = 0;
		};
/* End PBXFrameworksBuildPhase section */

/* Begin PBXGroup section */
		D4B8F76B1186FC59001CF2D1 /* ofxControlPanel */ = {
			isa = PBXGroup;
			children = (
				D4B8F76C1186FC59001CF2D1 /* guiBaseObject.cpp */,
				D4B8F76D1186FC59001CF2D1 /* guiBaseObject.h */,
				D4B8F76E1186FC59001CF2D1 /* guiCallback.cpp */,
				D4B8F76F1186FC59001CF2D1 /* guiCallback.h */,
				D4B8F7701186FC59001CF2D1 /* guiCallbackValue.cpp */,
				D4B8F7711186FC59001CF2D1 /* guiCallbackValue.h */,
				D4B8F7721186FC59001CF2D1 /* guiColor.cpp */,
				D4B8F7731186FC59001CF2D1 /* guiColor.h */,
				D4B8F7741186FC59001CF2D1 /* guiCustomImpl.h */,
				D4B8F7751186FC59001CF2D1 /* guiIncludes.h */,
				D4B8F7761186FC59001CF2D1 /* guiTextBase.cpp */,
				D4B8F7771186FC59001CF2D1 /* guiTextBase.h */,
				D4B8F7781186FC59001CF2D1 /* guiType2DSlider.cpp */,
				D4B8F7791186FC59001CF2D1 /* guiType2DSlider.h */,
				D4B8F77A1186FC59001CF2D1 /* guiTypeButtonSlider.cpp */,
				D4B8F77B1186FC59001CF2D1 /* guiTypeButtonSlider.h */,
				D4B8F77C1186FC59001CF2D1 /* guiTypeChartPlotter.cpp */,
				D4B8F77D1186FC59001CF2D1 /* guiTypeChartPlotter.h */,
				D4B8F77E1186FC59001CF2D1 /* guiTypeCustom.cpp */,
				D4B8F77F1186FC59001CF2D1 /* guiTypeCustom.h */,
				D4B8F7801186FC59001CF2D1 /* guiTypeDrawable.cpp */,
				D4B8F7811186FC59001CF2D1 /* guiTypeDrawable.h */,
				D4B8F7821186FC59001CF2D1 /* guiTypeFileLister.cpp */,
				D4B8F7831186FC59001CF2D1 /* guiTypeFileLister.h */,
				D4B8F7841186FC59001CF2D1 /* guiTypeLogger.cpp */,
				D4B8F7851186FC59001CF2D1 /* guiTypeLogger.h */,
				D4B8F7861186FC59001CF2D1 /* guiTypeMultiToggle.cpp */,
				D4B8F7871186FC59001CF2D1 /* guiTypeMultiToggle.h */,
				D4B8F7881186FC59001CF2D1 /* guiTypePanel.cpp */,
				D4B8F7891186FC59001CF2D1 /* guiTypePanel.h */,
				D4B8F78A1186FC59001CF2D1 /* guiTypeSlider.cpp */,
				D4B8F78B1186FC59001CF2D1 /* guiTypeSlider.h */,
				D4B8F78C1186FC59001CF2D1 /* guiTypeText.cpp */,
				D4B8F78D1186FC59001CF2D1 /* guiTypeText.h */,
				D4B8F78E1186FC59001CF2D1 /* guiTypeTextDropDown.cpp */,
				D4B8F78F1186FC59001CF2D1 /* guiTypeTextDropDown.h */,
				D4B8F7901186FC59001CF2D1 /* guiTypeToggle.cpp */,
				D4B8F7911186FC59001CF2D1 /* guiTypeToggle.h */,
				D4B8F7921186FC59001CF2D1 /* guiTypeVairableLister.cpp */,
				D4B8F7931186FC59001CF2D1 /* guiTypeVairableLister.h */,
				D4B8F7941186FC59001CF2D1 /* guiTypeVideo.cpp */,
				D4B8F7951186FC59001CF2D1 /* guiTypeVideo.h */,
				D4B8F7961186FC59001CF2D1 /* guiValue.cpp */,
				D4B8F7971186FC59001CF2D1 /* guiValue.h */,
				D4B8F7981186FC59001CF2D1 /* guiVariablePointer.h */,
				D4B8F7991186FC59001CF2D1 /* ofxControlPanel.cpp */,
				D4B8F79A1186FC59001CF2D1 /* ofxControlPanel.h */,
				D4B8F79B1186FC59001CF2D1 /* simpleColor.cpp */,
				D4B8F79C1186FC59001CF2D1 /* simpleColor.h */,
				D4B8F79D1186FC59001CF2D1 /* simpleFileLister.cpp */,
				D4B8F79E1186FC59001CF2D1 /* simpleFileLister.h */,
				D4B8F79F1186FC59001CF2D1 /* simpleLogger.cpp */,
				D4B8F7A01186FC59001CF2D1 /* simpleLogger.h */,
			);
			name = ofxControlPanel;
			path = ../../../addons/ofxControlPanel;
			sourceTree = SOURCE_ROOT;
		};
		D4B8F7C91186FD4A001CF2D1 /* ofxDirList */ = {
			isa = PBXGroup;
			children = (
				D4B8F7CA1186FD4A001CF2D1 /* doc */,
				D4B8F7CC1186FD4A001CF2D1 /* install.xml */,
				D4B8F7CD1186FD4A001CF2D1 /* src */,
			);
			name = ofxDirList;
			path = ../../../addons/ofxDirList;
			sourceTree = SOURCE_ROOT;
		};
		D4B8F7CA1186FD4A001CF2D1 /* doc */ = {
			isa = PBXGroup;
			children = (
				D4B8F7CB1186FD4A001CF2D1 /* Instructions.txt */,
			);
			path = doc;
			sourceTree = "<group>";
		};
		D4B8F7CD1186FD4A001CF2D1 /* src */ = {
			isa = PBXGroup;
			children = (
				D4B8F7CE1186FD4A001CF2D1 /* ofxDirList.cpp */,
				D4B8F7CF1186FD4A001CF2D1 /* ofxDirList.h */,
			);
			path = src;
			sourceTree = "<group>";
		};
		D4CC0DC81186F49200051BA0 /* addons */ = {
			isa = PBXGroup;
			children = (
				D4D1685711884D1500E81583 /* ofxOpenCv */,
				D4B8F7C91186FD4A001CF2D1 /* ofxDirList */,
				D4B8F76B1186FC59001CF2D1 /* ofxControlPanel */,
				D4CC0E821186F54B00051BA0 /* ofxVectorMath */,
				D4CC0E5C1186F52000051BA0 /* ofxXmlSettings */,
				D4CC0DF01186F4EE00051BA0 /* ofxOsc */,
				D4CC0DE21186F4E700051BA0 /* ofxTuio */,
				D4CC0DCD1186F4A600051BA0 /* ofxMSAFluid */,
			);
			name = addons;
			sourceTree = "<group>";
		};
		D4CC0DCD1186F4A600051BA0 /* ofxMSAFluid */ = {
			isa = PBXGroup;
			children = (
				D4CC0DD11186F4A600051BA0 /* src */,
			);
			name = ofxMSAFluid;
			path = ../../../addons/ofxMSAFluid;
			sourceTree = SOURCE_ROOT;
		};
		D4CC0DD11186F4A600051BA0 /* src */ = {
			isa = PBXGroup;
			children = (
				D4CC0DD21186F4A600051BA0 /* ofxMSAFluid.h */,
				D4CC0DD31186F4A600051BA0 /* ofxMSAFluidDrawer.cpp */,
				D4CC0DD41186F4A600051BA0 /* ofxMSAFluidDrawer.h */,
				D4CC0DD51186F4A600051BA0 /* ofxMSAFluidParticleUpdater.h */,
				D4CC0DD61186F4A600051BA0 /* ofxMSAFluidSolver.cpp */,
				D4CC0DD71186F4A600051BA0 /* ofxMSAFluidSolver.h */,
			);
			path = src;
			sourceTree = "<group>";
		};
		D4CC0DE21186F4E700051BA0 /* ofxTuio */ = {
			isa = PBXGroup;
			children = (
				D4CC0DE71186F4E700051BA0 /* src */,
			);
			name = ofxTuio;
			path = ../../../addons/ofxTuio;
			sourceTree = SOURCE_ROOT;
		};
		D4CC0DE71186F4E700051BA0 /* src */ = {
			isa = PBXGroup;
			children = (
				D4CC0DE81186F4E700051BA0 /* ofxTuio.h */,
				D4CC0DE91186F4E700051BA0 /* ofxTuioClient.h */,
				D4CC0DEA1186F4E700051BA0 /* ofxTuioContainer.h */,
				D4CC0DEB1186F4E700051BA0 /* ofxTuioCursor.h */,
				D4CC0DEC1186F4E700051BA0 /* ofxTuioObject.h */,
				D4CC0DED1186F4E700051BA0 /* ofxTuioPoint.h */,
			);
			path = src;
			sourceTree = "<group>";
		};
		D4CC0DF01186F4EE00051BA0 /* ofxOsc */ = {
			isa = PBXGroup;
			children = (
				D4CC0DF21186F4EE00051BA0 /* libs */,
				D4CC0E071186F4EE00051BA0 /* src */,
			);
			name = ofxOsc;
			path = ../../../addons/ofxOsc;
			sourceTree = SOURCE_ROOT;
		};
		D4CC0DF21186F4EE00051BA0 /* libs */ = {
			isa = PBXGroup;
			children = (
				D4CC0DF31186F4EE00051BA0 /* oscpack */,
			);
			path = libs;
			sourceTree = "<group>";
		};
		D4CC0DF31186F4EE00051BA0 /* oscpack */ = {
			isa = PBXGroup;
			children = (
				D4CC0DF41186F4EE00051BA0 /* include */,
				D4CC0E041186F4EE00051BA0 /* lib */,
			);
			path = oscpack;
			sourceTree = "<group>";
		};
		D4CC0DF41186F4EE00051BA0 /* include */ = {
			isa = PBXGroup;
			children = (
				D4CC0DF51186F4EE00051BA0 /* ip */,
				D4CC0DFB1186F4EE00051BA0 /* osc */,
			);
			path = include;
			sourceTree = "<group>";
		};
		D4CC0DF51186F4EE00051BA0 /* ip */ = {
			isa = PBXGroup;
			children = (
				D4CC0DF61186F4EE00051BA0 /* IpEndpointName.h */,
				D4CC0DF71186F4EE00051BA0 /* NetworkingUtils.h */,
				D4CC0DF81186F4EE00051BA0 /* PacketListener.h */,
				D4CC0DF91186F4EE00051BA0 /* TimerListener.h */,
				D4CC0DFA1186F4EE00051BA0 /* UdpSocket.h */,
			);
			path = ip;
			sourceTree = "<group>";
		};
		D4CC0DFB1186F4EE00051BA0 /* osc */ = {
			isa = PBXGroup;
			children = (
				D4CC0DFC1186F4EE00051BA0 /* MessageMappingOscPacketListener.h */,
				D4CC0DFD1186F4EE00051BA0 /* OscException.h */,
				D4CC0DFE1186F4EE00051BA0 /* OscHostEndianness.h */,
				D4CC0DFF1186F4EE00051BA0 /* OscOutboundPacketStream.h */,
				D4CC0E001186F4EE00051BA0 /* OscPacketListener.h */,
				D4CC0E011186F4EE00051BA0 /* OscPrintReceivedElements.h */,
				D4CC0E021186F4EE00051BA0 /* OscReceivedElements.h */,
				D4CC0E031186F4EE00051BA0 /* OscTypes.h */,
			);
			path = osc;
			sourceTree = "<group>";
		};
		D4CC0E041186F4EE00051BA0 /* lib */ = {
			isa = PBXGroup;
			children = (
				D4CC0E051186F4EE00051BA0 /* osx */,
			);
			path = lib;
			sourceTree = "<group>";
		};
		D4CC0E051186F4EE00051BA0 /* osx */ = {
			isa = PBXGroup;
			children = (
				D4CC0E061186F4EE00051BA0 /* osc.a */,
			);
			path = osx;
			sourceTree = "<group>";
		};
		D4CC0E071186F4EE00051BA0 /* src */ = {
			isa = PBXGroup;
			children = (
				D4CC0E081186F4EE00051BA0 /* ofxOsc.h */,
				D4CC0E091186F4EE00051BA0 /* ofxOscArg.h */,
				D4CC0E0A1186F4EE00051BA0 /* ofxOscBundle.cpp */,
				D4CC0E0B1186F4EE00051BA0 /* ofxOscBundle.h */,
				D4CC0E0C1186F4EE00051BA0 /* ofxOscMessage.cpp */,
				D4CC0E0D1186F4EE00051BA0 /* ofxOscMessage.h */,
				D4CC0E0E1186F4EE00051BA0 /* ofxOscReceiver.cpp */,
				D4CC0E0F1186F4EE00051BA0 /* ofxOscReceiver.h */,
				D4CC0E101186F4EE00051BA0 /* ofxOscSender.cpp */,
				D4CC0E111186F4EE00051BA0 /* ofxOscSender.h */,
			);
			path = src;
			sourceTree = "<group>";
		};
		D4CC0E5C1186F52000051BA0 /* ofxXmlSettings */ = {
			isa = PBXGroup;
			children = (
				D4CC0E5E1186F52000051BA0 /* libs */,
				D4CC0E631186F52000051BA0 /* src */,
			);
			name = ofxXmlSettings;
			path = ../../../addons/ofxXmlSettings;
			sourceTree = SOURCE_ROOT;
		};
		D4CC0E5E1186F52000051BA0 /* libs */ = {
			isa = PBXGroup;
			children = (
				D4CC0E5F1186F52000051BA0 /* tinyxml.cpp */,
				D4CC0E601186F52000051BA0 /* tinyxml.h */,
				D4CC0E611186F52000051BA0 /* tinyxmlerror.cpp */,
				D4CC0E621186F52000051BA0 /* tinyxmlparser.cpp */,
			);
			path = libs;
			sourceTree = "<group>";
		};
		D4CC0E631186F52000051BA0 /* src */ = {
			isa = PBXGroup;
			children = (
				D4CC0E641186F52000051BA0 /* ofxXmlSettings.cpp */,
				D4CC0E651186F52000051BA0 /* ofxXmlSettings.h */,
			);
			path = src;
			sourceTree = "<group>";
		};
		D4CC0E821186F54B00051BA0 /* ofxVectorMath */ = {
			isa = PBXGroup;
			children = (
				D4CC0E841186F54B00051BA0 /* src */,
			);
			name = ofxVectorMath;
			path = ../../../addons/ofxVectorMath;
			sourceTree = SOURCE_ROOT;
		};
		D4CC0E841186F54B00051BA0 /* src */ = {
			isa = PBXGroup;
			children = (
				D4CC0E851186F54B00051BA0 /* ofxMatrix3x3.cpp */,
				D4CC0E861186F54B00051BA0 /* ofxMatrix3x3.h */,
				D4CC0E871186F54B00051BA0 /* ofxMatrix4x4.cpp */,
				D4CC0E881186F54B00051BA0 /* ofxMatrix4x4.h */,
				D4CC0E891186F54B00051BA0 /* ofxPoint2f.h */,
				D4CC0E8A1186F54B00051BA0 /* ofxPoint3f.h */,
				D4CC0E8B1186F54B00051BA0 /* ofxPoint4f.h */,
				D4CC0E8C1186F54B00051BA0 /* ofxQuaternion.cpp */,
				D4CC0E8D1186F54B00051BA0 /* ofxQuaternion.h */,
				D4CC0E8E1186F54B00051BA0 /* ofxVec2f.h */,
				D4CC0E8F1186F54B00051BA0 /* ofxVec3f.h */,
				D4CC0E901186F54B00051BA0 /* ofxVec4f.h */,
				D4CC0E911186F54B00051BA0 /* ofxVectorMath.h */,
			);
			path = src;
			sourceTree = "<group>";
		};
		D4D1685711884D1500E81583 /* ofxOpenCv */ = {
			isa = PBXGroup;
			children = (
				D4D1685811884D1500E81583 /* install.xml */,
				D4D1685911884D1500E81583 /* libs */,
				D4D1686F11884D1500E81583 /* src */,
			);
			name = ofxOpenCv;
			path = ../../../addons/ofxOpenCv;
			sourceTree = SOURCE_ROOT;
		};
		D4D1685911884D1500E81583 /* libs */ = {
			isa = PBXGroup;
			children = (
				D4D1685A11884D1500E81583 /* opencv */,
			);
			path = libs;
			sourceTree = "<group>";
		};
		D4D1685A11884D1500E81583 /* opencv */ = {
			isa = PBXGroup;
			children = (
				D4D1685B11884D1500E81583 /* include */,
				D4D1686C11884D1500E81583 /* lib */,
			);
			path = opencv;
			sourceTree = "<group>";
		};
		D4D1685B11884D1500E81583 /* include */ = {
			isa = PBXGroup;
			children = (
				D4D1685C11884D1500E81583 /* cv.h */,
				D4D1685D11884D1500E81583 /* cv.hpp */,
				D4D1685E11884D1500E81583 /* cvaux.h */,
				D4D1685F11884D1500E81583 /* cvaux.hpp */,
				D4D1686011884D1500E81583 /* cvcompat.h */,
				D4D1686111884D1500E81583 /* cvmat.hpp */,
				D4D1686211884D1500E81583 /* cvstreams.h */,
				D4D1686311884D1500E81583 /* cvtypes.h */,
				D4D1686411884D1500E81583 /* cvver.h */,
				D4D1686511884D1500E81583 /* cvvidsurv.hpp */,
				D4D1686611884D1500E81583 /* cvwimage.h */,
				D4D1686711884D1500E81583 /* cxcore.h */,
				D4D1686811884D1500E81583 /* cxcore.hpp */,
				D4D1686911884D1500E81583 /* cxerror.h */,
				D4D1686A11884D1500E81583 /* cxmisc.h */,
				D4D1686B11884D1500E81583 /* cxtypes.h */,
			);
			path = include;
			sourceTree = "<group>";
		};
		D4D1686C11884D1500E81583 /* lib */ = {
			isa = PBXGroup;
			children = (
				D4D1686D11884D1500E81583 /* osx */,
			);
			path = lib;
			sourceTree = "<group>";
		};
		D4D1686D11884D1500E81583 /* osx */ = {
			isa = PBXGroup;
			children = (
				D4D1686E11884D1500E81583 /* openCV.a */,
			);
			path = osx;
			sourceTree = "<group>";
		};
		D4D1686F11884D1500E81583 /* src */ = {
			isa = PBXGroup;
			children = (
				D4D1687011884D1500E81583 /* ofxCvBlob.h */,
				D4D1687111884D1500E81583 /* ofxCvColorImage.cpp */,
				D4D1687211884D1500E81583 /* ofxCvColorImage.h */,
				D4D1687311884D1500E81583 /* ofxCvConstants.h */,
				D4D1687411884D1500E81583 /* ofxCvContourFinder.cpp */,
				D4D1687511884D1500E81583 /* ofxCvContourFinder.h */,
				D4D1687611884D1500E81583 /* ofxCvFloatImage.cpp */,
				D4D1687711884D1500E81583 /* ofxCvFloatImage.h */,
				D4D1687811884D1500E81583 /* ofxCvGrayscaleImage.cpp */,
				D4D1687911884D1500E81583 /* ofxCvGrayscaleImage.h */,
				D4D1687A11884D1500E81583 /* ofxCvImage.cpp */,
				D4D1687B11884D1500E81583 /* ofxCvImage.h */,
				D4D1687C11884D1500E81583 /* ofxCvMain.h */,
				D4D1687D11884D1500E81583 /* ofxCvShortImage.cpp */,
				D4D1687E11884D1500E81583 /* ofxCvShortImage.h */,
				D4D1687F11884D1500E81583 /* ofxOpenCv.h */,
			);
			path = src;
			sourceTree = "<group>";
		};
		E45BE0360E8CC5DE009D7055 /* libs */ = {
			isa = PBXGroup;
			children = (
				E45BEED60E8CCB34009D7055 /* core */,
			);
			name = libs;
			sourceTree = "<group>";
		};
		E45BE0370E8CC647009D7055 /* freeimage */ = {
			isa = PBXGroup;
			children = (
				E4C246D810CCAE22004149E2 /* osx */,
				E45BE0380E8CC647009D7055 /* include */,
			);
			name = freeimage;
			path = ../../../libs/freeimage;
			sourceTree = SOURCE_ROOT;
		};
		E45BE0380E8CC647009D7055 /* include */ = {
			isa = PBXGroup;
			children = (
				E45BE0390E8CC647009D7055 /* FreeImage.h */,
			);
			name = include;
			path = ../../../libs/freeimage/include;
			sourceTree = SOURCE_ROOT;
		};
		E45BE03D0E8CC650009D7055 /* fmodex */ = {
			isa = PBXGroup;
			children = (
				E45BE03E0E8CC650009D7055 /* inc */,
				E4C2428E10CC5C18004149E2 /* osx */,
			);
			name = fmodex;
			path = ../../../libs/fmodex;
			sourceTree = SOURCE_ROOT;
		};
		E45BE03E0E8CC650009D7055 /* inc */ = {
			isa = PBXGroup;
			children = (
				E45BE03F0E8CC650009D7055 /* fmod.h */,
				E45BE0400E8CC650009D7055 /* fmod.hpp */,
				E45BE0410E8CC650009D7055 /* fmod_codec.h */,
				E45BE0420E8CC650009D7055 /* fmod_dsp.h */,
				E45BE0430E8CC650009D7055 /* fmod_errors.h */,
				E45BE0440E8CC650009D7055 /* fmod_output.h */,
			);
			name = inc;
			path = ../../../libs/fmodex/include;
			sourceTree = SOURCE_ROOT;
		};
		E45BE0480E8CC657009D7055 /* core libraries */ = {
			isa = PBXGroup;
			children = (
				E4C2425B10CC5A78004149E2 /* glut */,
				E45BEC7B0E8CC911009D7055 /* poco */,
				E45BE2D50E8CC69C009D7055 /* rtAudio */,
				E45BE0A50E8CC67C009D7055 /* GLee */,
				E45BE0490E8CC676009D7055 /* freetype */,
				E45BE03D0E8CC650009D7055 /* fmodex */,
				E45BE0370E8CC647009D7055 /* freeimage */,
			);
			name = "core libraries";
			sourceTree = "<group>";
		};
		E45BE0490E8CC676009D7055 /* freetype */ = {
			isa = PBXGroup;
			children = (
				E4C2429210CC5C38004149E2 /* osx */,
			);
			name = freetype;
			path = ../../../libs/freetype;
			sourceTree = SOURCE_ROOT;
		};
		E45BE0A50E8CC67C009D7055 /* GLee */ = {
			isa = PBXGroup;
			children = (
				E45BE0A60E8CC67C009D7055 /* include */,
				E45BE0A80E8CC67C009D7055 /* lib */,
			);
			name = GLee;
			path = ../../../libs/GLee;
			sourceTree = SOURCE_ROOT;
		};
		E45BE0A60E8CC67C009D7055 /* include */ = {
			isa = PBXGroup;
			children = (
				E45BE0A70E8CC67C009D7055 /* GLee.h */,
			);
			name = include;
			path = ../../../libs/GLee/include;
			sourceTree = SOURCE_ROOT;
		};
		E45BE0A80E8CC67C009D7055 /* lib */ = {
			isa = PBXGroup;
			children = (
				E45BE0A90E8CC67C009D7055 /* GLee.a */,
			);
			name = lib;
			path = ../../../libs/GLee/lib/osx;
			sourceTree = SOURCE_ROOT;
		};
		E45BE2D50E8CC69C009D7055 /* rtAudio */ = {
			isa = PBXGroup;
			children = (
				E45BE2D60E8CC69C009D7055 /* include */,
				E45BE2E20E8CC69C009D7055 /* lib */,
			);
			name = rtAudio;
			path = ../../../libs/rtAudio;
			sourceTree = SOURCE_ROOT;
		};
		E45BE2D60E8CC69C009D7055 /* include */ = {
			isa = PBXGroup;
			children = (
				E45BE2D70E8CC69C009D7055 /* asio */,
				E45BE2E00E8CC69C009D7055 /* RtAudio.h */,
				E45BE2E10E8CC69C009D7055 /* RtError.h */,
			);
			name = include;
			path = ../../../libs/rtAudio/include;
			sourceTree = SOURCE_ROOT;
		};
		E45BE2D70E8CC69C009D7055 /* asio */ = {
			isa = PBXGroup;
			children = (
			);
			name = asio;
			path = ../../../libs/rtAudio/include/asio;
			sourceTree = SOURCE_ROOT;
		};
		E45BE2E20E8CC69C009D7055 /* lib */ = {
			isa = PBXGroup;
			children = (
				E45BE2E30E8CC69C009D7055 /* rtAudio.a */,
			);
			name = lib;
			path = ../../../libs/rtAudio/lib/osx;
			sourceTree = SOURCE_ROOT;
		};
		E45BE5980E8CC70C009D7055 /* core frameworks */ = {
			isa = PBXGroup;
			children = (
				E4C2424410CC5A17004149E2 /* AppKit.framework */,
				E4C2424510CC5A17004149E2 /* Cocoa.framework */,
				E4C2424610CC5A17004149E2 /* IOKit.framework */,
				E45BE9710E8CC7DD009D7055 /* AGL.framework */,
				E45BE9720E8CC7DD009D7055 /* ApplicationServices.framework */,
				E45BE9730E8CC7DD009D7055 /* AudioToolbox.framework */,
				E45BE9740E8CC7DD009D7055 /* Carbon.framework */,
				E45BE9750E8CC7DD009D7055 /* CoreAudio.framework */,
				E45BE9760E8CC7DD009D7055 /* CoreFoundation.framework */,
				E45BE9770E8CC7DD009D7055 /* CoreServices.framework */,
				E45BE9790E8CC7DD009D7055 /* OpenGL.framework */,
				E45BE97A0E8CC7DD009D7055 /* QuickTime.framework */,
			);
			name = "core frameworks";
			sourceTree = "<group>";
		};
		E45BEC7B0E8CC911009D7055 /* poco */ = {
			isa = PBXGroup;
			children = (
				E4C2427910CC5B66004149E2 /* osx */,
			);
			name = poco;
			path = ../../../libs/poco;
			sourceTree = SOURCE_ROOT;
		};
		E45BEED60E8CCB34009D7055 /* core */ = {
			isa = PBXGroup;
			children = (
				E45BE0480E8CC657009D7055 /* core libraries */,
				E45BE5980E8CC70C009D7055 /* core frameworks */,
			);
			name = core;
			sourceTree = "<group>";
		};
		E4B69B4A0A3A1720003C02F2 = {
			isa = PBXGroup;
			children = (
				D4CC0DC81186F49200051BA0 /* addons */,
				E4B69B5B0A3A1756003C02F2 /* emptyExampleDebug.app */,
				E4B6FCAD0C3E899E008CF71C /* openFrameworks-Info.plist */,
				E4B69E1C0A3A1BDC003C02F2 /* src */,
				E4C2422310CC54B6004149E2 /* openFrameworks */,
				E45BE0360E8CC5DE009D7055 /* libs */,
			);
			sourceTree = "<group>";
		};
		E4B69E1C0A3A1BDC003C02F2 /* src */ = {
			isa = PBXGroup;
			children = (
				D4B8FCA111872E8F001CF2D1 /* customDrawer.cpp */,
				D4B8FCA211872E8F001CF2D1 /* customDrawer.h */,
				D4CC0DBC1186F46600051BA0 /* main.cpp */,
				D4CC0DBD1186F46600051BA0 /* msaColor.h */,
				D4CC0DBE1186F46600051BA0 /* Particle.cpp */,
				D4CC0DBF1186F46600051BA0 /* Particle.h */,
				D4CC0DC01186F46600051BA0 /* ParticleSystem.cpp */,
				D4CC0DC11186F46600051BA0 /* ParticleSystem.h */,
				D4CC0DC21186F46600051BA0 /* testApp.cpp */,
				D4CC0DC31186F46600051BA0 /* testApp.h */,
				D4D168FC1188560C00E81583 /* contourF.h */,
				D4D168FD1188560C00E81583 /* contourF.cpp */,
			);
			path = src;
			sourceTree = SOURCE_ROOT;
		};
		E4C2421710CC549C004149E2 /* Products */ = {
			isa = PBXGroup;
			children = (
				E4C2421E10CC549C004149E2 /* openFrameworksDebug.a */,
			);
			name = Products;
			sourceTree = "<group>";
		};
		E4C2422310CC54B6004149E2 /* openFrameworks */ = {
			isa = PBXGroup;
			children = (
				E4C2421610CC549C004149E2 /* openFrameworksLib.xcodeproj */,
			);
			name = openFrameworks;
			sourceTree = "<group>";
		};
		E4C2425B10CC5A78004149E2 /* glut */ = {
			isa = PBXGroup;
			children = (
				E4C2425D10CC5A78004149E2 /* lib */,
			);
			name = glut;
			path = ../../../libs/glut;
			sourceTree = SOURCE_ROOT;
		};
		E4C2425D10CC5A78004149E2 /* lib */ = {
			isa = PBXGroup;
			children = (
				E4C2425E10CC5A78004149E2 /* osx */,
			);
			name = lib;
			path = ../../../libs/glut/lib;
			sourceTree = SOURCE_ROOT;
		};
		E4C2425E10CC5A78004149E2 /* osx */ = {
			isa = PBXGroup;
			children = (
				E4C2425F10CC5A78004149E2 /* GLUT.framework */,
			);
			name = osx;
			path = ../../../libs/glut/lib/osx;
			sourceTree = SOURCE_ROOT;
		};
		E4C2427910CC5B66004149E2 /* osx */ = {
			isa = PBXGroup;
			children = (
				E4C2427A10CC5B66004149E2 /* CppUnit.a */,
				E4C2427B10CC5B66004149E2 /* PocoFoundation.a */,
				E4C2427C10CC5B66004149E2 /* PocoNet.a */,
				E4C2427D10CC5B66004149E2 /* PocoUtil.a */,
				E4C2427E10CC5B66004149E2 /* PocoXML.a */,
			);
			name = osx;
			path = ../../../libs/poco/lib/osx;
			sourceTree = SOURCE_ROOT;
		};
		E4C2428E10CC5C18004149E2 /* osx */ = {
			isa = PBXGroup;
			children = (
				E4C242CC10CC650E004149E2 /* libfmodex.dylib */,
			);
			name = osx;
			path = ../../../libs/fmodex/lib/osx;
			sourceTree = SOURCE_ROOT;
		};
		E4C2429210CC5C38004149E2 /* osx */ = {
			isa = PBXGroup;
			children = (
				E4C2429310CC5C38004149E2 /* freetype.a */,
			);
			name = osx;
			path = ../../../libs/freetype/lib/osx;
			sourceTree = SOURCE_ROOT;
		};
		E4C246D810CCAE22004149E2 /* osx */ = {
			isa = PBXGroup;
			children = (
				E4C246D910CCAE22004149E2 /* freeimage.a */,
			);
			name = osx;
			path = ../../../libs/FreeImage/lib/osx;
			sourceTree = SOURCE_ROOT;
		};
/* End PBXGroup section */

/* Begin PBXNativeTarget section */
		E4B69B5A0A3A1756003C02F2 /* emptyExample */ = {
			isa = PBXNativeTarget;
			buildConfigurationList = E4B69B5F0A3A1757003C02F2 /* Build configuration list for PBXNativeTarget "emptyExample" */;
			buildPhases = (
				E4B69B580A3A1756003C02F2 /* Sources */,
				E4B69B590A3A1756003C02F2 /* Frameworks */,
				E4B6FFFD0C3F9AB9008CF71C /* ShellScript */,
				E4C2427710CC5ABF004149E2 /* CopyFiles */,
				E4C2444710CC769B004149E2 /* CopyFiles */,
			);
			buildRules = (
			);
			dependencies = (
				E4C2422810CC54DA004149E2 /* PBXTargetDependency */,
			);
			name = emptyExample;
			productName = myOFApp;
			productReference = E4B69B5B0A3A1756003C02F2 /* emptyExampleDebug.app */;
			productType = "com.apple.product-type.application";
		};
/* End PBXNativeTarget section */

/* Begin PBXProject section */
		E4B69B4C0A3A1720003C02F2 /* Project object */ = {
			isa = PBXProject;
			buildConfigurationList = E4B69B4D0A3A1720003C02F2 /* Build configuration list for PBXProject "emptyExample" */;
			compatibilityVersion = "Xcode 2.4";
			hasScannedForEncodings = 0;
			mainGroup = E4B69B4A0A3A1720003C02F2;
			productRefGroup = E4B69B4A0A3A1720003C02F2;
			projectDirPath = "";
			projectReferences = (
				{
					ProductGroup = E4C2421710CC549C004149E2 /* Products */;
					ProjectRef = E4C2421610CC549C004149E2 /* openFrameworksLib.xcodeproj */;
				},
			);
			projectRoot = "";
			targets = (
				E4B69B5A0A3A1756003C02F2 /* emptyExample */,
			);
		};
/* End PBXProject section */

/* Begin PBXReferenceProxy section */
		E4C2421E10CC549C004149E2 /* openFrameworksDebug.a */ = {
			isa = PBXReferenceProxy;
			fileType = archive.ar;
			path = openFrameworksDebug.a;
			remoteRef = E4C2421D10CC549C004149E2 /* PBXContainerItemProxy */;
			sourceTree = BUILT_PRODUCTS_DIR;
		};
/* End PBXReferenceProxy section */

/* Begin PBXShellScriptBuildPhase section */
		E4B6FFFD0C3F9AB9008CF71C /* ShellScript */ = {
			isa = PBXShellScriptBuildPhase;
			buildActionMask = 2147483647;
			files = (
			);
			inputPaths = (
			);
			outputPaths = (
			);
			runOnlyForDeploymentPostprocessing = 0;
			shellPath = /bin/sh;
			shellScript = "cp -f ../../../libs/fmodex/lib/osx/libfmodex.dylib \"$TARGET_BUILD_DIR/$PRODUCT_NAME.app/Contents/MacOS/libfmodex.dylib\"\ninstall_name_tool -change ./libfmodex.dylib @executable_path/libfmodex.dylib \"$TARGET_BUILD_DIR/$PRODUCT_NAME.app/Contents/MacOS/$PRODUCT_NAME\" ";
		};
/* End PBXShellScriptBuildPhase section */

/* Begin PBXSourcesBuildPhase section */
		E4B69B580A3A1756003C02F2 /* Sources */ = {
			isa = PBXSourcesBuildPhase;
			buildActionMask = 2147483647;
			files = (
				D4CC0DC41186F46600051BA0 /* main.cpp in Sources */,
				D4CC0DC51186F46600051BA0 /* Particle.cpp in Sources */,
				D4CC0DC61186F46600051BA0 /* ParticleSystem.cpp in Sources */,
				D4CC0DC71186F46600051BA0 /* testApp.cpp in Sources */,
				D4CC0DD81186F4A600051BA0 /* ofxMSAFluidDrawer.cpp in Sources */,
				D4CC0DD91186F4A600051BA0 /* ofxMSAFluidSolver.cpp in Sources */,
				D4CC0E131186F4EE00051BA0 /* ofxOscBundle.cpp in Sources */,
				D4CC0E141186F4EE00051BA0 /* ofxOscMessage.cpp in Sources */,
				D4CC0E151186F4EE00051BA0 /* ofxOscReceiver.cpp in Sources */,
				D4CC0E161186F4EE00051BA0 /* ofxOscSender.cpp in Sources */,
				D4CC0E661186F52000051BA0 /* tinyxml.cpp in Sources */,
				D4CC0E671186F52000051BA0 /* tinyxmlerror.cpp in Sources */,
				D4CC0E681186F52000051BA0 /* tinyxmlparser.cpp in Sources */,
				D4CC0E691186F52000051BA0 /* ofxXmlSettings.cpp in Sources */,
				D4CC0E921186F54B00051BA0 /* ofxMatrix3x3.cpp in Sources */,
				D4CC0E931186F54B00051BA0 /* ofxMatrix4x4.cpp in Sources */,
				D4CC0E941186F54B00051BA0 /* ofxQuaternion.cpp in Sources */,
				D4B8F7A11186FC59001CF2D1 /* guiBaseObject.cpp in Sources */,
				D4B8F7A21186FC59001CF2D1 /* guiCallback.cpp in Sources */,
				D4B8F7A31186FC59001CF2D1 /* guiCallbackValue.cpp in Sources */,
				D4B8F7A41186FC59001CF2D1 /* guiColor.cpp in Sources */,
				D4B8F7A51186FC59001CF2D1 /* guiTextBase.cpp in Sources */,
				D4B8F7A61186FC59001CF2D1 /* guiType2DSlider.cpp in Sources */,
				D4B8F7A71186FC59001CF2D1 /* guiTypeButtonSlider.cpp in Sources */,
				D4B8F7A81186FC59001CF2D1 /* guiTypeChartPlotter.cpp in Sources */,
				D4B8F7A91186FC59001CF2D1 /* guiTypeCustom.cpp in Sources */,
				D4B8F7AA1186FC59001CF2D1 /* guiTypeDrawable.cpp in Sources */,
				D4B8F7AB1186FC59001CF2D1 /* guiTypeFileLister.cpp in Sources */,
				D4B8F7AC1186FC59001CF2D1 /* guiTypeLogger.cpp in Sources */,
				D4B8F7AD1186FC59001CF2D1 /* guiTypeMultiToggle.cpp in Sources */,
				D4B8F7AE1186FC59001CF2D1 /* guiTypePanel.cpp in Sources */,
				D4B8F7AF1186FC59001CF2D1 /* guiTypeSlider.cpp in Sources */,
				D4B8F7B01186FC59001CF2D1 /* guiTypeText.cpp in Sources */,
				D4B8F7B11186FC59001CF2D1 /* guiTypeTextDropDown.cpp in Sources */,
				D4B8F7B21186FC59001CF2D1 /* guiTypeToggle.cpp in Sources */,
				D4B8F7B31186FC59001CF2D1 /* guiTypeVairableLister.cpp in Sources */,
				D4B8F7B41186FC59001CF2D1 /* guiTypeVideo.cpp in Sources */,
				D4B8F7B51186FC59001CF2D1 /* guiValue.cpp in Sources */,
				D4B8F7B61186FC59001CF2D1 /* ofxControlPanel.cpp in Sources */,
				D4B8F7B71186FC59001CF2D1 /* simpleColor.cpp in Sources */,
				D4B8F7B81186FC59001CF2D1 /* simpleFileLister.cpp in Sources */,
				D4B8F7B91186FC59001CF2D1 /* simpleLogger.cpp in Sources */,
				D4B8F7D01186FD4A001CF2D1 /* ofxDirList.cpp in Sources */,
				D4B8FCA311872E8F001CF2D1 /* customDrawer.cpp in Sources */,
				D4D1688111884D1600E81583 /* ofxCvColorImage.cpp in Sources */,
				D4D1688211884D1600E81583 /* ofxCvContourFinder.cpp in Sources */,
				D4D1688311884D1600E81583 /* ofxCvFloatImage.cpp in Sources */,
				D4D1688411884D1600E81583 /* ofxCvGrayscaleImage.cpp in Sources */,
				D4D1688511884D1600E81583 /* ofxCvImage.cpp in Sources */,
				D4D1688611884D1600E81583 /* ofxCvShortImage.cpp in Sources */,
				D4D168FE1188560C00E81583 /* contourF.cpp in Sources */,
			);
			runOnlyForDeploymentPostprocessing = 0;
		};
/* End PBXSourcesBuildPhase section */

/* Begin PBXTargetDependency section */
		E4C2422810CC54DA004149E2 /* PBXTargetDependency */ = {
			isa = PBXTargetDependency;
			name = openFrameworks;
			targetProxy = E4C2422710CC54DA004149E2 /* PBXContainerItemProxy */;
		};
/* End PBXTargetDependency section */

/* Begin XCBuildConfiguration section */
		E4B27CA010CBF8A600536013 /* ReleaseUniversal */ = {
			isa = XCBuildConfiguration;
			buildSettings = {
				ARCHS = (
					ppc,
					i386,
				);
				CONFIGURATION_BUILD_DIR = "$(SRCROOT)/bin/";
				COPY_PHASE_STRIP = YES;
				DEAD_CODE_STRIPPING = YES;
				GCC_AUTO_VECTORIZATION = YES;
				GCC_ENABLE_SSE3_EXTENSIONS = YES;
				GCC_ENABLE_SUPPLEMENTAL_SSE3_INSTRUCTIONS = YES;
				GCC_INLINES_ARE_PRIVATE_EXTERN = NO;
				GCC_MODEL_TUNING = G5;
				GCC_OPTIMIZATION_LEVEL = 3;
				GCC_SYMBOLS_PRIVATE_EXTERN = NO;
				GCC_UNROLL_LOOPS = YES;
				GCC_WARN_ABOUT_DEPRECATED_FUNCTIONS = NO;
				GCC_WARN_ABOUT_INVALID_OFFSETOF_MACRO = NO;
				GCC_WARN_ALLOW_INCOMPLETE_PROTOCOL = NO;
				GCC_WARN_UNINITIALIZED_AUTOS = NO;
				GCC_WARN_UNUSED_VALUE = NO;
				GCC_WARN_UNUSED_VARIABLE = NO;
				HEADER_SEARCH_PATHS = (
					"../../../libs/openFrameworks/**",
					../../../libs/freetype/include/,
					../../../libs/freetype/include/freetype2,
					../../../libs/poco/include,
				);
				OTHER_CPLUSPLUSFLAGS = (
					"-D__MACOSX_CORE__",
					"-lpthread",
				);
				OTHER_LDFLAGS = "";
				SDKROOT = /Developer/SDKs/MacOSX10.5.sdk;
			};
			name = ReleaseUniversal;
		};
		E4B27CA110CBF8A600536013 /* ReleaseUniversal */ = {
			isa = XCBuildConfiguration;
			buildSettings = {
				COPY_PHASE_STRIP = YES;
				FRAMEWORK_SEARCH_PATHS = (
					"$(inherited)",
					"$(FRAMEWORK_SEARCH_PATHS_QUOTED_FOR_TARGET_1)",
				);
				FRAMEWORK_SEARCH_PATHS_QUOTED_FOR_TARGET_1 = "\"$(SRCROOT)/../../../libs/glut/lib/osx\"";
				GCC_ENABLE_FIX_AND_CONTINUE = NO;
				GCC_GENERATE_DEBUGGING_SYMBOLS = NO;
				GCC_MODEL_TUNING = G4;
				GCC_PRECOMPILE_PREFIX_HEADER = YES;
				GCC_PREFIX_HEADER = "$(SYSTEM_LIBRARY_DIR)/Frameworks/Carbon.framework/Headers/Carbon.h";
				INFOPLIST_FILE = "openFrameworks-Info.plist";
				INSTALL_PATH = "$(HOME)/Applications";
				LIBRARY_SEARCH_PATHS = (
					"$(inherited)",
					"$(LIBRARY_SEARCH_PATHS_QUOTED_FOR_TARGET_1)",
					"$(LIBRARY_SEARCH_PATHS_QUOTED_FOR_TARGET_2)",
					"$(LIBRARY_SEARCH_PATHS_QUOTED_FOR_TARGET_3)",
					"$(LIBRARY_SEARCH_PATHS_QUOTED_FOR_TARGET_4)",
					"$(LIBRARY_SEARCH_PATHS_QUOTED_FOR_TARGET_5)",
					"$(LIBRARY_SEARCH_PATHS_QUOTED_FOR_TARGET_6)",
					"$(LIBRARY_SEARCH_PATHS_QUOTED_FOR_TARGET_7)",
					"$(LIBRARY_SEARCH_PATHS_QUOTED_FOR_TARGET_8)",
					"$(LIBRARY_SEARCH_PATHS_QUOTED_FOR_TARGET_9)",
					"$(LIBRARY_SEARCH_PATHS_QUOTED_FOR_TARGET_10)",
					"$(LIBRARY_SEARCH_PATHS_QUOTED_FOR_TARGET_11)",
					"$(LIBRARY_SEARCH_PATHS_QUOTED_FOR_TARGET_12)",
					"$(LIBRARY_SEARCH_PATHS_QUOTED_FOR_TARGET_13)",
					"$(LIBRARY_SEARCH_PATHS_QUOTED_FOR_TARGET_14)",
					"$(LIBRARY_SEARCH_PATHS_QUOTED_FOR_TARGET_15)",
					"$(LIBRARY_SEARCH_PATHS_QUOTED_FOR_TARGET_2)",
					"$(LIBRARY_SEARCH_PATHS_QUOTED_FOR_TARGET_3)",
					"$(LIBRARY_SEARCH_PATHS_QUOTED_FOR_TARGET_7)",
				);
				LIBRARY_SEARCH_PATHS_QUOTED_FOR_TARGET_1 = "\"$(SRCROOT)/../../../libs/freeimage/lib/osx\"";
				LIBRARY_SEARCH_PATHS_QUOTED_FOR_TARGET_14 = "\"$(SRCROOT)/../../../libs/fmodex/lib/osx\"";
				LIBRARY_SEARCH_PATHS_QUOTED_FOR_TARGET_15 = "\"$(SRCROOT)/../../../libs/freetype/lib/osx\"";
				LIBRARY_SEARCH_PATHS_QUOTED_FOR_TARGET_2 = "\"$(SRCROOT)/../../../libs/FreeImage/lib/osx\"";
				LIBRARY_SEARCH_PATHS_QUOTED_FOR_TARGET_3 = "\"$(SRCROOT)/../../../addons/ofxOsc/libs/oscpack/lib/osx\"";
				LIBRARY_SEARCH_PATHS_QUOTED_FOR_TARGET_4 = "\"$(SRCROOT)/../../../libs/GLee/lib/osx\"";
				LIBRARY_SEARCH_PATHS_QUOTED_FOR_TARGET_5 = "\"$(SRCROOT)/../../../libs/poco/lib/osx\"";
				LIBRARY_SEARCH_PATHS_QUOTED_FOR_TARGET_6 = "\"$(SRCROOT)/../../../libs/rtAudio/lib/osx\"";
				LIBRARY_SEARCH_PATHS_QUOTED_FOR_TARGET_7 = "\"$(SRCROOT)/../../../addons/ofxOpenCv/libs/opencv/lib/osx\"";
				PREBINDING = NO;
				PRODUCT_NAME = "$(TARGET_NAME)Universal";
				WRAPPER_EXTENSION = app;
				ZERO_LINK = NO;
			};
			name = ReleaseUniversal;
		};
		E4B69B4E0A3A1720003C02F2 /* Debug */ = {
			isa = XCBuildConfiguration;
			buildSettings = {
				ARCHS = "$(NATIVE_ARCH)";
				CONFIGURATION_BUILD_DIR = "$(SRCROOT)/bin/";
				COPY_PHASE_STRIP = NO;
				DEAD_CODE_STRIPPING = YES;
				GCC_AUTO_VECTORIZATION = YES;
				GCC_ENABLE_SSE3_EXTENSIONS = YES;
				GCC_ENABLE_SUPPLEMENTAL_SSE3_INSTRUCTIONS = YES;
				GCC_INLINES_ARE_PRIVATE_EXTERN = NO;
				GCC_MODEL_TUNING = G5;
				GCC_SYMBOLS_PRIVATE_EXTERN = NO;
				GCC_WARN_ABOUT_DEPRECATED_FUNCTIONS = NO;
				GCC_WARN_ABOUT_INVALID_OFFSETOF_MACRO = NO;
				GCC_WARN_ALLOW_INCOMPLETE_PROTOCOL = NO;
				GCC_WARN_UNINITIALIZED_AUTOS = NO;
				GCC_WARN_UNUSED_VALUE = NO;
				GCC_WARN_UNUSED_VARIABLE = NO;
				HEADER_SEARCH_PATHS = (
					"../../../libs/openFrameworks/**",
					../../../libs/freetype/include/,
					../../../libs/freetype/include/freetype2,
					../../../libs/poco/include,
				);
				OTHER_CPLUSPLUSFLAGS = (
					"-D__MACOSX_CORE__",
					"-lpthread",
				);
				OTHER_LDFLAGS = "";
				SDKROOT = /Developer/SDKs/MacOSX10.5.sdk;
			};
			name = Debug;
		};
		E4B69B4F0A3A1720003C02F2 /* Release */ = {
			isa = XCBuildConfiguration;
			buildSettings = {
				ARCHS = "$(NATIVE_ARCH)";
				CONFIGURATION_BUILD_DIR = "$(SRCROOT)/bin/";
				COPY_PHASE_STRIP = YES;
				DEAD_CODE_STRIPPING = YES;
				GCC_AUTO_VECTORIZATION = YES;
				GCC_ENABLE_SSE3_EXTENSIONS = YES;
				GCC_ENABLE_SUPPLEMENTAL_SSE3_INSTRUCTIONS = YES;
				GCC_INLINES_ARE_PRIVATE_EXTERN = NO;
				GCC_MODEL_TUNING = G5;
				GCC_OPTIMIZATION_LEVEL = 3;
				GCC_SYMBOLS_PRIVATE_EXTERN = NO;
				GCC_UNROLL_LOOPS = YES;
				GCC_WARN_ABOUT_DEPRECATED_FUNCTIONS = NO;
				GCC_WARN_ABOUT_INVALID_OFFSETOF_MACRO = NO;
				GCC_WARN_ALLOW_INCOMPLETE_PROTOCOL = NO;
				GCC_WARN_UNINITIALIZED_AUTOS = NO;
				GCC_WARN_UNUSED_VALUE = NO;
				GCC_WARN_UNUSED_VARIABLE = NO;
				HEADER_SEARCH_PATHS = (
					"../../../libs/openFrameworks/**",
					../../../libs/freetype/include/,
					../../../libs/freetype/include/freetype2,
					../../../libs/poco/include,
				);
				OTHER_CPLUSPLUSFLAGS = (
					"-D__MACOSX_CORE__",
					"-lpthread",
				);
				OTHER_LDFLAGS = "";
				SDKROOT = /Developer/SDKs/MacOSX10.5.sdk;
			};
			name = Release;
		};
		E4B69B600A3A1757003C02F2 /* Debug */ = {
			isa = XCBuildConfiguration;
			buildSettings = {
				COPY_PHASE_STRIP = NO;
				FRAMEWORK_SEARCH_PATHS = (
					"$(inherited)",
					"$(FRAMEWORK_SEARCH_PATHS_QUOTED_FOR_TARGET_1)",
				);
				FRAMEWORK_SEARCH_PATHS_QUOTED_FOR_TARGET_1 = "\"$(SRCROOT)/../../../libs/glut/lib/osx\"";
				GCC_DYNAMIC_NO_PIC = NO;
				GCC_ENABLE_FIX_AND_CONTINUE = YES;
				GCC_GENERATE_DEBUGGING_SYMBOLS = YES;
				GCC_MODEL_TUNING = G4;
				GCC_OPTIMIZATION_LEVEL = 0;
				GCC_PRECOMPILE_PREFIX_HEADER = YES;
				GCC_PREFIX_HEADER = "$(SYSTEM_LIBRARY_DIR)/Frameworks/Carbon.framework/Headers/Carbon.h";
				INFOPLIST_FILE = "openFrameworks-Info.plist";
				INSTALL_PATH = "$(HOME)/Applications";
				LIBRARY_SEARCH_PATHS = (
					"$(inherited)",
					"$(LIBRARY_SEARCH_PATHS_QUOTED_FOR_TARGET_1)",
					"$(LIBRARY_SEARCH_PATHS_QUOTED_FOR_TARGET_2)",
					"$(LIBRARY_SEARCH_PATHS_QUOTED_FOR_TARGET_3)",
					"$(LIBRARY_SEARCH_PATHS_QUOTED_FOR_TARGET_4)",
					"$(LIBRARY_SEARCH_PATHS_QUOTED_FOR_TARGET_5)",
					"$(LIBRARY_SEARCH_PATHS_QUOTED_FOR_TARGET_6)",
					"$(LIBRARY_SEARCH_PATHS_QUOTED_FOR_TARGET_7)",
					"$(LIBRARY_SEARCH_PATHS_QUOTED_FOR_TARGET_8)",
					"$(LIBRARY_SEARCH_PATHS_QUOTED_FOR_TARGET_9)",
					"$(LIBRARY_SEARCH_PATHS_QUOTED_FOR_TARGET_10)",
					"$(LIBRARY_SEARCH_PATHS_QUOTED_FOR_TARGET_11)",
					"$(LIBRARY_SEARCH_PATHS_QUOTED_FOR_TARGET_12)",
					"$(LIBRARY_SEARCH_PATHS_QUOTED_FOR_TARGET_13)",
					"$(LIBRARY_SEARCH_PATHS_QUOTED_FOR_TARGET_14)",
					"$(LIBRARY_SEARCH_PATHS_QUOTED_FOR_TARGET_15)",
					"$(LIBRARY_SEARCH_PATHS_QUOTED_FOR_TARGET_2)",
					"$(LIBRARY_SEARCH_PATHS_QUOTED_FOR_TARGET_3)",
					"$(LIBRARY_SEARCH_PATHS_QUOTED_FOR_TARGET_7)",
				);
				LIBRARY_SEARCH_PATHS_QUOTED_FOR_TARGET_1 = "\"$(SRCROOT)/../../../libs/freeimage/lib/osx\"";
				LIBRARY_SEARCH_PATHS_QUOTED_FOR_TARGET_14 = "\"$(SRCROOT)/../../../libs/fmodex/lib/osx\"";
				LIBRARY_SEARCH_PATHS_QUOTED_FOR_TARGET_15 = "\"$(SRCROOT)/../../../libs/freetype/lib/osx\"";
				LIBRARY_SEARCH_PATHS_QUOTED_FOR_TARGET_2 = "\"$(SRCROOT)/../../../libs/FreeImage/lib/osx\"";
				LIBRARY_SEARCH_PATHS_QUOTED_FOR_TARGET_3 = "\"$(SRCROOT)/../../../addons/ofxOsc/libs/oscpack/lib/osx\"";
				LIBRARY_SEARCH_PATHS_QUOTED_FOR_TARGET_4 = "\"$(SRCROOT)/../../../libs/GLee/lib/osx\"";
				LIBRARY_SEARCH_PATHS_QUOTED_FOR_TARGET_5 = "\"$(SRCROOT)/../../../libs/poco/lib/osx\"";
				LIBRARY_SEARCH_PATHS_QUOTED_FOR_TARGET_6 = "\"$(SRCROOT)/../../../libs/rtAudio/lib/osx\"";
				LIBRARY_SEARCH_PATHS_QUOTED_FOR_TARGET_7 = "\"$(SRCROOT)/../../../addons/ofxOpenCv/libs/opencv/lib/osx\"";
				PREBINDING = NO;
				PRODUCT_NAME = "$(TARGET_NAME)Debug";
				WRAPPER_EXTENSION = app;
				ZERO_LINK = NO;
			};
			name = Debug;
		};
		E4B69B610A3A1757003C02F2 /* Release */ = {
			isa = XCBuildConfiguration;
			buildSettings = {
				COPY_PHASE_STRIP = YES;
				FRAMEWORK_SEARCH_PATHS = (
					"$(inherited)",
					"$(FRAMEWORK_SEARCH_PATHS_QUOTED_FOR_TARGET_1)",
				);
				FRAMEWORK_SEARCH_PATHS_QUOTED_FOR_TARGET_1 = "\"$(SRCROOT)/../../../libs/glut/lib/osx\"";
				GCC_ENABLE_FIX_AND_CONTINUE = NO;
				GCC_GENERATE_DEBUGGING_SYMBOLS = NO;
				GCC_MODEL_TUNING = G4;
				GCC_PRECOMPILE_PREFIX_HEADER = YES;
				GCC_PREFIX_HEADER = "$(SYSTEM_LIBRARY_DIR)/Frameworks/Carbon.framework/Headers/Carbon.h";
				INFOPLIST_FILE = "openFrameworks-Info.plist";
				INSTALL_PATH = "$(HOME)/Applications";
				LIBRARY_SEARCH_PATHS = (
					"$(inherited)",
					"$(LIBRARY_SEARCH_PATHS_QUOTED_FOR_TARGET_1)",
					"$(LIBRARY_SEARCH_PATHS_QUOTED_FOR_TARGET_2)",
					"$(LIBRARY_SEARCH_PATHS_QUOTED_FOR_TARGET_3)",
					"$(LIBRARY_SEARCH_PATHS_QUOTED_FOR_TARGET_4)",
					"$(LIBRARY_SEARCH_PATHS_QUOTED_FOR_TARGET_5)",
					"$(LIBRARY_SEARCH_PATHS_QUOTED_FOR_TARGET_6)",
					"$(LIBRARY_SEARCH_PATHS_QUOTED_FOR_TARGET_7)",
					"$(LIBRARY_SEARCH_PATHS_QUOTED_FOR_TARGET_8)",
					"$(LIBRARY_SEARCH_PATHS_QUOTED_FOR_TARGET_9)",
					"$(LIBRARY_SEARCH_PATHS_QUOTED_FOR_TARGET_10)",
					"$(LIBRARY_SEARCH_PATHS_QUOTED_FOR_TARGET_11)",
					"$(LIBRARY_SEARCH_PATHS_QUOTED_FOR_TARGET_12)",
					"$(LIBRARY_SEARCH_PATHS_QUOTED_FOR_TARGET_13)",
					"$(LIBRARY_SEARCH_PATHS_QUOTED_FOR_TARGET_14)",
					"$(LIBRARY_SEARCH_PATHS_QUOTED_FOR_TARGET_15)",
					"$(LIBRARY_SEARCH_PATHS_QUOTED_FOR_TARGET_2)",
					"$(LIBRARY_SEARCH_PATHS_QUOTED_FOR_TARGET_3)",
					"$(LIBRARY_SEARCH_PATHS_QUOTED_FOR_TARGET_7)",
				);
				LIBRARY_SEARCH_PATHS_QUOTED_FOR_TARGET_1 = "\"$(SRCROOT)/../../../libs/freeimage/lib/osx\"";
				LIBRARY_SEARCH_PATHS_QUOTED_FOR_TARGET_14 = "\"$(SRCROOT)/../../../libs/fmodex/lib/osx\"";
				LIBRARY_SEARCH_PATHS_QUOTED_FOR_TARGET_15 = "\"$(SRCROOT)/../../../libs/freetype/lib/osx\"";
				LIBRARY_SEARCH_PATHS_QUOTED_FOR_TARGET_2 = "\"$(SRCROOT)/../../../libs/FreeImage/lib/osx\"";
				LIBRARY_SEARCH_PATHS_QUOTED_FOR_TARGET_3 = "\"$(SRCROOT)/../../../addons/ofxOsc/libs/oscpack/lib/osx\"";
				LIBRARY_SEARCH_PATHS_QUOTED_FOR_TARGET_4 = "\"$(SRCROOT)/../../../libs/GLee/lib/osx\"";
				LIBRARY_SEARCH_PATHS_QUOTED_FOR_TARGET_5 = "\"$(SRCROOT)/../../../libs/poco/lib/osx\"";
				LIBRARY_SEARCH_PATHS_QUOTED_FOR_TARGET_6 = "\"$(SRCROOT)/../../../libs/rtAudio/lib/osx\"";
				LIBRARY_SEARCH_PATHS_QUOTED_FOR_TARGET_7 = "\"$(SRCROOT)/../../../addons/ofxOpenCv/libs/opencv/lib/osx\"";
				PREBINDING = NO;
				PRODUCT_NAME = "$(TARGET_NAME)";
				WRAPPER_EXTENSION = app;
				ZERO_LINK = NO;
			};
			name = Release;
		};
/* End XCBuildConfiguration section */

/* Begin XCConfigurationList section */
		E4B69B4D0A3A1720003C02F2 /* Build configuration list for PBXProject "emptyExample" */ = {
			isa = XCConfigurationList;
			buildConfigurations = (
				E4B69B4E0A3A1720003C02F2 /* Debug */,
				E4B69B4F0A3A1720003C02F2 /* Release */,
				E4B27CA010CBF8A600536013 /* ReleaseUniversal */,
			);
			defaultConfigurationIsVisible = 0;
			defaultConfigurationName = Release;
		};
		E4B69B5F0A3A1757003C02F2 /* Build configuration list for PBXNativeTarget "emptyExample" */ = {
			isa = XCConfigurationList;
			buildConfigurations = (
				E4B69B600A3A1757003C02F2 /* Debug */,
				E4B69B610A3A1757003C02F2 /* Release */,
				E4B27CA110CBF8A600536013 /* ReleaseUniversal */,
			);
			defaultConfigurationIsVisible = 0;
			defaultConfigurationName = Release;
		};
/* End XCConfigurationList section */
	};
	rootObject = E4B69B4C0A3A1720003C02F2 /* Project object */;
}
