// !$*UTF8*$!
{
	archiveVersion = 1;
	classes = {
	};
	objectVersion = 42;
	objects = {

/* Begin PBXBuildFile section */
		5DAF1A2E1189C8EF005EBA71 /* libsmileDetector.a in Frameworks */ = {isa = PBXBuildFile; fileRef = 5DAF1A2D1189C8EF005EBA71 /* libsmileDetector.a */; };
		5DAF1A611189CE0C005EBA71 /* openCV.a in Frameworks */ = {isa = PBXBuildFile; fileRef = 5DAF1A4F1189CE0C005EBA71 /* openCV.a */; };
		5DAF1A621189CE0C005EBA71 /* ofxCvColorImage.cpp in Sources */ = {isa = PBXBuildFile; fileRef = 5DAF1A521189CE0C005EBA71 /* ofxCvColorImage.cpp */; };
		5DAF1A631189CE0C005EBA71 /* ofxCvContourFinder.cpp in Sources */ = {isa = PBXBuildFile; fileRef = 5DAF1A551189CE0C005EBA71 /* ofxCvContourFinder.cpp */; };
		5DAF1A641189CE0C005EBA71 /* ofxCvFloatImage.cpp in Sources */ = {isa = PBXBuildFile; fileRef = 5DAF1A571189CE0C005EBA71 /* ofxCvFloatImage.cpp */; };
		5DAF1A651189CE0C005EBA71 /* ofxCvGrayscaleImage.cpp in Sources */ = {isa = PBXBuildFile; fileRef = 5DAF1A591189CE0C005EBA71 /* ofxCvGrayscaleImage.cpp */; };
		5DAF1A661189CE0C005EBA71 /* ofxCvImage.cpp in Sources */ = {isa = PBXBuildFile; fileRef = 5DAF1A5B1189CE0C005EBA71 /* ofxCvImage.cpp */; };
		5DAF1A671189CE0C005EBA71 /* ofxCvShortImage.cpp in Sources */ = {isa = PBXBuildFile; fileRef = 5DAF1A5E1189CE0C005EBA71 /* ofxCvShortImage.cpp */; };
		E45BE0AA0E8CC67C009D7055 /* GLee.a in Frameworks */ = {isa = PBXBuildFile; fileRef = E45BE0A90E8CC67C009D7055 /* GLee.a */; };
		E45BE2E40E8CC69C009D7055 /* rtAudio.a in Frameworks */ = {isa = PBXBuildFile; fileRef = E45BE2E30E8CC69C009D7055 /* rtAudio.a */; };
		E45BE97B0E8CC7DD009D7055 /* AGL.framework in Frameworks */ = {isa = PBXBuildFile; fileRef = E45BE9710E8CC7DD009D7055 /* AGL.framework */; };
		E45BE97C0E8CC7DD009D7055 /* ApplicationServices.framework in Frameworks */ = {isa = PBXBuildFile; fileRef = E45BE9720E8CC7DD009D7055 /* ApplicationServices.framework */; };
		E45BE97D0E8CC7DD009D7055 /* AudioToolbox.framework in Frameworks */ = {isa = PBXBuildFile; fileRef = E45BE9730E8CC7DD009D7055 /* AudioToolbox.framework */; };
		E45BE97E0E8CC7DD009D7055 /* Carbon.framework in Frameworks */ = {isa = PBXBuildFile; fileRef = E45BE9740E8CC7DD009D7055 /* Carbon.framework */; };
		E45BE97F0E8CC7DD009D7055 /* CoreAudio.framework in Frameworks */ = {isa = PBXBuildFile; fileRef = E45BE9750E8CC7DD009D7055 /* CoreAudio.framework */; };
		E45BE9800E8CC7DD009D7055 /* CoreFoundation.framework in Frameworks */ = {isa = PBXBuildFile; fileRef = E45BE9760E8CC7DD009D7055 /* CoreFoundation.framework */; };
		E45BE9810E8CC7DD009D7055 /* CoreServices.framework in Frameworks */ = {isa = PBXBuildFile; fileRef = E45BE9770E8CC7DD009D7055 /* CoreServices.framework */; };
		E45BE9830E8CC7DD009D7055 /* OpenGL.framework in Frameworks */ = {isa = PBXBuildFile; fileRef = E45BE9790E8CC7DD009D7055 /* OpenGL.framework */; };
		E45BE9840E8CC7DD009D7055 /* QuickTime.framework in Frameworks */ = {isa = PBXBuildFile; fileRef = E45BE97A0E8CC7DD009D7055 /* QuickTime.framework */; };
		E4B69E200A3A1BDC003C02F2 /* main.cpp in Sources */ = {isa = PBXBuildFile; fileRef = E4B69E1D0A3A1BDC003C02F2 /* main.cpp */; };
		E4B69E210A3A1BDC003C02F2 /* testApp.cpp in Sources */ = {isa = PBXBuildFile; fileRef = E4B69E1E0A3A1BDC003C02F2 /* testApp.cpp */; };
		E4C2422B10CC554B004149E2 /* openFrameworksDebug.a in Frameworks */ = {isa = PBXBuildFile; fileRef = E4C2421E10CC549C004149E2 /* openFrameworksDebug.a */; };
		E4C2424710CC5A17004149E2 /* AppKit.framework in Frameworks */ = {isa = PBXBuildFile; fileRef = E4C2424410CC5A17004149E2 /* AppKit.framework */; };
		E4C2424810CC5A17004149E2 /* Cocoa.framework in Frameworks */ = {isa = PBXBuildFile; fileRef = E4C2424510CC5A17004149E2 /* Cocoa.framework */; };
		E4C2424910CC5A17004149E2 /* IOKit.framework in Frameworks */ = {isa = PBXBuildFile; fileRef = E4C2424610CC5A17004149E2 /* IOKit.framework */; };
		E4C2426610CC5A78004149E2 /* GLUT.framework in Frameworks */ = {isa = PBXBuildFile; fileRef = E4C2425F10CC5A78004149E2 /* GLUT.framework */; };
		E4C2426B10CC5AA6004149E2 /* GLUT.framework in CopyFiles */ = {isa = PBXBuildFile; fileRef = E4C2425F10CC5A78004149E2 /* GLUT.framework */; };
		E4C2427F10CC5B66004149E2 /* CppUnit.a in Frameworks */ = {isa = PBXBuildFile; fileRef = E4C2427A10CC5B66004149E2 /* CppUnit.a */; };
		E4C2428010CC5B66004149E2 /* PocoFoundation.a in Frameworks */ = {isa = PBXBuildFile; fileRef = E4C2427B10CC5B66004149E2 /* PocoFoundation.a */; };
		E4C2428110CC5B66004149E2 /* PocoNet.a in Frameworks */ = {isa = PBXBuildFile; fileRef = E4C2427C10CC5B66004149E2 /* PocoNet.a */; };
		E4C2428210CC5B66004149E2 /* PocoUtil.a in Frameworks */ = {isa = PBXBuildFile; fileRef = E4C2427D10CC5B66004149E2 /* PocoUtil.a */; };
		E4C2428310CC5B66004149E2 /* PocoXML.a in Frameworks */ = {isa = PBXBuildFile; fileRef = E4C2427E10CC5B66004149E2 /* PocoXML.a */; };
		E4C2429410CC5C38004149E2 /* freetype.a in Frameworks */ = {isa = PBXBuildFile; fileRef = E4C2429310CC5C38004149E2 /* freetype.a */; };
		E4C242CD10CC650E004149E2 /* libfmodex.dylib in Frameworks */ = {isa = PBXBuildFile; fileRef = E4C242CC10CC650E004149E2 /* libfmodex.dylib */; };
		E4C2443910CC7693004149E2 /* openFrameworks-Info.plist in CopyFiles */ = {isa = PBXBuildFile; fileRef = E4B6FCAD0C3E899E008CF71C /* openFrameworks-Info.plist */; };
		E4C246DA10CCAE22004149E2 /* freeimage.a in Frameworks */ = {isa = PBXBuildFile; fileRef = E4C246D910CCAE22004149E2 /* freeimage.a */; };
		EA530F3A1187099A00C8D244 /* guiBaseObject.cpp in Sources */ = {isa = PBXBuildFile; fileRef = EA530F051187099A00C8D244 /* guiBaseObject.cpp */; };
		EA530F3B1187099A00C8D244 /* guiCallback.cpp in Sources */ = {isa = PBXBuildFile; fileRef = EA530F071187099A00C8D244 /* guiCallback.cpp */; };
		EA530F3C1187099A00C8D244 /* guiCallbackValue.cpp in Sources */ = {isa = PBXBuildFile; fileRef = EA530F091187099A00C8D244 /* guiCallbackValue.cpp */; };
		EA530F3D1187099A00C8D244 /* guiColor.cpp in Sources */ = {isa = PBXBuildFile; fileRef = EA530F0B1187099A00C8D244 /* guiColor.cpp */; };
		EA530F3E1187099A00C8D244 /* guiTextBase.cpp in Sources */ = {isa = PBXBuildFile; fileRef = EA530F0F1187099A00C8D244 /* guiTextBase.cpp */; };
		EA530F3F1187099A00C8D244 /* guiType2DSlider.cpp in Sources */ = {isa = PBXBuildFile; fileRef = EA530F111187099A00C8D244 /* guiType2DSlider.cpp */; };
		EA530F401187099A00C8D244 /* guiTypeButtonSlider.cpp in Sources */ = {isa = PBXBuildFile; fileRef = EA530F131187099A00C8D244 /* guiTypeButtonSlider.cpp */; };
		EA530F411187099A00C8D244 /* guiTypeChartPlotter.cpp in Sources */ = {isa = PBXBuildFile; fileRef = EA530F151187099A00C8D244 /* guiTypeChartPlotter.cpp */; };
		EA530F421187099A00C8D244 /* guiTypeCustom.cpp in Sources */ = {isa = PBXBuildFile; fileRef = EA530F171187099A00C8D244 /* guiTypeCustom.cpp */; };
		EA530F431187099A00C8D244 /* guiTypeDrawable.cpp in Sources */ = {isa = PBXBuildFile; fileRef = EA530F191187099A00C8D244 /* guiTypeDrawable.cpp */; };
		EA530F441187099A00C8D244 /* guiTypeFileLister.cpp in Sources */ = {isa = PBXBuildFile; fileRef = EA530F1B1187099A00C8D244 /* guiTypeFileLister.cpp */; };
		EA530F451187099A00C8D244 /* guiTypeLogger.cpp in Sources */ = {isa = PBXBuildFile; fileRef = EA530F1D1187099A00C8D244 /* guiTypeLogger.cpp */; };
		EA530F461187099A00C8D244 /* guiTypeMultiToggle.cpp in Sources */ = {isa = PBXBuildFile; fileRef = EA530F1F1187099A00C8D244 /* guiTypeMultiToggle.cpp */; };
		EA530F471187099A00C8D244 /* guiTypePanel.cpp in Sources */ = {isa = PBXBuildFile; fileRef = EA530F211187099A00C8D244 /* guiTypePanel.cpp */; };
		EA530F481187099A00C8D244 /* guiTypeSlider.cpp in Sources */ = {isa = PBXBuildFile; fileRef = EA530F231187099A00C8D244 /* guiTypeSlider.cpp */; };
		EA530F491187099A00C8D244 /* guiTypeText.cpp in Sources */ = {isa = PBXBuildFile; fileRef = EA530F251187099A00C8D244 /* guiTypeText.cpp */; };
		EA530F4A1187099A00C8D244 /* guiTypeTextDropDown.cpp in Sources */ = {isa = PBXBuildFile; fileRef = EA530F271187099A00C8D244 /* guiTypeTextDropDown.cpp */; };
		EA530F4B1187099A00C8D244 /* guiTypeToggle.cpp in Sources */ = {isa = PBXBuildFile; fileRef = EA530F291187099A00C8D244 /* guiTypeToggle.cpp */; };
		EA530F4C1187099A00C8D244 /* guiTypeVairableLister.cpp in Sources */ = {isa = PBXBuildFile; fileRef = EA530F2B1187099A00C8D244 /* guiTypeVairableLister.cpp */; };
		EA530F4D1187099A00C8D244 /* guiTypeVideo.cpp in Sources */ = {isa = PBXBuildFile; fileRef = EA530F2D1187099A00C8D244 /* guiTypeVideo.cpp */; };
		EA530F4E1187099A00C8D244 /* guiValue.cpp in Sources */ = {isa = PBXBuildFile; fileRef = EA530F2F1187099A00C8D244 /* guiValue.cpp */; };
		EA530F4F1187099A00C8D244 /* ofxControlPanel.cpp in Sources */ = {isa = PBXBuildFile; fileRef = EA530F321187099A00C8D244 /* ofxControlPanel.cpp */; };
		EA530F501187099A00C8D244 /* simpleColor.cpp in Sources */ = {isa = PBXBuildFile; fileRef = EA530F341187099A00C8D244 /* simpleColor.cpp */; };
		EA530F511187099A00C8D244 /* simpleFileLister.cpp in Sources */ = {isa = PBXBuildFile; fileRef = EA530F361187099A00C8D244 /* simpleFileLister.cpp */; };
		EA530F521187099A00C8D244 /* simpleLogger.cpp in Sources */ = {isa = PBXBuildFile; fileRef = EA530F381187099A00C8D244 /* simpleLogger.cpp */; };
		EA530F6F118709F800C8D244 /* ofxDirList.cpp in Sources */ = {isa = PBXBuildFile; fileRef = EA530F63118709F800C8D244 /* ofxDirList.cpp */; };
		EA530F70118709F800C8D244 /* tinyxml.cpp in Sources */ = {isa = PBXBuildFile; fileRef = EA530F68118709F800C8D244 /* tinyxml.cpp */; };
		EA530F71118709F800C8D244 /* tinyxmlerror.cpp in Sources */ = {isa = PBXBuildFile; fileRef = EA530F6A118709F800C8D244 /* tinyxmlerror.cpp */; };
		EA530F72118709F800C8D244 /* tinyxmlparser.cpp in Sources */ = {isa = PBXBuildFile; fileRef = EA530F6B118709F800C8D244 /* tinyxmlparser.cpp */; };
		EA530F73118709F800C8D244 /* ofxXmlSettings.cpp in Sources */ = {isa = PBXBuildFile; fileRef = EA530F6D118709F800C8D244 /* ofxXmlSettings.cpp */; };
		EA5311611187467D00C8D244 /* Sample.cpp in Sources */ = {isa = PBXBuildFile; fileRef = EA53115D1187467D00C8D244 /* Sample.cpp */; };
		EA5311621187467D00C8D244 /* VideoSample.cpp in Sources */ = {isa = PBXBuildFile; fileRef = EA53115F1187467D00C8D244 /* VideoSample.cpp */; };
/* End PBXBuildFile section */

/* Begin PBXContainerItemProxy section */
		E4C2421D10CC549C004149E2 /* PBXContainerItemProxy */ = {
			isa = PBXContainerItemProxy;
			containerPortal = E4C2421610CC549C004149E2 /* openFrameworksLib.xcodeproj */;
			proxyType = 2;
			remoteGlobalIDString = E4B27C1510CBEB8E00536013;
			remoteInfo = openFrameworks;
		};
		E4C2422710CC54DA004149E2 /* PBXContainerItemProxy */ = {
			isa = PBXContainerItemProxy;
			containerPortal = E4C2421610CC549C004149E2 /* openFrameworksLib.xcodeproj */;
			proxyType = 1;
			remoteGlobalIDString = E4B27C1410CBEB8E00536013;
			remoteInfo = openFrameworks;
		};
/* End PBXContainerItemProxy section */

/* Begin PBXCopyFilesBuildPhase section */
		E4C2427710CC5ABF004149E2 /* CopyFiles */ = {
			isa = PBXCopyFilesBuildPhase;
			buildActionMask = 2147483647;
			dstPath = "";
			dstSubfolderSpec = 10;
			files = (
				E4C2426B10CC5AA6004149E2 /* GLUT.framework in CopyFiles */,
			);
			runOnlyForDeploymentPostprocessing = 0;
		};
		E4C2444710CC769B004149E2 /* CopyFiles */ = {
			isa = PBXCopyFilesBuildPhase;
			buildActionMask = 2147483647;
			dstPath = "";
			dstSubfolderSpec = 7;
			files = (
				E4C2443910CC7693004149E2 /* openFrameworks-Info.plist in CopyFiles */,
			);
			runOnlyForDeploymentPostprocessing = 0;
		};
/* End PBXCopyFilesBuildPhase section */

/* Begin PBXFileReference section */
		5DAF19FF1189C8EF005EBA71 /* area.h */ = {isa = PBXFileReference; fileEncoding = 4; lastKnownFileType = sourcecode.c.h; name = area.h; path = ../../../libs/MPT/include/area.h; sourceTree = SOURCE_ROOT; };
		5DAF1A001189C8EF005EBA71 /* beyesobject.h */ = {isa = PBXFileReference; fileEncoding = 4; lastKnownFileType = sourcecode.c.h; name = beyesobject.h; path = ../../../libs/MPT/include/beyesobject.h; sourceTree = SOURCE_ROOT; };
		5DAF1A011189C8EF005EBA71 /* blink.h */ = {isa = PBXFileReference; fileEncoding = 4; lastKnownFileType = sourcecode.c.h; name = blink.h; path = ../../../libs/MPT/include/blink.h; sourceTree = SOURCE_ROOT; };
		5DAF1A021189C8EF005EBA71 /* blink_wts.h */ = {isa = PBXFileReference; fileEncoding = 4; lastKnownFileType = sourcecode.c.h; name = blink_wts.h; path = ../../../libs/MPT/include/blink_wts.h; sourceTree = SOURCE_ROOT; };
		5DAF1A031189C8EF005EBA71 /* ci.h */ = {isa = PBXFileReference; fileEncoding = 4; lastKnownFileType = sourcecode.c.h; name = ci.h; path = ../../../libs/MPT/include/ci.h; sourceTree = SOURCE_ROOT; };
		5DAF1A041189C8EF005EBA71 /* cluster.h */ = {isa = PBXFileReference; fileEncoding = 4; lastKnownFileType = sourcecode.c.h; name = cluster.h; path = ../../../libs/MPT/include/cluster.h; sourceTree = SOURCE_ROOT; };
		5DAF1A051189C8EF005EBA71 /* common.h */ = {isa = PBXFileReference; fileEncoding = 4; lastKnownFileType = sourcecode.c.h; name = common.h; path = ../../../libs/MPT/include/common.h; sourceTree = SOURCE_ROOT; };
		5DAF1A061189C8EF005EBA71 /* define.h */ = {isa = PBXFileReference; fileEncoding = 4; lastKnownFileType = sourcecode.c.h; name = define.h; path = ../../../libs/MPT/include/define.h; sourceTree = SOURCE_ROOT; };
		5DAF1A071189C8EF005EBA71 /* eye_finder_ROI.h */ = {isa = PBXFileReference; fileEncoding = 4; lastKnownFileType = sourcecode.c.h; name = eye_finder_ROI.h; path = ../../../libs/MPT/include/eye_finder_ROI.h; sourceTree = SOURCE_ROOT; };
		5DAF1A081189C8EF005EBA71 /* eyefinder.h */ = {isa = PBXFileReference; fileEncoding = 4; lastKnownFileType = sourcecode.c.h; name = eyefinder.h; path = ../../../libs/MPT/include/eyefinder.h; sourceTree = SOURCE_ROOT; };
		5DAF1A091189C8EF005EBA71 /* eyefinderBinary.h */ = {isa = PBXFileReference; fileEncoding = 4; lastKnownFileType = sourcecode.c.h; name = eyefinderBinary.h; path = ../../../libs/MPT/include/eyefinderBinary.h; sourceTree = SOURCE_ROOT; };
		5DAF1A0A1189C8EF005EBA71 /* eyeobject.h */ = {isa = PBXFileReference; fileEncoding = 4; lastKnownFileType = sourcecode.c.h; name = eyeobject.h; path = ../../../libs/MPT/include/eyeobject.h; sourceTree = SOURCE_ROOT; };
		5DAF1A0C1189C8EF005EBA71 /* config.h */ = {isa = PBXFileReference; fileEncoding = 4; lastKnownFileType = sourcecode.c.h; name = config.h; path = ../../../libs/MPT/include/EyeWeightsFiles/config.h; sourceTree = SOURCE_ROOT; };
		5DAF1A0D1189C8EF005EBA71 /* lefteye_eye_dist_eye_centered.h */ = {isa = PBXFileReference; fileEncoding = 4; lastKnownFileType = sourcecode.c.h; name = lefteye_eye_dist_eye_centered.h; path = ../../../libs/MPT/include/EyeWeightsFiles/lefteye_eye_dist_eye_centered.h; sourceTree = SOURCE_ROOT; };
		5DAF1A0E1189C8EF005EBA71 /* lefteye_eye_dist_face_centered.h */ = {isa = PBXFileReference; fileEncoding = 4; lastKnownFileType = sourcecode.c.h; name = lefteye_eye_dist_face_centered.h; path = ../../../libs/MPT/include/EyeWeightsFiles/lefteye_eye_dist_face_centered.h; sourceTree = SOURCE_ROOT; };
		5DAF1A0F1189C8EF005EBA71 /* lefteye_eye_only_eye_centered.h */ = {isa = PBXFileReference; fileEncoding = 4; lastKnownFileType = sourcecode.c.h; name = lefteye_eye_only_eye_centered.h; path = ../../../libs/MPT/include/EyeWeightsFiles/lefteye_eye_only_eye_centered.h; sourceTree = SOURCE_ROOT; };
		5DAF1A101189C8EF005EBA71 /* lefteye_half_dist_eye_centered.h */ = {isa = PBXFileReference; fileEncoding = 4; lastKnownFileType = sourcecode.c.h; name = lefteye_half_dist_eye_centered.h; path = ../../../libs/MPT/include/EyeWeightsFiles/lefteye_half_dist_eye_centered.h; sourceTree = SOURCE_ROOT; };
		5DAF1A111189C8EF005EBA71 /* lefteye_largest_2_eye_centered.h */ = {isa = PBXFileReference; fileEncoding = 4; lastKnownFileType = sourcecode.c.h; name = lefteye_largest_2_eye_centered.h; path = ../../../libs/MPT/include/EyeWeightsFiles/lefteye_largest_2_eye_centered.h; sourceTree = SOURCE_ROOT; };
		5DAF1A121189C8EF005EBA71 /* lefteye_largest_eye_centered.h */ = {isa = PBXFileReference; fileEncoding = 4; lastKnownFileType = sourcecode.c.h; name = lefteye_largest_eye_centered.h; path = ../../../libs/MPT/include/EyeWeightsFiles/lefteye_largest_eye_centered.h; sourceTree = SOURCE_ROOT; };
		5DAF1A131189C8EF005EBA71 /* lefteye_largest_face_centered.h */ = {isa = PBXFileReference; fileEncoding = 4; lastKnownFileType = sourcecode.c.h; name = lefteye_largest_face_centered.h; path = ../../../libs/MPT/include/EyeWeightsFiles/lefteye_largest_face_centered.h; sourceTree = SOURCE_ROOT; };
		5DAF1A141189C8EF005EBA71 /* lefteye_smallest_eye_centered.h */ = {isa = PBXFileReference; fileEncoding = 4; lastKnownFileType = sourcecode.c.h; name = lefteye_smallest_eye_centered.h; path = ../../../libs/MPT/include/EyeWeightsFiles/lefteye_smallest_eye_centered.h; sourceTree = SOURCE_ROOT; };
		5DAF1A151189C8EF005EBA71 /* righteye_eye_dist_eye_centered.h */ = {isa = PBXFileReference; fileEncoding = 4; lastKnownFileType = sourcecode.c.h; name = righteye_eye_dist_eye_centered.h; path = ../../../libs/MPT/include/EyeWeightsFiles/righteye_eye_dist_eye_centered.h; sourceTree = SOURCE_ROOT; };
		5DAF1A161189C8EF005EBA71 /* righteye_eye_dist_face_centered.h */ = {isa = PBXFileReference; fileEncoding = 4; lastKnownFileType = sourcecode.c.h; name = righteye_eye_dist_face_centered.h; path = ../../../libs/MPT/include/EyeWeightsFiles/righteye_eye_dist_face_centered.h; sourceTree = SOURCE_ROOT; };
		5DAF1A171189C8EF005EBA71 /* righteye_eye_only_eye_centered.h */ = {isa = PBXFileReference; fileEncoding = 4; lastKnownFileType = sourcecode.c.h; name = righteye_eye_only_eye_centered.h; path = ../../../libs/MPT/include/EyeWeightsFiles/righteye_eye_only_eye_centered.h; sourceTree = SOURCE_ROOT; };
		5DAF1A181189C8EF005EBA71 /* righteye_half_dist_eye_centered.h */ = {isa = PBXFileReference; fileEncoding = 4; lastKnownFileType = sourcecode.c.h; name = righteye_half_dist_eye_centered.h; path = ../../../libs/MPT/include/EyeWeightsFiles/righteye_half_dist_eye_centered.h; sourceTree = SOURCE_ROOT; };
		5DAF1A191189C8EF005EBA71 /* righteye_largest_2_eye_centered.h */ = {isa = PBXFileReference; fileEncoding = 4; lastKnownFileType = sourcecode.c.h; name = righteye_largest_2_eye_centered.h; path = ../../../libs/MPT/include/EyeWeightsFiles/righteye_largest_2_eye_centered.h; sourceTree = SOURCE_ROOT; };
		5DAF1A1A1189C8EF005EBA71 /* righteye_largest_eye_centered.h */ = {isa = PBXFileReference; fileEncoding = 4; lastKnownFileType = sourcecode.c.h; name = righteye_largest_eye_centered.h; path = ../../../libs/MPT/include/EyeWeightsFiles/righteye_largest_eye_centered.h; sourceTree = SOURCE_ROOT; };
		5DAF1A1B1189C8EF005EBA71 /* righteye_largest_face_centered.h */ = {isa = PBXFileReference; fileEncoding = 4; lastKnownFileType = sourcecode.c.h; name = righteye_largest_face_centered.h; path = ../../../libs/MPT/include/EyeWeightsFiles/righteye_largest_face_centered.h; sourceTree = SOURCE_ROOT; };
		5DAF1A1C1189C8EF005EBA71 /* righteye_smallest_eye_centered.h */ = {isa = PBXFileReference; fileEncoding = 4; lastKnownFileType = sourcecode.c.h; name = righteye_smallest_eye_centered.h; path = ../../../libs/MPT/include/EyeWeightsFiles/righteye_smallest_eye_centered.h; sourceTree = SOURCE_ROOT; };
		5DAF1A1D1189C8EF005EBA71 /* faceboxlist.h */ = {isa = PBXFileReference; fileEncoding = 4; lastKnownFileType = sourcecode.c.h; name = faceboxlist.h; path = ../../../libs/MPT/include/faceboxlist.h; sourceTree = SOURCE_ROOT; };
		5DAF1A1E1189C8EF005EBA71 /* faceobject.h */ = {isa = PBXFileReference; fileEncoding = 4; lastKnownFileType = sourcecode.c.h; name = faceobject.h; path = ../../../libs/MPT/include/faceobject.h; sourceTree = SOURCE_ROOT; };
		5DAF1A1F1189C8EF005EBA71 /* featuredata.h */ = {isa = PBXFileReference; fileEncoding = 4; lastKnownFileType = sourcecode.c.h; name = featuredata.h; path = ../../../libs/MPT/include/featuredata.h; sourceTree = SOURCE_ROOT; };
		5DAF1A201189C8EF005EBA71 /* gentleFace1.h */ = {isa = PBXFileReference; fileEncoding = 4; lastKnownFileType = sourcecode.c.h; name = gentleFace1.h; path = ../../../libs/MPT/include/gentleFace1.h; sourceTree = SOURCE_ROOT; };
		5DAF1A211189C8EF005EBA71 /* interpolate.h */ = {isa = PBXFileReference; fileEncoding = 4; lastKnownFileType = sourcecode.c.h; name = interpolate.h; path = ../../../libs/MPT/include/interpolate.h; sourceTree = SOURCE_ROOT; };
		5DAF1A221189C8EF005EBA71 /* mpiimage.h */ = {isa = PBXFileReference; fileEncoding = 4; lastKnownFileType = sourcecode.c.h; name = mpiimage.h; path = ../../../libs/MPT/include/mpiimage.h; sourceTree = SOURCE_ROOT; };
		5DAF1A231189C8EF005EBA71 /* mpisearch.h */ = {isa = PBXFileReference; fileEncoding = 4; lastKnownFileType = sourcecode.c.h; name = mpisearch.h; path = ../../../libs/MPT/include/mpisearch.h; sourceTree = SOURCE_ROOT; };
		5DAF1A241189C8EF005EBA71 /* mpisearchBinary.h */ = {isa = PBXFileReference; fileEncoding = 4; lastKnownFileType = sourcecode.c.h; name = mpisearchBinary.h; path = ../../../libs/MPT/include/mpisearchBinary.h; sourceTree = SOURCE_ROOT; };
		5DAF1A251189C8EF005EBA71 /* mpisearchFaceDetector.h */ = {isa = PBXFileReference; fileEncoding = 4; lastKnownFileType = sourcecode.c.h; name = mpisearchFaceDetector.h; path = ../../../libs/MPT/include/mpisearchFaceDetector.h; sourceTree = SOURCE_ROOT; };
		5DAF1A261189C8EF005EBA71 /* rimage.h */ = {isa = PBXFileReference; fileEncoding = 4; lastKnownFileType = sourcecode.c.h; name = rimage.h; path = ../../../libs/MPT/include/rimage.h; sourceTree = SOURCE_ROOT; };
		5DAF1A271189C8EF005EBA71 /* roi.h */ = {isa = PBXFileReference; fileEncoding = 4; lastKnownFileType = sourcecode.c.h; name = roi.h; path = ../../../libs/MPT/include/roi.h; sourceTree = SOURCE_ROOT; };
		5DAF1A281189C8EF005EBA71 /* smile.h */ = {isa = PBXFileReference; fileEncoding = 4; lastKnownFileType = sourcecode.c.h; name = smile.h; path = ../../../libs/MPT/include/smile.h; sourceTree = SOURCE_ROOT; };
		5DAF1A291189C8EF005EBA71 /* smile_wts.h */ = {isa = PBXFileReference; fileEncoding = 4; lastKnownFileType = sourcecode.c.h; name = smile_wts.h; path = ../../../libs/MPT/include/smile_wts.h; sourceTree = SOURCE_ROOT; };
		5DAF1A2A1189C8EF005EBA71 /* square.h */ = {isa = PBXFileReference; fileEncoding = 4; lastKnownFileType = sourcecode.c.h; name = square.h; path = ../../../libs/MPT/include/square.h; sourceTree = SOURCE_ROOT; };
		5DAF1A2B1189C8EF005EBA71 /* visualobject.h */ = {isa = PBXFileReference; fileEncoding = 4; lastKnownFileType = sourcecode.c.h; name = visualobject.h; path = ../../../libs/MPT/include/visualobject.h; sourceTree = SOURCE_ROOT; };
		5DAF1A2D1189C8EF005EBA71 /* libsmileDetector.a */ = {isa = PBXFileReference; lastKnownFileType = archive.ar; name = libsmileDetector.a; path = ../../../libs/MPT/lib/libsmileDetector.a; sourceTree = SOURCE_ROOT; };
		5DAF1A3D1189CE0C005EBA71 /* cv.h */ = {isa = PBXFileReference; fileEncoding = 4; lastKnownFileType = sourcecode.c.h; name = cv.h; path = ../../../addons/ofxOpenCv/libs/opencv/include/cv.h; sourceTree = SOURCE_ROOT; };
		5DAF1A3E1189CE0C005EBA71 /* cv.hpp */ = {isa = PBXFileReference; fileEncoding = 4; lastKnownFileType = sourcecode.cpp.h; name = cv.hpp; path = ../../../addons/ofxOpenCv/libs/opencv/include/cv.hpp; sourceTree = SOURCE_ROOT; };
		5DAF1A3F1189CE0C005EBA71 /* cvaux.h */ = {isa = PBXFileReference; fileEncoding = 4; lastKnownFileType = sourcecode.c.h; name = cvaux.h; path = ../../../addons/ofxOpenCv/libs/opencv/include/cvaux.h; sourceTree = SOURCE_ROOT; };
		5DAF1A401189CE0C005EBA71 /* cvaux.hpp */ = {isa = PBXFileReference; fileEncoding = 4; lastKnownFileType = sourcecode.cpp.h; name = cvaux.hpp; path = ../../../addons/ofxOpenCv/libs/opencv/include/cvaux.hpp; sourceTree = SOURCE_ROOT; };
		5DAF1A411189CE0C005EBA71 /* cvcompat.h */ = {isa = PBXFileReference; fileEncoding = 4; lastKnownFileType = sourcecode.c.h; name = cvcompat.h; path = ../../../addons/ofxOpenCv/libs/opencv/include/cvcompat.h; sourceTree = SOURCE_ROOT; };
		5DAF1A421189CE0C005EBA71 /* cvmat.hpp */ = {isa = PBXFileReference; fileEncoding = 4; lastKnownFileType = sourcecode.cpp.h; name = cvmat.hpp; path = ../../../addons/ofxOpenCv/libs/opencv/include/cvmat.hpp; sourceTree = SOURCE_ROOT; };
		5DAF1A431189CE0C005EBA71 /* cvstreams.h */ = {isa = PBXFileReference; fileEncoding = 4; lastKnownFileType = sourcecode.c.h; name = cvstreams.h; path = ../../../addons/ofxOpenCv/libs/opencv/include/cvstreams.h; sourceTree = SOURCE_ROOT; };
		5DAF1A441189CE0C005EBA71 /* cvtypes.h */ = {isa = PBXFileReference; fileEncoding = 4; lastKnownFileType = sourcecode.c.h; name = cvtypes.h; path = ../../../addons/ofxOpenCv/libs/opencv/include/cvtypes.h; sourceTree = SOURCE_ROOT; };
		5DAF1A451189CE0C005EBA71 /* cvver.h */ = {isa = PBXFileReference; fileEncoding = 4; lastKnownFileType = sourcecode.c.h; name = cvver.h; path = ../../../addons/ofxOpenCv/libs/opencv/include/cvver.h; sourceTree = SOURCE_ROOT; };
		5DAF1A461189CE0C005EBA71 /* cvvidsurv.hpp */ = {isa = PBXFileReference; fileEncoding = 4; lastKnownFileType = sourcecode.cpp.h; name = cvvidsurv.hpp; path = ../../../addons/ofxOpenCv/libs/opencv/include/cvvidsurv.hpp; sourceTree = SOURCE_ROOT; };
		5DAF1A471189CE0C005EBA71 /* cvwimage.h */ = {isa = PBXFileReference; fileEncoding = 4; lastKnownFileType = sourcecode.c.h; name = cvwimage.h; path = ../../../addons/ofxOpenCv/libs/opencv/include/cvwimage.h; sourceTree = SOURCE_ROOT; };
		5DAF1A481189CE0C005EBA71 /* cxcore.h */ = {isa = PBXFileReference; fileEncoding = 4; lastKnownFileType = sourcecode.c.h; name = cxcore.h; path = ../../../addons/ofxOpenCv/libs/opencv/include/cxcore.h; sourceTree = SOURCE_ROOT; };
		5DAF1A491189CE0C005EBA71 /* cxcore.hpp */ = {isa = PBXFileReference; fileEncoding = 4; lastKnownFileType = sourcecode.cpp.h; name = cxcore.hpp; path = ../../../addons/ofxOpenCv/libs/opencv/include/cxcore.hpp; sourceTree = SOURCE_ROOT; };
		5DAF1A4A1189CE0C005EBA71 /* cxerror.h */ = {isa = PBXFileReference; fileEncoding = 4; lastKnownFileType = sourcecode.c.h; name = cxerror.h; path = ../../../addons/ofxOpenCv/libs/opencv/include/cxerror.h; sourceTree = SOURCE_ROOT; };
		5DAF1A4B1189CE0C005EBA71 /* cxmisc.h */ = {isa = PBXFileReference; fileEncoding = 4; lastKnownFileType = sourcecode.c.h; name = cxmisc.h; path = ../../../addons/ofxOpenCv/libs/opencv/include/cxmisc.h; sourceTree = SOURCE_ROOT; };
		5DAF1A4C1189CE0C005EBA71 /* cxtypes.h */ = {isa = PBXFileReference; fileEncoding = 4; lastKnownFileType = sourcecode.c.h; name = cxtypes.h; path = ../../../addons/ofxOpenCv/libs/opencv/include/cxtypes.h; sourceTree = SOURCE_ROOT; };
		5DAF1A4F1189CE0C005EBA71 /* openCV.a */ = {isa = PBXFileReference; lastKnownFileType = archive.ar; name = openCV.a; path = ../../../addons/ofxOpenCv/libs/opencv/lib/osx/openCV.a; sourceTree = SOURCE_ROOT; };
		5DAF1A511189CE0C005EBA71 /* ofxCvBlob.h */ = {isa = PBXFileReference; fileEncoding = 4; lastKnownFileType = sourcecode.c.h; name = ofxCvBlob.h; path = ../../../addons/ofxOpenCv/src/ofxCvBlob.h; sourceTree = SOURCE_ROOT; };
		5DAF1A521189CE0C005EBA71 /* ofxCvColorImage.cpp */ = {isa = PBXFileReference; fileEncoding = 4; lastKnownFileType = sourcecode.cpp.cpp; name = ofxCvColorImage.cpp; path = ../../../addons/ofxOpenCv/src/ofxCvColorImage.cpp; sourceTree = SOURCE_ROOT; };
		5DAF1A531189CE0C005EBA71 /* ofxCvColorImage.h */ = {isa = PBXFileReference; fileEncoding = 4; lastKnownFileType = sourcecode.c.h; name = ofxCvColorImage.h; path = ../../../addons/ofxOpenCv/src/ofxCvColorImage.h; sourceTree = SOURCE_ROOT; };
		5DAF1A541189CE0C005EBA71 /* ofxCvConstants.h */ = {isa = PBXFileReference; fileEncoding = 4; lastKnownFileType = sourcecode.c.h; name = ofxCvConstants.h; path = ../../../addons/ofxOpenCv/src/ofxCvConstants.h; sourceTree = SOURCE_ROOT; };
		5DAF1A551189CE0C005EBA71 /* ofxCvContourFinder.cpp */ = {isa = PBXFileReference; fileEncoding = 4; lastKnownFileType = sourcecode.cpp.cpp; name = ofxCvContourFinder.cpp; path = ../../../addons/ofxOpenCv/src/ofxCvContourFinder.cpp; sourceTree = SOURCE_ROOT; };
		5DAF1A561189CE0C005EBA71 /* ofxCvContourFinder.h */ = {isa = PBXFileReference; fileEncoding = 4; lastKnownFileType = sourcecode.c.h; name = ofxCvContourFinder.h; path = ../../../addons/ofxOpenCv/src/ofxCvContourFinder.h; sourceTree = SOURCE_ROOT; };
		5DAF1A571189CE0C005EBA71 /* ofxCvFloatImage.cpp */ = {isa = PBXFileReference; fileEncoding = 4; lastKnownFileType = sourcecode.cpp.cpp; name = ofxCvFloatImage.cpp; path = ../../../addons/ofxOpenCv/src/ofxCvFloatImage.cpp; sourceTree = SOURCE_ROOT; };
		5DAF1A581189CE0C005EBA71 /* ofxCvFloatImage.h */ = {isa = PBXFileReference; fileEncoding = 4; lastKnownFileType = sourcecode.c.h; name = ofxCvFloatImage.h; path = ../../../addons/ofxOpenCv/src/ofxCvFloatImage.h; sourceTree = SOURCE_ROOT; };
		5DAF1A591189CE0C005EBA71 /* ofxCvGrayscaleImage.cpp */ = {isa = PBXFileReference; fileEncoding = 4; lastKnownFileType = sourcecode.cpp.cpp; name = ofxCvGrayscaleImage.cpp; path = ../../../addons/ofxOpenCv/src/ofxCvGrayscaleImage.cpp; sourceTree = SOURCE_ROOT; };
		5DAF1A5A1189CE0C005EBA71 /* ofxCvGrayscaleImage.h */ = {isa = PBXFileReference; fileEncoding = 4; lastKnownFileType = sourcecode.c.h; name = ofxCvGrayscaleImage.h; path = ../../../addons/ofxOpenCv/src/ofxCvGrayscaleImage.h; sourceTree = SOURCE_ROOT; };
		5DAF1A5B1189CE0C005EBA71 /* ofxCvImage.cpp */ = {isa = PBXFileReference; fileEncoding = 4; lastKnownFileType = sourcecode.cpp.cpp; name = ofxCvImage.cpp; path = ../../../addons/ofxOpenCv/src/ofxCvImage.cpp; sourceTree = SOURCE_ROOT; };
		5DAF1A5C1189CE0C005EBA71 /* ofxCvImage.h */ = {isa = PBXFileReference; fileEncoding = 4; lastKnownFileType = sourcecode.c.h; name = ofxCvImage.h; path = ../../../addons/ofxOpenCv/src/ofxCvImage.h; sourceTree = SOURCE_ROOT; };
		5DAF1A5D1189CE0C005EBA71 /* ofxCvMain.h */ = {isa = PBXFileReference; fileEncoding = 4; lastKnownFileType = sourcecode.c.h; name = ofxCvMain.h; path = ../../../addons/ofxOpenCv/src/ofxCvMain.h; sourceTree = SOURCE_ROOT; };
		5DAF1A5E1189CE0C005EBA71 /* ofxCvShortImage.cpp */ = {isa = PBXFileReference; fileEncoding = 4; lastKnownFileType = sourcecode.cpp.cpp; name = ofxCvShortImage.cpp; path = ../../../addons/ofxOpenCv/src/ofxCvShortImage.cpp; sourceTree = SOURCE_ROOT; };
		5DAF1A5F1189CE0C005EBA71 /* ofxCvShortImage.h */ = {isa = PBXFileReference; fileEncoding = 4; lastKnownFileType = sourcecode.c.h; name = ofxCvShortImage.h; path = ../../../addons/ofxOpenCv/src/ofxCvShortImage.h; sourceTree = SOURCE_ROOT; };
		5DAF1A601189CE0C005EBA71 /* ofxOpenCv.h */ = {isa = PBXFileReference; fileEncoding = 4; lastKnownFileType = sourcecode.c.h; name = ofxOpenCv.h; path = ../../../addons/ofxOpenCv/src/ofxOpenCv.h; sourceTree = SOURCE_ROOT; };
		E45BE0390E8CC647009D7055 /* FreeImage.h */ = {isa = PBXFileReference; fileEncoding = 4; lastKnownFileType = sourcecode.c.h; name = FreeImage.h; path = ../../../libs/freeimage/include/FreeImage.h; sourceTree = SOURCE_ROOT; };
		E45BE03F0E8CC650009D7055 /* fmod.h */ = {isa = PBXFileReference; fileEncoding = 4; lastKnownFileType = sourcecode.c.h; name = fmod.h; path = ../../../libs/fmodex/include/fmod.h; sourceTree = SOURCE_ROOT; };
		E45BE0400E8CC650009D7055 /* fmod.hpp */ = {isa = PBXFileReference; fileEncoding = 4; lastKnownFileType = sourcecode.cpp.h; name = fmod.hpp; path = ../../../libs/fmodex/include/fmod.hpp; sourceTree = SOURCE_ROOT; };
		E45BE0410E8CC650009D7055 /* fmod_codec.h */ = {isa = PBXFileReference; fileEncoding = 4; lastKnownFileType = sourcecode.c.h; name = fmod_codec.h; path = ../../../libs/fmodex/include/fmod_codec.h; sourceTree = SOURCE_ROOT; };
		E45BE0420E8CC650009D7055 /* fmod_dsp.h */ = {isa = PBXFileReference; fileEncoding = 4; lastKnownFileType = sourcecode.c.h; name = fmod_dsp.h; path = ../../../libs/fmodex/include/fmod_dsp.h; sourceTree = SOURCE_ROOT; };
		E45BE0430E8CC650009D7055 /* fmod_errors.h */ = {isa = PBXFileReference; fileEncoding = 4; lastKnownFileType = sourcecode.c.h; name = fmod_errors.h; path = ../../../libs/fmodex/include/fmod_errors.h; sourceTree = SOURCE_ROOT; };
		E45BE0440E8CC650009D7055 /* fmod_output.h */ = {isa = PBXFileReference; fileEncoding = 4; lastKnownFileType = sourcecode.c.h; name = fmod_output.h; path = ../../../libs/fmodex/include/fmod_output.h; sourceTree = SOURCE_ROOT; };
		E45BE0A70E8CC67C009D7055 /* GLee.h */ = {isa = PBXFileReference; fileEncoding = 4; lastKnownFileType = sourcecode.c.h; name = GLee.h; path = ../../../libs/GLee/include/GLee.h; sourceTree = SOURCE_ROOT; };
		E45BE0A90E8CC67C009D7055 /* GLee.a */ = {isa = PBXFileReference; lastKnownFileType = archive.ar; name = GLee.a; path = ../../../libs/GLee/lib/osx/GLee.a; sourceTree = SOURCE_ROOT; };
		E45BE2E00E8CC69C009D7055 /* RtAudio.h */ = {isa = PBXFileReference; fileEncoding = 4; lastKnownFileType = sourcecode.c.h; name = RtAudio.h; path = ../../../libs/rtAudio/include/RtAudio.h; sourceTree = SOURCE_ROOT; };
		E45BE2E10E8CC69C009D7055 /* RtError.h */ = {isa = PBXFileReference; fileEncoding = 4; lastKnownFileType = sourcecode.c.h; name = RtError.h; path = ../../../libs/rtAudio/include/RtError.h; sourceTree = SOURCE_ROOT; };
		E45BE2E30E8CC69C009D7055 /* rtAudio.a */ = {isa = PBXFileReference; lastKnownFileType = archive.ar; name = rtAudio.a; path = ../../../libs/rtAudio/lib/osx/rtAudio.a; sourceTree = SOURCE_ROOT; };
		E45BE9710E8CC7DD009D7055 /* AGL.framework */ = {isa = PBXFileReference; lastKnownFileType = wrapper.framework; name = AGL.framework; path = /System/Library/Frameworks/AGL.framework; sourceTree = "<absolute>"; };
		E45BE9720E8CC7DD009D7055 /* ApplicationServices.framework */ = {isa = PBXFileReference; lastKnownFileType = wrapper.framework; name = ApplicationServices.framework; path = /System/Library/Frameworks/ApplicationServices.framework; sourceTree = "<absolute>"; };
		E45BE9730E8CC7DD009D7055 /* AudioToolbox.framework */ = {isa = PBXFileReference; lastKnownFileType = wrapper.framework; name = AudioToolbox.framework; path = /System/Library/Frameworks/AudioToolbox.framework; sourceTree = "<absolute>"; };
		E45BE9740E8CC7DD009D7055 /* Carbon.framework */ = {isa = PBXFileReference; lastKnownFileType = wrapper.framework; name = Carbon.framework; path = /System/Library/Frameworks/Carbon.framework; sourceTree = "<absolute>"; };
		E45BE9750E8CC7DD009D7055 /* CoreAudio.framework */ = {isa = PBXFileReference; lastKnownFileType = wrapper.framework; name = CoreAudio.framework; path = /System/Library/Frameworks/CoreAudio.framework; sourceTree = "<absolute>"; };
		E45BE9760E8CC7DD009D7055 /* CoreFoundation.framework */ = {isa = PBXFileReference; lastKnownFileType = wrapper.framework; name = CoreFoundation.framework; path = /System/Library/Frameworks/CoreFoundation.framework; sourceTree = "<absolute>"; };
		E45BE9770E8CC7DD009D7055 /* CoreServices.framework */ = {isa = PBXFileReference; lastKnownFileType = wrapper.framework; name = CoreServices.framework; path = /System/Library/Frameworks/CoreServices.framework; sourceTree = "<absolute>"; };
		E45BE9790E8CC7DD009D7055 /* OpenGL.framework */ = {isa = PBXFileReference; lastKnownFileType = wrapper.framework; name = OpenGL.framework; path = /System/Library/Frameworks/OpenGL.framework; sourceTree = "<absolute>"; };
		E45BE97A0E8CC7DD009D7055 /* QuickTime.framework */ = {isa = PBXFileReference; lastKnownFileType = wrapper.framework; name = QuickTime.framework; path = /System/Library/Frameworks/QuickTime.framework; sourceTree = "<absolute>"; };
		E4B69B5B0A3A1756003C02F2 /* videosamplerDebug.app */ = {isa = PBXFileReference; explicitFileType = wrapper.application; includeInIndex = 0; path = videosamplerDebug.app; sourceTree = BUILT_PRODUCTS_DIR; };
		E4B69E1D0A3A1BDC003C02F2 /* main.cpp */ = {isa = PBXFileReference; fileEncoding = 30; lastKnownFileType = sourcecode.cpp.cpp; name = main.cpp; path = src/main.cpp; sourceTree = SOURCE_ROOT; };
		E4B69E1E0A3A1BDC003C02F2 /* testApp.cpp */ = {isa = PBXFileReference; explicitFileType = sourcecode.cpp.cpp; fileEncoding = 30; name = testApp.cpp; path = src/testApp.cpp; sourceTree = SOURCE_ROOT; };
		E4B69E1F0A3A1BDC003C02F2 /* testApp.h */ = {isa = PBXFileReference; fileEncoding = 30; lastKnownFileType = sourcecode.c.h; name = testApp.h; path = src/testApp.h; sourceTree = SOURCE_ROOT; };
		E4B6FCAD0C3E899E008CF71C /* openFrameworks-Info.plist */ = {isa = PBXFileReference; fileEncoding = 30; lastKnownFileType = text.plist.xml; path = "openFrameworks-Info.plist"; sourceTree = "<group>"; };
		E4C2421610CC549C004149E2 /* openFrameworksLib.xcodeproj */ = {isa = PBXFileReference; lastKnownFileType = "wrapper.pb-project"; name = openFrameworksLib.xcodeproj; path = ../../../libs/openFrameworksCompiled/project/osx/openFrameworksLib.xcodeproj; sourceTree = SOURCE_ROOT; };
		E4C2424410CC5A17004149E2 /* AppKit.framework */ = {isa = PBXFileReference; lastKnownFileType = wrapper.framework; name = AppKit.framework; path = /System/Library/Frameworks/AppKit.framework; sourceTree = "<absolute>"; };
		E4C2424510CC5A17004149E2 /* Cocoa.framework */ = {isa = PBXFileReference; lastKnownFileType = wrapper.framework; name = Cocoa.framework; path = /System/Library/Frameworks/Cocoa.framework; sourceTree = "<absolute>"; };
		E4C2424610CC5A17004149E2 /* IOKit.framework */ = {isa = PBXFileReference; lastKnownFileType = wrapper.framework; name = IOKit.framework; path = /System/Library/Frameworks/IOKit.framework; sourceTree = "<absolute>"; };
		E4C2425F10CC5A78004149E2 /* GLUT.framework */ = {isa = PBXFileReference; lastKnownFileType = wrapper.framework; name = GLUT.framework; path = ../../../libs/glut/lib/osx/GLUT.framework; sourceTree = SOURCE_ROOT; };
		E4C2427A10CC5B66004149E2 /* CppUnit.a */ = {isa = PBXFileReference; lastKnownFileType = archive.ar; name = CppUnit.a; path = ../../../libs/poco/lib/osx/CppUnit.a; sourceTree = SOURCE_ROOT; };
		E4C2427B10CC5B66004149E2 /* PocoFoundation.a */ = {isa = PBXFileReference; lastKnownFileType = archive.ar; name = PocoFoundation.a; path = ../../../libs/poco/lib/osx/PocoFoundation.a; sourceTree = SOURCE_ROOT; };
		E4C2427C10CC5B66004149E2 /* PocoNet.a */ = {isa = PBXFileReference; lastKnownFileType = archive.ar; name = PocoNet.a; path = ../../../libs/poco/lib/osx/PocoNet.a; sourceTree = SOURCE_ROOT; };
		E4C2427D10CC5B66004149E2 /* PocoUtil.a */ = {isa = PBXFileReference; lastKnownFileType = archive.ar; name = PocoUtil.a; path = ../../../libs/poco/lib/osx/PocoUtil.a; sourceTree = SOURCE_ROOT; };
		E4C2427E10CC5B66004149E2 /* PocoXML.a */ = {isa = PBXFileReference; lastKnownFileType = archive.ar; name = PocoXML.a; path = ../../../libs/poco/lib/osx/PocoXML.a; sourceTree = SOURCE_ROOT; };
		E4C2429310CC5C38004149E2 /* freetype.a */ = {isa = PBXFileReference; lastKnownFileType = archive.ar; name = freetype.a; path = ../../../libs/freetype/lib/osx/freetype.a; sourceTree = SOURCE_ROOT; };
		E4C242CC10CC650E004149E2 /* libfmodex.dylib */ = {isa = PBXFileReference; lastKnownFileType = "compiled.mach-o.dylib"; name = libfmodex.dylib; path = ../../../libs/fmodex/lib/osx/libfmodex.dylib; sourceTree = SOURCE_ROOT; };
		E4C246D910CCAE22004149E2 /* freeimage.a */ = {isa = PBXFileReference; lastKnownFileType = archive.ar; name = freeimage.a; path = ../../../libs/FreeImage/lib/osx/freeimage.a; sourceTree = SOURCE_ROOT; };
		EA530F051187099A00C8D244 /* guiBaseObject.cpp */ = {isa = PBXFileReference; fileEncoding = 4; lastKnownFileType = sourcecode.cpp.cpp; path = guiBaseObject.cpp; sourceTree = "<group>"; };
		EA530F061187099A00C8D244 /* guiBaseObject.h */ = {isa = PBXFileReference; fileEncoding = 4; lastKnownFileType = sourcecode.c.h; path = guiBaseObject.h; sourceTree = "<group>"; };
		EA530F071187099A00C8D244 /* guiCallback.cpp */ = {isa = PBXFileReference; fileEncoding = 4; lastKnownFileType = sourcecode.cpp.cpp; path = guiCallback.cpp; sourceTree = "<group>"; };
		EA530F081187099A00C8D244 /* guiCallback.h */ = {isa = PBXFileReference; fileEncoding = 4; lastKnownFileType = sourcecode.c.h; path = guiCallback.h; sourceTree = "<group>"; };
		EA530F091187099A00C8D244 /* guiCallbackValue.cpp */ = {isa = PBXFileReference; fileEncoding = 4; lastKnownFileType = sourcecode.cpp.cpp; path = guiCallbackValue.cpp; sourceTree = "<group>"; };
		EA530F0A1187099A00C8D244 /* guiCallbackValue.h */ = {isa = PBXFileReference; fileEncoding = 4; lastKnownFileType = sourcecode.c.h; path = guiCallbackValue.h; sourceTree = "<group>"; };
		EA530F0B1187099A00C8D244 /* guiColor.cpp */ = {isa = PBXFileReference; fileEncoding = 4; lastKnownFileType = sourcecode.cpp.cpp; path = guiColor.cpp; sourceTree = "<group>"; };
		EA530F0C1187099A00C8D244 /* guiColor.h */ = {isa = PBXFileReference; fileEncoding = 4; lastKnownFileType = sourcecode.c.h; path = guiColor.h; sourceTree = "<group>"; };
		EA530F0D1187099A00C8D244 /* guiCustomImpl.h */ = {isa = PBXFileReference; fileEncoding = 4; lastKnownFileType = sourcecode.c.h; path = guiCustomImpl.h; sourceTree = "<group>"; };
		EA530F0E1187099A00C8D244 /* guiIncludes.h */ = {isa = PBXFileReference; fileEncoding = 4; lastKnownFileType = sourcecode.c.h; path = guiIncludes.h; sourceTree = "<group>"; };
		EA530F0F1187099A00C8D244 /* guiTextBase.cpp */ = {isa = PBXFileReference; fileEncoding = 4; lastKnownFileType = sourcecode.cpp.cpp; path = guiTextBase.cpp; sourceTree = "<group>"; };
		EA530F101187099A00C8D244 /* guiTextBase.h */ = {isa = PBXFileReference; fileEncoding = 4; lastKnownFileType = sourcecode.c.h; path = guiTextBase.h; sourceTree = "<group>"; };
		EA530F111187099A00C8D244 /* guiType2DSlider.cpp */ = {isa = PBXFileReference; fileEncoding = 4; lastKnownFileType = sourcecode.cpp.cpp; path = guiType2DSlider.cpp; sourceTree = "<group>"; };
		EA530F121187099A00C8D244 /* guiType2DSlider.h */ = {isa = PBXFileReference; fileEncoding = 4; lastKnownFileType = sourcecode.c.h; path = guiType2DSlider.h; sourceTree = "<group>"; };
		EA530F131187099A00C8D244 /* guiTypeButtonSlider.cpp */ = {isa = PBXFileReference; fileEncoding = 4; lastKnownFileType = sourcecode.cpp.cpp; path = guiTypeButtonSlider.cpp; sourceTree = "<group>"; };
		EA530F141187099A00C8D244 /* guiTypeButtonSlider.h */ = {isa = PBXFileReference; fileEncoding = 4; lastKnownFileType = sourcecode.c.h; path = guiTypeButtonSlider.h; sourceTree = "<group>"; };
		EA530F151187099A00C8D244 /* guiTypeChartPlotter.cpp */ = {isa = PBXFileReference; fileEncoding = 4; lastKnownFileType = sourcecode.cpp.cpp; path = guiTypeChartPlotter.cpp; sourceTree = "<group>"; };
		EA530F161187099A00C8D244 /* guiTypeChartPlotter.h */ = {isa = PBXFileReference; fileEncoding = 4; lastKnownFileType = sourcecode.c.h; path = guiTypeChartPlotter.h; sourceTree = "<group>"; };
		EA530F171187099A00C8D244 /* guiTypeCustom.cpp */ = {isa = PBXFileReference; fileEncoding = 4; lastKnownFileType = sourcecode.cpp.cpp; path = guiTypeCustom.cpp; sourceTree = "<group>"; };
		EA530F181187099A00C8D244 /* guiTypeCustom.h */ = {isa = PBXFileReference; fileEncoding = 4; lastKnownFileType = sourcecode.c.h; path = guiTypeCustom.h; sourceTree = "<group>"; };
		EA530F191187099A00C8D244 /* guiTypeDrawable.cpp */ = {isa = PBXFileReference; fileEncoding = 4; lastKnownFileType = sourcecode.cpp.cpp; path = guiTypeDrawable.cpp; sourceTree = "<group>"; };
		EA530F1A1187099A00C8D244 /* guiTypeDrawable.h */ = {isa = PBXFileReference; fileEncoding = 4; lastKnownFileType = sourcecode.c.h; path = guiTypeDrawable.h; sourceTree = "<group>"; };
		EA530F1B1187099A00C8D244 /* guiTypeFileLister.cpp */ = {isa = PBXFileReference; fileEncoding = 4; lastKnownFileType = sourcecode.cpp.cpp; path = guiTypeFileLister.cpp; sourceTree = "<group>"; };
		EA530F1C1187099A00C8D244 /* guiTypeFileLister.h */ = {isa = PBXFileReference; fileEncoding = 4; lastKnownFileType = sourcecode.c.h; path = guiTypeFileLister.h; sourceTree = "<group>"; };
		EA530F1D1187099A00C8D244 /* guiTypeLogger.cpp */ = {isa = PBXFileReference; fileEncoding = 4; lastKnownFileType = sourcecode.cpp.cpp; path = guiTypeLogger.cpp; sourceTree = "<group>"; };
		EA530F1E1187099A00C8D244 /* guiTypeLogger.h */ = {isa = PBXFileReference; fileEncoding = 4; lastKnownFileType = sourcecode.c.h; path = guiTypeLogger.h; sourceTree = "<group>"; };
		EA530F1F1187099A00C8D244 /* guiTypeMultiToggle.cpp */ = {isa = PBXFileReference; fileEncoding = 4; lastKnownFileType = sourcecode.cpp.cpp; path = guiTypeMultiToggle.cpp; sourceTree = "<group>"; };
		EA530F201187099A00C8D244 /* guiTypeMultiToggle.h */ = {isa = PBXFileReference; fileEncoding = 4; lastKnownFileType = sourcecode.c.h; path = guiTypeMultiToggle.h; sourceTree = "<group>"; };
		EA530F211187099A00C8D244 /* guiTypePanel.cpp */ = {isa = PBXFileReference; fileEncoding = 4; lastKnownFileType = sourcecode.cpp.cpp; path = guiTypePanel.cpp; sourceTree = "<group>"; };
		EA530F221187099A00C8D244 /* guiTypePanel.h */ = {isa = PBXFileReference; fileEncoding = 4; lastKnownFileType = sourcecode.c.h; path = guiTypePanel.h; sourceTree = "<group>"; };
		EA530F231187099A00C8D244 /* guiTypeSlider.cpp */ = {isa = PBXFileReference; fileEncoding = 4; lastKnownFileType = sourcecode.cpp.cpp; path = guiTypeSlider.cpp; sourceTree = "<group>"; };
		EA530F241187099A00C8D244 /* guiTypeSlider.h */ = {isa = PBXFileReference; fileEncoding = 4; lastKnownFileType = sourcecode.c.h; path = guiTypeSlider.h; sourceTree = "<group>"; };
		EA530F251187099A00C8D244 /* guiTypeText.cpp */ = {isa = PBXFileReference; fileEncoding = 4; lastKnownFileType = sourcecode.cpp.cpp; path = guiTypeText.cpp; sourceTree = "<group>"; };
		EA530F261187099A00C8D244 /* guiTypeText.h */ = {isa = PBXFileReference; fileEncoding = 4; lastKnownFileType = sourcecode.c.h; path = guiTypeText.h; sourceTree = "<group>"; };
		EA530F271187099A00C8D244 /* guiTypeTextDropDown.cpp */ = {isa = PBXFileReference; fileEncoding = 4; lastKnownFileType = sourcecode.cpp.cpp; path = guiTypeTextDropDown.cpp; sourceTree = "<group>"; };
		EA530F281187099A00C8D244 /* guiTypeTextDropDown.h */ = {isa = PBXFileReference; fileEncoding = 4; lastKnownFileType = sourcecode.c.h; path = guiTypeTextDropDown.h; sourceTree = "<group>"; };
		EA530F291187099A00C8D244 /* guiTypeToggle.cpp */ = {isa = PBXFileReference; fileEncoding = 4; lastKnownFileType = sourcecode.cpp.cpp; path = guiTypeToggle.cpp; sourceTree = "<group>"; };
		EA530F2A1187099A00C8D244 /* guiTypeToggle.h */ = {isa = PBXFileReference; fileEncoding = 4; lastKnownFileType = sourcecode.c.h; path = guiTypeToggle.h; sourceTree = "<group>"; };
		EA530F2B1187099A00C8D244 /* guiTypeVairableLister.cpp */ = {isa = PBXFileReference; fileEncoding = 4; lastKnownFileType = sourcecode.cpp.cpp; path = guiTypeVairableLister.cpp; sourceTree = "<group>"; };
		EA530F2C1187099A00C8D244 /* guiTypeVairableLister.h */ = {isa = PBXFileReference; fileEncoding = 4; lastKnownFileType = sourcecode.c.h; path = guiTypeVairableLister.h; sourceTree = "<group>"; };
		EA530F2D1187099A00C8D244 /* guiTypeVideo.cpp */ = {isa = PBXFileReference; fileEncoding = 4; lastKnownFileType = sourcecode.cpp.cpp; path = guiTypeVideo.cpp; sourceTree = "<group>"; };
		EA530F2E1187099A00C8D244 /* guiTypeVideo.h */ = {isa = PBXFileReference; fileEncoding = 4; lastKnownFileType = sourcecode.c.h; path = guiTypeVideo.h; sourceTree = "<group>"; };
		EA530F2F1187099A00C8D244 /* guiValue.cpp */ = {isa = PBXFileReference; fileEncoding = 4; lastKnownFileType = sourcecode.cpp.cpp; path = guiValue.cpp; sourceTree = "<group>"; };
		EA530F301187099A00C8D244 /* guiValue.h */ = {isa = PBXFileReference; fileEncoding = 4; lastKnownFileType = sourcecode.c.h; path = guiValue.h; sourceTree = "<group>"; };
		EA530F311187099A00C8D244 /* guiVariablePointer.h */ = {isa = PBXFileReference; fileEncoding = 4; lastKnownFileType = sourcecode.c.h; path = guiVariablePointer.h; sourceTree = "<group>"; };
		EA530F321187099A00C8D244 /* ofxControlPanel.cpp */ = {isa = PBXFileReference; fileEncoding = 4; lastKnownFileType = sourcecode.cpp.cpp; path = ofxControlPanel.cpp; sourceTree = "<group>"; };
		EA530F331187099A00C8D244 /* ofxControlPanel.h */ = {isa = PBXFileReference; fileEncoding = 4; lastKnownFileType = sourcecode.c.h; path = ofxControlPanel.h; sourceTree = "<group>"; };
		EA530F341187099A00C8D244 /* simpleColor.cpp */ = {isa = PBXFileReference; fileEncoding = 4; lastKnownFileType = sourcecode.cpp.cpp; path = simpleColor.cpp; sourceTree = "<group>"; };
		EA530F351187099A00C8D244 /* simpleColor.h */ = {isa = PBXFileReference; fileEncoding = 4; lastKnownFileType = sourcecode.c.h; path = simpleColor.h; sourceTree = "<group>"; };
		EA530F361187099A00C8D244 /* simpleFileLister.cpp */ = {isa = PBXFileReference; fileEncoding = 4; lastKnownFileType = sourcecode.cpp.cpp; path = simpleFileLister.cpp; sourceTree = "<group>"; };
		EA530F371187099A00C8D244 /* simpleFileLister.h */ = {isa = PBXFileReference; fileEncoding = 4; lastKnownFileType = sourcecode.c.h; path = simpleFileLister.h; sourceTree = "<group>"; };
		EA530F381187099A00C8D244 /* simpleLogger.cpp */ = {isa = PBXFileReference; fileEncoding = 4; lastKnownFileType = sourcecode.cpp.cpp; path = simpleLogger.cpp; sourceTree = "<group>"; };
		EA530F391187099A00C8D244 /* simpleLogger.h */ = {isa = PBXFileReference; fileEncoding = 4; lastKnownFileType = sourcecode.c.h; path = simpleLogger.h; sourceTree = "<group>"; };
		EA530F60118709F800C8D244 /* Instructions.txt */ = {isa = PBXFileReference; fileEncoding = 4; lastKnownFileType = text; path = Instructions.txt; sourceTree = "<group>"; };
		EA530F61118709F800C8D244 /* install.xml */ = {isa = PBXFileReference; fileEncoding = 4; lastKnownFileType = text.xml; path = install.xml; sourceTree = "<group>"; };
		EA530F63118709F800C8D244 /* ofxDirList.cpp */ = {isa = PBXFileReference; fileEncoding = 4; lastKnownFileType = sourcecode.cpp.cpp; path = ofxDirList.cpp; sourceTree = "<group>"; };
		EA530F64118709F800C8D244 /* ofxDirList.h */ = {isa = PBXFileReference; fileEncoding = 4; lastKnownFileType = sourcecode.c.h; path = ofxDirList.h; sourceTree = "<group>"; };
		EA530F66118709F800C8D244 /* install.xml */ = {isa = PBXFileReference; fileEncoding = 4; lastKnownFileType = text.xml; path = install.xml; sourceTree = "<group>"; };
		EA530F68118709F800C8D244 /* tinyxml.cpp */ = {isa = PBXFileReference; fileEncoding = 4; lastKnownFileType = sourcecode.cpp.cpp; path = tinyxml.cpp; sourceTree = "<group>"; };
		EA530F69118709F800C8D244 /* tinyxml.h */ = {isa = PBXFileReference; fileEncoding = 4; lastKnownFileType = sourcecode.c.h; path = tinyxml.h; sourceTree = "<group>"; };
		EA530F6A118709F800C8D244 /* tinyxmlerror.cpp */ = {isa = PBXFileReference; fileEncoding = 4; lastKnownFileType = sourcecode.cpp.cpp; path = tinyxmlerror.cpp; sourceTree = "<group>"; };
		EA530F6B118709F800C8D244 /* tinyxmlparser.cpp */ = {isa = PBXFileReference; fileEncoding = 4; lastKnownFileType = sourcecode.cpp.cpp; path = tinyxmlparser.cpp; sourceTree = "<group>"; };
		EA530F6D118709F800C8D244 /* ofxXmlSettings.cpp */ = {isa = PBXFileReference; fileEncoding = 4; lastKnownFileType = sourcecode.cpp.cpp; path = ofxXmlSettings.cpp; sourceTree = "<group>"; };
		EA530F6E118709F800C8D244 /* ofxXmlSettings.h */ = {isa = PBXFileReference; fileEncoding = 4; lastKnownFileType = sourcecode.c.h; path = ofxXmlSettings.h; sourceTree = "<group>"; };
		EA53115D1187467D00C8D244 /* Sample.cpp */ = {isa = PBXFileReference; fileEncoding = 4; lastKnownFileType = sourcecode.cpp.cpp; path = Sample.cpp; sourceTree = "<group>"; };
		EA53115E1187467D00C8D244 /* Sample.h */ = {isa = PBXFileReference; fileEncoding = 4; lastKnownFileType = sourcecode.c.h; path = Sample.h; sourceTree = "<group>"; };
		EA53115F1187467D00C8D244 /* VideoSample.cpp */ = {isa = PBXFileReference; fileEncoding = 4; lastKnownFileType = sourcecode.cpp.cpp; path = VideoSample.cpp; sourceTree = "<group>"; };
		EA5311601187467D00C8D244 /* VideoSample.h */ = {isa = PBXFileReference; fileEncoding = 4; lastKnownFileType = sourcecode.c.h; path = VideoSample.h; sourceTree = "<group>"; };
/* End PBXFileReference section */

/* Begin PBXFrameworksBuildPhase section */
		E4B69B590A3A1756003C02F2 /* Frameworks */ = {
			isa = PBXFrameworksBuildPhase;
			buildActionMask = 2147483647;
			files = (
				E4C2422B10CC554B004149E2 /* openFrameworksDebug.a in Frameworks */,
				E45BE0AA0E8CC67C009D7055 /* GLee.a in Frameworks */,
				E45BE2E40E8CC69C009D7055 /* rtAudio.a in Frameworks */,
				E45BE97B0E8CC7DD009D7055 /* AGL.framework in Frameworks */,
				E45BE97C0E8CC7DD009D7055 /* ApplicationServices.framework in Frameworks */,
				E45BE97D0E8CC7DD009D7055 /* AudioToolbox.framework in Frameworks */,
				E45BE97E0E8CC7DD009D7055 /* Carbon.framework in Frameworks */,
				E45BE97F0E8CC7DD009D7055 /* CoreAudio.framework in Frameworks */,
				E45BE9800E8CC7DD009D7055 /* CoreFoundation.framework in Frameworks */,
				E45BE9810E8CC7DD009D7055 /* CoreServices.framework in Frameworks */,
				E45BE9830E8CC7DD009D7055 /* OpenGL.framework in Frameworks */,
				E45BE9840E8CC7DD009D7055 /* QuickTime.framework in Frameworks */,
				E4C2424710CC5A17004149E2 /* AppKit.framework in Frameworks */,
				E4C2424810CC5A17004149E2 /* Cocoa.framework in Frameworks */,
				E4C2424910CC5A17004149E2 /* IOKit.framework in Frameworks */,
				E4C2426610CC5A78004149E2 /* GLUT.framework in Frameworks */,
				E4C2427F10CC5B66004149E2 /* CppUnit.a in Frameworks */,
				E4C2428010CC5B66004149E2 /* PocoFoundation.a in Frameworks */,
				E4C2428110CC5B66004149E2 /* PocoNet.a in Frameworks */,
				E4C2428210CC5B66004149E2 /* PocoUtil.a in Frameworks */,
				E4C2428310CC5B66004149E2 /* PocoXML.a in Frameworks */,
				E4C2429410CC5C38004149E2 /* freetype.a in Frameworks */,
				E4C242CD10CC650E004149E2 /* libfmodex.dylib in Frameworks */,
				E4C246DA10CCAE22004149E2 /* freeimage.a in Frameworks */,
				5DAF1A2E1189C8EF005EBA71 /* libsmileDetector.a in Frameworks */,
				5DAF1A611189CE0C005EBA71 /* openCV.a in Frameworks */,
			);
			runOnlyForDeploymentPostprocessing = 0;
		};
/* End PBXFrameworksBuildPhase section */

/* Begin PBXGroup section */
		5DAF19FD1189C8EF005EBA71 /* MPT */ = {
			isa = PBXGroup;
			children = (
				5DAF19FE1189C8EF005EBA71 /* include */,
				5DAF1A2C1189C8EF005EBA71 /* lib */,
			);
			name = MPT;
			path = ../../../libs/MPT;
			sourceTree = SOURCE_ROOT;
		};
		5DAF19FE1189C8EF005EBA71 /* include */ = {
			isa = PBXGroup;
			children = (
				5DAF19FF1189C8EF005EBA71 /* area.h */,
				5DAF1A001189C8EF005EBA71 /* beyesobject.h */,
				5DAF1A011189C8EF005EBA71 /* blink.h */,
				5DAF1A021189C8EF005EBA71 /* blink_wts.h */,
				5DAF1A031189C8EF005EBA71 /* ci.h */,
				5DAF1A041189C8EF005EBA71 /* cluster.h */,
				5DAF1A051189C8EF005EBA71 /* common.h */,
				5DAF1A061189C8EF005EBA71 /* define.h */,
				5DAF1A071189C8EF005EBA71 /* eye_finder_ROI.h */,
				5DAF1A081189C8EF005EBA71 /* eyefinder.h */,
				5DAF1A091189C8EF005EBA71 /* eyefinderBinary.h */,
				5DAF1A0A1189C8EF005EBA71 /* eyeobject.h */,
				5DAF1A0B1189C8EF005EBA71 /* EyeWeightsFiles */,
				5DAF1A1D1189C8EF005EBA71 /* faceboxlist.h */,
				5DAF1A1E1189C8EF005EBA71 /* faceobject.h */,
				5DAF1A1F1189C8EF005EBA71 /* featuredata.h */,
				5DAF1A201189C8EF005EBA71 /* gentleFace1.h */,
				5DAF1A211189C8EF005EBA71 /* interpolate.h */,
				5DAF1A221189C8EF005EBA71 /* mpiimage.h */,
				5DAF1A231189C8EF005EBA71 /* mpisearch.h */,
				5DAF1A241189C8EF005EBA71 /* mpisearchBinary.h */,
				5DAF1A251189C8EF005EBA71 /* mpisearchFaceDetector.h */,
				5DAF1A261189C8EF005EBA71 /* rimage.h */,
				5DAF1A271189C8EF005EBA71 /* roi.h */,
				5DAF1A281189C8EF005EBA71 /* smile.h */,
				5DAF1A291189C8EF005EBA71 /* smile_wts.h */,
				5DAF1A2A1189C8EF005EBA71 /* square.h */,
				5DAF1A2B1189C8EF005EBA71 /* visualobject.h */,
			);
			name = include;
			path = ../../../libs/MPT/include;
			sourceTree = SOURCE_ROOT;
		};
		5DAF1A0B1189C8EF005EBA71 /* EyeWeightsFiles */ = {
			isa = PBXGroup;
			children = (
				5DAF1A0C1189C8EF005EBA71 /* config.h */,
				5DAF1A0D1189C8EF005EBA71 /* lefteye_eye_dist_eye_centered.h */,
				5DAF1A0E1189C8EF005EBA71 /* lefteye_eye_dist_face_centered.h */,
				5DAF1A0F1189C8EF005EBA71 /* lefteye_eye_only_eye_centered.h */,
				5DAF1A101189C8EF005EBA71 /* lefteye_half_dist_eye_centered.h */,
				5DAF1A111189C8EF005EBA71 /* lefteye_largest_2_eye_centered.h */,
				5DAF1A121189C8EF005EBA71 /* lefteye_largest_eye_centered.h */,
				5DAF1A131189C8EF005EBA71 /* lefteye_largest_face_centered.h */,
				5DAF1A141189C8EF005EBA71 /* lefteye_smallest_eye_centered.h */,
				5DAF1A151189C8EF005EBA71 /* righteye_eye_dist_eye_centered.h */,
				5DAF1A161189C8EF005EBA71 /* righteye_eye_dist_face_centered.h */,
				5DAF1A171189C8EF005EBA71 /* righteye_eye_only_eye_centered.h */,
				5DAF1A181189C8EF005EBA71 /* righteye_half_dist_eye_centered.h */,
				5DAF1A191189C8EF005EBA71 /* righteye_largest_2_eye_centered.h */,
				5DAF1A1A1189C8EF005EBA71 /* righteye_largest_eye_centered.h */,
				5DAF1A1B1189C8EF005EBA71 /* righteye_largest_face_centered.h */,
				5DAF1A1C1189C8EF005EBA71 /* righteye_smallest_eye_centered.h */,
			);
			name = EyeWeightsFiles;
			path = ../../../libs/MPT/include/EyeWeightsFiles;
			sourceTree = SOURCE_ROOT;
		};
		5DAF1A2C1189C8EF005EBA71 /* lib */ = {
			isa = PBXGroup;
			children = (
				5DAF1A2D1189C8EF005EBA71 /* libsmileDetector.a */,
			);
			name = lib;
			path = ../../../libs/MPT/lib;
			sourceTree = SOURCE_ROOT;
		};
		5DAF1A381189CE0C005EBA71 /* ofxOpenCv */ = {
			isa = PBXGroup;
			children = (
				5DAF1A3A1189CE0C005EBA71 /* libs */,
				5DAF1A501189CE0C005EBA71 /* src */,
			);
			name = ofxOpenCv;
			path = ../../../addons/ofxOpenCv;
			sourceTree = SOURCE_ROOT;
		};
		5DAF1A3A1189CE0C005EBA71 /* libs */ = {
			isa = PBXGroup;
			children = (
				5DAF1A3B1189CE0C005EBA71 /* opencv */,
			);
			name = libs;
			path = ../../../addons/ofxOpenCv/libs;
			sourceTree = SOURCE_ROOT;
		};
		5DAF1A3B1189CE0C005EBA71 /* opencv */ = {
			isa = PBXGroup;
			children = (
				5DAF1A3C1189CE0C005EBA71 /* include */,
				5DAF1A4D1189CE0C005EBA71 /* lib */,
			);
			name = opencv;
			path = ../../../addons/ofxOpenCv/libs/opencv;
			sourceTree = SOURCE_ROOT;
		};
		5DAF1A3C1189CE0C005EBA71 /* include */ = {
			isa = PBXGroup;
			children = (
				5DAF1A3D1189CE0C005EBA71 /* cv.h */,
				5DAF1A3E1189CE0C005EBA71 /* cv.hpp */,
				5DAF1A3F1189CE0C005EBA71 /* cvaux.h */,
				5DAF1A401189CE0C005EBA71 /* cvaux.hpp */,
				5DAF1A411189CE0C005EBA71 /* cvcompat.h */,
				5DAF1A421189CE0C005EBA71 /* cvmat.hpp */,
				5DAF1A431189CE0C005EBA71 /* cvstreams.h */,
				5DAF1A441189CE0C005EBA71 /* cvtypes.h */,
				5DAF1A451189CE0C005EBA71 /* cvver.h */,
				5DAF1A461189CE0C005EBA71 /* cvvidsurv.hpp */,
				5DAF1A471189CE0C005EBA71 /* cvwimage.h */,
				5DAF1A481189CE0C005EBA71 /* cxcore.h */,
				5DAF1A491189CE0C005EBA71 /* cxcore.hpp */,
				5DAF1A4A1189CE0C005EBA71 /* cxerror.h */,
				5DAF1A4B1189CE0C005EBA71 /* cxmisc.h */,
				5DAF1A4C1189CE0C005EBA71 /* cxtypes.h */,
			);
			name = include;
			path = ../../../addons/ofxOpenCv/libs/opencv/include;
			sourceTree = SOURCE_ROOT;
		};
		5DAF1A4D1189CE0C005EBA71 /* lib */ = {
			isa = PBXGroup;
			children = (
				5DAF1A4E1189CE0C005EBA71 /* osx */,
			);
			name = lib;
			path = ../../../addons/ofxOpenCv/libs/opencv/lib;
			sourceTree = SOURCE_ROOT;
		};
		5DAF1A4E1189CE0C005EBA71 /* osx */ = {
			isa = PBXGroup;
			children = (
				5DAF1A4F1189CE0C005EBA71 /* openCV.a */,
			);
			name = osx;
			path = ../../../addons/ofxOpenCv/libs/opencv/lib/osx;
			sourceTree = SOURCE_ROOT;
		};
		5DAF1A501189CE0C005EBA71 /* src */ = {
			isa = PBXGroup;
			children = (
				5DAF1A511189CE0C005EBA71 /* ofxCvBlob.h */,
				5DAF1A521189CE0C005EBA71 /* ofxCvColorImage.cpp */,
				5DAF1A531189CE0C005EBA71 /* ofxCvColorImage.h */,
				5DAF1A541189CE0C005EBA71 /* ofxCvConstants.h */,
				5DAF1A551189CE0C005EBA71 /* ofxCvContourFinder.cpp */,
				5DAF1A561189CE0C005EBA71 /* ofxCvContourFinder.h */,
				5DAF1A571189CE0C005EBA71 /* ofxCvFloatImage.cpp */,
				5DAF1A581189CE0C005EBA71 /* ofxCvFloatImage.h */,
				5DAF1A591189CE0C005EBA71 /* ofxCvGrayscaleImage.cpp */,
				5DAF1A5A1189CE0C005EBA71 /* ofxCvGrayscaleImage.h */,
				5DAF1A5B1189CE0C005EBA71 /* ofxCvImage.cpp */,
				5DAF1A5C1189CE0C005EBA71 /* ofxCvImage.h */,
				5DAF1A5D1189CE0C005EBA71 /* ofxCvMain.h */,
				5DAF1A5E1189CE0C005EBA71 /* ofxCvShortImage.cpp */,
				5DAF1A5F1189CE0C005EBA71 /* ofxCvShortImage.h */,
				5DAF1A601189CE0C005EBA71 /* ofxOpenCv.h */,
			);
			name = src;
			path = ../../../addons/ofxOpenCv/src;
			sourceTree = SOURCE_ROOT;
		};
		E45BE0360E8CC5DE009D7055 /* libs */ = {
			isa = PBXGroup;
			children = (
				E45BEED60E8CCB34009D7055 /* core */,
			);
			name = libs;
			sourceTree = "<group>";
		};
		E45BE0370E8CC647009D7055 /* freeimage */ = {
			isa = PBXGroup;
			children = (
				E4C246D810CCAE22004149E2 /* osx */,
				E45BE0380E8CC647009D7055 /* include */,
			);
			name = freeimage;
			path = ../../../libs/freeimage;
			sourceTree = SOURCE_ROOT;
		};
		E45BE0380E8CC647009D7055 /* include */ = {
			isa = PBXGroup;
			children = (
				E45BE0390E8CC647009D7055 /* FreeImage.h */,
			);
			name = include;
			path = ../../../libs/freeimage/include;
			sourceTree = SOURCE_ROOT;
		};
		E45BE03D0E8CC650009D7055 /* fmodex */ = {
			isa = PBXGroup;
			children = (
				E45BE03E0E8CC650009D7055 /* inc */,
				E4C2428E10CC5C18004149E2 /* osx */,
			);
			name = fmodex;
			path = ../../../libs/fmodex;
			sourceTree = SOURCE_ROOT;
		};
		E45BE03E0E8CC650009D7055 /* inc */ = {
			isa = PBXGroup;
			children = (
				E45BE03F0E8CC650009D7055 /* fmod.h */,
				E45BE0400E8CC650009D7055 /* fmod.hpp */,
				E45BE0410E8CC650009D7055 /* fmod_codec.h */,
				E45BE0420E8CC650009D7055 /* fmod_dsp.h */,
				E45BE0430E8CC650009D7055 /* fmod_errors.h */,
				E45BE0440E8CC650009D7055 /* fmod_output.h */,
			);
			name = inc;
			path = ../../../libs/fmodex/include;
			sourceTree = SOURCE_ROOT;
		};
		E45BE0480E8CC657009D7055 /* core libraries */ = {
			isa = PBXGroup;
			children = (
				E4C2425B10CC5A78004149E2 /* glut */,
				E45BEC7B0E8CC911009D7055 /* poco */,
				E45BE2D50E8CC69C009D7055 /* rtAudio */,
				E45BE0A50E8CC67C009D7055 /* GLee */,
				E45BE0490E8CC676009D7055 /* freetype */,
				E45BE03D0E8CC650009D7055 /* fmodex */,
				E45BE0370E8CC647009D7055 /* freeimage */,
			);
			name = "core libraries";
			sourceTree = "<group>";
		};
		E45BE0490E8CC676009D7055 /* freetype */ = {
			isa = PBXGroup;
			children = (
				E4C2429210CC5C38004149E2 /* osx */,
			);
			name = freetype;
			path = ../../../libs/freetype;
			sourceTree = SOURCE_ROOT;
		};
		E45BE0A50E8CC67C009D7055 /* GLee */ = {
			isa = PBXGroup;
			children = (
				E45BE0A60E8CC67C009D7055 /* include */,
				E45BE0A80E8CC67C009D7055 /* lib */,
			);
			name = GLee;
			path = ../../../libs/GLee;
			sourceTree = SOURCE_ROOT;
		};
		E45BE0A60E8CC67C009D7055 /* include */ = {
			isa = PBXGroup;
			children = (
				E45BE0A70E8CC67C009D7055 /* GLee.h */,
			);
			name = include;
			path = ../../../libs/GLee/include;
			sourceTree = SOURCE_ROOT;
		};
		E45BE0A80E8CC67C009D7055 /* lib */ = {
			isa = PBXGroup;
			children = (
				E45BE0A90E8CC67C009D7055 /* GLee.a */,
			);
			name = lib;
			path = ../../../libs/GLee/lib/osx;
			sourceTree = SOURCE_ROOT;
		};
		E45BE2D50E8CC69C009D7055 /* rtAudio */ = {
			isa = PBXGroup;
			children = (
				E45BE2D60E8CC69C009D7055 /* include */,
				E45BE2E20E8CC69C009D7055 /* lib */,
			);
			name = rtAudio;
			path = ../../../libs/rtAudio;
			sourceTree = SOURCE_ROOT;
		};
		E45BE2D60E8CC69C009D7055 /* include */ = {
			isa = PBXGroup;
			children = (
				E45BE2D70E8CC69C009D7055 /* asio */,
				E45BE2E00E8CC69C009D7055 /* RtAudio.h */,
				E45BE2E10E8CC69C009D7055 /* RtError.h */,
			);
			name = include;
			path = ../../../libs/rtAudio/include;
			sourceTree = SOURCE_ROOT;
		};
		E45BE2D70E8CC69C009D7055 /* asio */ = {
			isa = PBXGroup;
			children = (
			);
			name = asio;
			path = ../../../libs/rtAudio/include/asio;
			sourceTree = SOURCE_ROOT;
		};
		E45BE2E20E8CC69C009D7055 /* lib */ = {
			isa = PBXGroup;
			children = (
				E45BE2E30E8CC69C009D7055 /* rtAudio.a */,
			);
			name = lib;
			path = ../../../libs/rtAudio/lib/osx;
			sourceTree = SOURCE_ROOT;
		};
		E45BE5980E8CC70C009D7055 /* core frameworks */ = {
			isa = PBXGroup;
			children = (
				E4C2424410CC5A17004149E2 /* AppKit.framework */,
				E4C2424510CC5A17004149E2 /* Cocoa.framework */,
				E4C2424610CC5A17004149E2 /* IOKit.framework */,
				E45BE9710E8CC7DD009D7055 /* AGL.framework */,
				E45BE9720E8CC7DD009D7055 /* ApplicationServices.framework */,
				E45BE9730E8CC7DD009D7055 /* AudioToolbox.framework */,
				E45BE9740E8CC7DD009D7055 /* Carbon.framework */,
				E45BE9750E8CC7DD009D7055 /* CoreAudio.framework */,
				E45BE9760E8CC7DD009D7055 /* CoreFoundation.framework */,
				E45BE9770E8CC7DD009D7055 /* CoreServices.framework */,
				E45BE9790E8CC7DD009D7055 /* OpenGL.framework */,
				E45BE97A0E8CC7DD009D7055 /* QuickTime.framework */,
			);
			name = "core frameworks";
			sourceTree = "<group>";
		};
		E45BEC7B0E8CC911009D7055 /* poco */ = {
			isa = PBXGroup;
			children = (
				E4C2427910CC5B66004149E2 /* osx */,
			);
			name = poco;
			path = ../../../libs/poco;
			sourceTree = SOURCE_ROOT;
		};
		E45BEED60E8CCB34009D7055 /* core */ = {
			isa = PBXGroup;
			children = (
				E45BE0480E8CC657009D7055 /* core libraries */,
				E45BE5980E8CC70C009D7055 /* core frameworks */,
			);
			name = core;
			sourceTree = "<group>";
		};
		E4B69B4A0A3A1720003C02F2 = {
			isa = PBXGroup;
			children = (
				EA530F531187099E00C8D244 /* addons */,
				E4B69B5B0A3A1756003C02F2 /* videosamplerDebug.app */,
				E4B6FCAD0C3E899E008CF71C /* openFrameworks-Info.plist */,
				E4B69E1C0A3A1BDC003C02F2 /* src */,
				E4C2422310CC54B6004149E2 /* openFrameworks */,
				E45BE0360E8CC5DE009D7055 /* libs */,
			);
			sourceTree = "<group>";
		};
		E4B69E1C0A3A1BDC003C02F2 /* src */ = {
			isa = PBXGroup;
			children = (
				EA53115D1187467D00C8D244 /* Sample.cpp */,
				EA53115E1187467D00C8D244 /* Sample.h */,
				EA53115F1187467D00C8D244 /* VideoSample.cpp */,
				EA5311601187467D00C8D244 /* VideoSample.h */,
				E4B69E1D0A3A1BDC003C02F2 /* main.cpp */,
				E4B69E1E0A3A1BDC003C02F2 /* testApp.cpp */,
				E4B69E1F0A3A1BDC003C02F2 /* testApp.h */,
				5DAF19FD1189C8EF005EBA71 /* MPT */,
			);
			path = src;
			sourceTree = SOURCE_ROOT;
		};
		E4C2421710CC549C004149E2 /* Products */ = {
			isa = PBXGroup;
			children = (
				E4C2421E10CC549C004149E2 /* openFrameworksDebug.a */,
			);
			name = Products;
			sourceTree = "<group>";
		};
		E4C2422310CC54B6004149E2 /* openFrameworks */ = {
			isa = PBXGroup;
			children = (
				E4C2421610CC549C004149E2 /* openFrameworksLib.xcodeproj */,
			);
			name = openFrameworks;
			sourceTree = "<group>";
		};
		E4C2425B10CC5A78004149E2 /* glut */ = {
			isa = PBXGroup;
			children = (
				E4C2425D10CC5A78004149E2 /* lib */,
			);
			name = glut;
			path = ../../../libs/glut;
			sourceTree = SOURCE_ROOT;
		};
		E4C2425D10CC5A78004149E2 /* lib */ = {
			isa = PBXGroup;
			children = (
				E4C2425E10CC5A78004149E2 /* osx */,
			);
			name = lib;
			path = ../../../libs/glut/lib;
			sourceTree = SOURCE_ROOT;
		};
		E4C2425E10CC5A78004149E2 /* osx */ = {
			isa = PBXGroup;
			children = (
				E4C2425F10CC5A78004149E2 /* GLUT.framework */,
			);
			name = osx;
			path = ../../../libs/glut/lib/osx;
			sourceTree = SOURCE_ROOT;
		};
		E4C2427910CC5B66004149E2 /* osx */ = {
			isa = PBXGroup;
			children = (
				E4C2427A10CC5B66004149E2 /* CppUnit.a */,
				E4C2427B10CC5B66004149E2 /* PocoFoundation.a */,
				E4C2427C10CC5B66004149E2 /* PocoNet.a */,
				E4C2427D10CC5B66004149E2 /* PocoUtil.a */,
				E4C2427E10CC5B66004149E2 /* PocoXML.a */,
			);
			name = osx;
			path = ../../../libs/poco/lib/osx;
			sourceTree = SOURCE_ROOT;
		};
		E4C2428E10CC5C18004149E2 /* osx */ = {
			isa = PBXGroup;
			children = (
				E4C242CC10CC650E004149E2 /* libfmodex.dylib */,
			);
			name = osx;
			path = ../../../libs/fmodex/lib/osx;
			sourceTree = SOURCE_ROOT;
		};
		E4C2429210CC5C38004149E2 /* osx */ = {
			isa = PBXGroup;
			children = (
				E4C2429310CC5C38004149E2 /* freetype.a */,
			);
			name = osx;
			path = ../../../libs/freetype/lib/osx;
			sourceTree = SOURCE_ROOT;
		};
		E4C246D810CCAE22004149E2 /* osx */ = {
			isa = PBXGroup;
			children = (
				E4C246D910CCAE22004149E2 /* freeimage.a */,
			);
			name = osx;
			path = ../../../libs/FreeImage/lib/osx;
			sourceTree = SOURCE_ROOT;
		};
		EA530F041187099A00C8D244 /* ofxControlPanel */ = {
			isa = PBXGroup;
			children = (
				EA530F051187099A00C8D244 /* guiBaseObject.cpp */,
				EA530F061187099A00C8D244 /* guiBaseObject.h */,
				EA530F071187099A00C8D244 /* guiCallback.cpp */,
				EA530F081187099A00C8D244 /* guiCallback.h */,
				EA530F091187099A00C8D244 /* guiCallbackValue.cpp */,
				EA530F0A1187099A00C8D244 /* guiCallbackValue.h */,
				EA530F0B1187099A00C8D244 /* guiColor.cpp */,
				EA530F0C1187099A00C8D244 /* guiColor.h */,
				EA530F0D1187099A00C8D244 /* guiCustomImpl.h */,
				EA530F0E1187099A00C8D244 /* guiIncludes.h */,
				EA530F0F1187099A00C8D244 /* guiTextBase.cpp */,
				EA530F101187099A00C8D244 /* guiTextBase.h */,
				EA530F111187099A00C8D244 /* guiType2DSlider.cpp */,
				EA530F121187099A00C8D244 /* guiType2DSlider.h */,
				EA530F131187099A00C8D244 /* guiTypeButtonSlider.cpp */,
				EA530F141187099A00C8D244 /* guiTypeButtonSlider.h */,
				EA530F151187099A00C8D244 /* guiTypeChartPlotter.cpp */,
				EA530F161187099A00C8D244 /* guiTypeChartPlotter.h */,
				EA530F171187099A00C8D244 /* guiTypeCustom.cpp */,
				EA530F181187099A00C8D244 /* guiTypeCustom.h */,
				EA530F191187099A00C8D244 /* guiTypeDrawable.cpp */,
				EA530F1A1187099A00C8D244 /* guiTypeDrawable.h */,
				EA530F1B1187099A00C8D244 /* guiTypeFileLister.cpp */,
				EA530F1C1187099A00C8D244 /* guiTypeFileLister.h */,
				EA530F1D1187099A00C8D244 /* guiTypeLogger.cpp */,
				EA530F1E1187099A00C8D244 /* guiTypeLogger.h */,
				EA530F1F1187099A00C8D244 /* guiTypeMultiToggle.cpp */,
				EA530F201187099A00C8D244 /* guiTypeMultiToggle.h */,
				EA530F211187099A00C8D244 /* guiTypePanel.cpp */,
				EA530F221187099A00C8D244 /* guiTypePanel.h */,
				EA530F231187099A00C8D244 /* guiTypeSlider.cpp */,
				EA530F241187099A00C8D244 /* guiTypeSlider.h */,
				EA530F251187099A00C8D244 /* guiTypeText.cpp */,
				EA530F261187099A00C8D244 /* guiTypeText.h */,
				EA530F271187099A00C8D244 /* guiTypeTextDropDown.cpp */,
				EA530F281187099A00C8D244 /* guiTypeTextDropDown.h */,
				EA530F291187099A00C8D244 /* guiTypeToggle.cpp */,
				EA530F2A1187099A00C8D244 /* guiTypeToggle.h */,
				EA530F2B1187099A00C8D244 /* guiTypeVairableLister.cpp */,
				EA530F2C1187099A00C8D244 /* guiTypeVairableLister.h */,
				EA530F2D1187099A00C8D244 /* guiTypeVideo.cpp */,
				EA530F2E1187099A00C8D244 /* guiTypeVideo.h */,
				EA530F2F1187099A00C8D244 /* guiValue.cpp */,
				EA530F301187099A00C8D244 /* guiValue.h */,
				EA530F311187099A00C8D244 /* guiVariablePointer.h */,
				EA530F321187099A00C8D244 /* ofxControlPanel.cpp */,
				EA530F331187099A00C8D244 /* ofxControlPanel.h */,
				EA530F341187099A00C8D244 /* simpleColor.cpp */,
				EA530F351187099A00C8D244 /* simpleColor.h */,
				EA530F361187099A00C8D244 /* simpleFileLister.cpp */,
				EA530F371187099A00C8D244 /* simpleFileLister.h */,
				EA530F381187099A00C8D244 /* simpleLogger.cpp */,
				EA530F391187099A00C8D244 /* simpleLogger.h */,
			);
			name = ofxControlPanel;
			path = ../../../addons/ofxControlPanel;
			sourceTree = SOURCE_ROOT;
		};
		EA530F531187099E00C8D244 /* addons */ = {
			isa = PBXGroup;
			children = (
				5DAF1A381189CE0C005EBA71 /* ofxOpenCv */,
				EA530F5E118709F800C8D244 /* ofxDirList */,
				EA530F65118709F800C8D244 /* ofxXmlSettings */,
				EA530F041187099A00C8D244 /* ofxControlPanel */,
			);
			name = addons;
			sourceTree = "<group>";
		};
		EA530F5E118709F800C8D244 /* ofxDirList */ = {
			isa = PBXGroup;
			children = (
				EA530F5F118709F800C8D244 /* doc */,
				EA530F61118709F800C8D244 /* install.xml */,
				EA530F62118709F800C8D244 /* src */,
			);
			name = ofxDirList;
			path = ../../../addons/ofxDirList;
			sourceTree = SOURCE_ROOT;
		};
		EA530F5F118709F800C8D244 /* doc */ = {
			isa = PBXGroup;
			children = (
				EA530F60118709F800C8D244 /* Instructions.txt */,
			);
			path = doc;
			sourceTree = "<group>";
		};
		EA530F62118709F800C8D244 /* src */ = {
			isa = PBXGroup;
			children = (
				EA530F63118709F800C8D244 /* ofxDirList.cpp */,
				EA530F64118709F800C8D244 /* ofxDirList.h */,
			);
			path = src;
			sourceTree = "<group>";
		};
		EA530F65118709F800C8D244 /* ofxXmlSettings */ = {
			isa = PBXGroup;
			children = (
				EA530F66118709F800C8D244 /* install.xml */,
				EA530F67118709F800C8D244 /* libs */,
				EA530F6C118709F800C8D244 /* src */,
			);
			name = ofxXmlSettings;
			path = ../../../addons/ofxXmlSettings;
			sourceTree = SOURCE_ROOT;
		};
		EA530F67118709F800C8D244 /* libs */ = {
			isa = PBXGroup;
			children = (
				EA530F68118709F800C8D244 /* tinyxml.cpp */,
				EA530F69118709F800C8D244 /* tinyxml.h */,
				EA530F6A118709F800C8D244 /* tinyxmlerror.cpp */,
				EA530F6B118709F800C8D244 /* tinyxmlparser.cpp */,
			);
			path = libs;
			sourceTree = "<group>";
		};
		EA530F6C118709F800C8D244 /* src */ = {
			isa = PBXGroup;
			children = (
				EA530F6D118709F800C8D244 /* ofxXmlSettings.cpp */,
				EA530F6E118709F800C8D244 /* ofxXmlSettings.h */,
			);
			path = src;
			sourceTree = "<group>";
		};
/* End PBXGroup section */

/* Begin PBXNativeTarget section */
		E4B69B5A0A3A1756003C02F2 /* videosampler */ = {
			isa = PBXNativeTarget;
			buildConfigurationList = E4B69B5F0A3A1757003C02F2 /* Build configuration list for PBXNativeTarget "videosampler" */;
			buildPhases = (
				E4B69B580A3A1756003C02F2 /* Sources */,
				E4B69B590A3A1756003C02F2 /* Frameworks */,
				E4B6FFFD0C3F9AB9008CF71C /* ShellScript */,
				E4C2427710CC5ABF004149E2 /* CopyFiles */,
				E4C2444710CC769B004149E2 /* CopyFiles */,
			);
			buildRules = (
			);
			dependencies = (
				E4C2422810CC54DA004149E2 /* PBXTargetDependency */,
			);
			name = videosampler;
			productName = myOFApp;
			productReference = E4B69B5B0A3A1756003C02F2 /* videosamplerDebug.app */;
			productType = "com.apple.product-type.application";
		};
/* End PBXNativeTarget section */

/* Begin PBXProject section */
		E4B69B4C0A3A1720003C02F2 /* Project object */ = {
			isa = PBXProject;
			buildConfigurationList = E4B69B4D0A3A1720003C02F2 /* Build configuration list for PBXProject "videosampler" */;
			compatibilityVersion = "Xcode 2.4";
			hasScannedForEncodings = 0;
			mainGroup = E4B69B4A0A3A1720003C02F2;
			productRefGroup = E4B69B4A0A3A1720003C02F2;
			projectDirPath = "";
			projectReferences = (
				{
					ProductGroup = E4C2421710CC549C004149E2 /* Products */;
					ProjectRef = E4C2421610CC549C004149E2 /* openFrameworksLib.xcodeproj */;
				},
			);
			projectRoot = "";
			targets = (
				E4B69B5A0A3A1756003C02F2 /* videosampler */,
			);
		};
/* End PBXProject section */

/* Begin PBXReferenceProxy section */
		E4C2421E10CC549C004149E2 /* openFrameworksDebug.a */ = {
			isa = PBXReferenceProxy;
			fileType = archive.ar;
			path = openFrameworksDebug.a;
			remoteRef = E4C2421D10CC549C004149E2 /* PBXContainerItemProxy */;
			sourceTree = BUILT_PRODUCTS_DIR;
		};
/* End PBXReferenceProxy section */

/* Begin PBXShellScriptBuildPhase section */
		E4B6FFFD0C3F9AB9008CF71C /* ShellScript */ = {
			isa = PBXShellScriptBuildPhase;
			buildActionMask = 2147483647;
			files = (
			);
			inputPaths = (
			);
			outputPaths = (
			);
			runOnlyForDeploymentPostprocessing = 0;
			shellPath = /bin/sh;
			shellScript = "cp -f ../../../libs/fmodex/lib/osx/libfmodex.dylib \"$TARGET_BUILD_DIR/$PRODUCT_NAME.app/Contents/MacOS/libfmodex.dylib\"\ninstall_name_tool -change ./libfmodex.dylib @executable_path/libfmodex.dylib \"$TARGET_BUILD_DIR/$PRODUCT_NAME.app/Contents/MacOS/$PRODUCT_NAME\" ";
		};
/* End PBXShellScriptBuildPhase section */

/* Begin PBXSourcesBuildPhase section */
		E4B69B580A3A1756003C02F2 /* Sources */ = {
			isa = PBXSourcesBuildPhase;
			buildActionMask = 2147483647;
			files = (
				E4B69E200A3A1BDC003C02F2 /* main.cpp in Sources */,
				E4B69E210A3A1BDC003C02F2 /* testApp.cpp in Sources */,
				EA530F3A1187099A00C8D244 /* guiBaseObject.cpp in Sources */,
				EA530F3B1187099A00C8D244 /* guiCallback.cpp in Sources */,
				EA530F3C1187099A00C8D244 /* guiCallbackValue.cpp in Sources */,
				EA530F3D1187099A00C8D244 /* guiColor.cpp in Sources */,
				EA530F3E1187099A00C8D244 /* guiTextBase.cpp in Sources */,
				EA530F3F1187099A00C8D244 /* guiType2DSlider.cpp in Sources */,
				EA530F401187099A00C8D244 /* guiTypeButtonSlider.cpp in Sources */,
				EA530F411187099A00C8D244 /* guiTypeChartPlotter.cpp in Sources */,
				EA530F421187099A00C8D244 /* guiTypeCustom.cpp in Sources */,
				EA530F431187099A00C8D244 /* guiTypeDrawable.cpp in Sources */,
				EA530F441187099A00C8D244 /* guiTypeFileLister.cpp in Sources */,
				EA530F451187099A00C8D244 /* guiTypeLogger.cpp in Sources */,
				EA530F461187099A00C8D244 /* guiTypeMultiToggle.cpp in Sources */,
				EA530F471187099A00C8D244 /* guiTypePanel.cpp in Sources */,
				EA530F481187099A00C8D244 /* guiTypeSlider.cpp in Sources */,
				EA530F491187099A00C8D244 /* guiTypeText.cpp in Sources */,
				EA530F4A1187099A00C8D244 /* guiTypeTextDropDown.cpp in Sources */,
				EA530F4B1187099A00C8D244 /* guiTypeToggle.cpp in Sources */,
				EA530F4C1187099A00C8D244 /* guiTypeVairableLister.cpp in Sources */,
				EA530F4D1187099A00C8D244 /* guiTypeVideo.cpp in Sources */,
				EA530F4E1187099A00C8D244 /* guiValue.cpp in Sources */,
				EA530F4F1187099A00C8D244 /* ofxControlPanel.cpp in Sources */,
				EA530F501187099A00C8D244 /* simpleColor.cpp in Sources */,
				EA530F511187099A00C8D244 /* simpleFileLister.cpp in Sources */,
				EA530F521187099A00C8D244 /* simpleLogger.cpp in Sources */,
				EA530F6F118709F800C8D244 /* ofxDirList.cpp in Sources */,
				EA530F70118709F800C8D244 /* tinyxml.cpp in Sources */,
				EA530F71118709F800C8D244 /* tinyxmlerror.cpp in Sources */,
				EA530F72118709F800C8D244 /* tinyxmlparser.cpp in Sources */,
				EA530F73118709F800C8D244 /* ofxXmlSettings.cpp in Sources */,
				EA5311611187467D00C8D244 /* Sample.cpp in Sources */,
				EA5311621187467D00C8D244 /* VideoSample.cpp in Sources */,
				5DAF1A621189CE0C005EBA71 /* ofxCvColorImage.cpp in Sources */,
				5DAF1A631189CE0C005EBA71 /* ofxCvContourFinder.cpp in Sources */,
				5DAF1A641189CE0C005EBA71 /* ofxCvFloatImage.cpp in Sources */,
				5DAF1A651189CE0C005EBA71 /* ofxCvGrayscaleImage.cpp in Sources */,
				5DAF1A661189CE0C005EBA71 /* ofxCvImage.cpp in Sources */,
				5DAF1A671189CE0C005EBA71 /* ofxCvShortImage.cpp in Sources */,
			);
			runOnlyForDeploymentPostprocessing = 0;
		};
/* End PBXSourcesBuildPhase section */

/* Begin PBXTargetDependency section */
		E4C2422810CC54DA004149E2 /* PBXTargetDependency */ = {
			isa = PBXTargetDependency;
			name = openFrameworks;
			targetProxy = E4C2422710CC54DA004149E2 /* PBXContainerItemProxy */;
		};
/* End PBXTargetDependency section */

/* Begin XCBuildConfiguration section */
		E4B27CA010CBF8A600536013 /* ReleaseUniversal */ = {
			isa = XCBuildConfiguration;
			buildSettings = {
				ARCHS = (
					ppc,
					i386,
				);
				CONFIGURATION_BUILD_DIR = "$(SRCROOT)/bin/";
				COPY_PHASE_STRIP = YES;
				DEAD_CODE_STRIPPING = YES;
				GCC_AUTO_VECTORIZATION = YES;
				GCC_ENABLE_SSE3_EXTENSIONS = YES;
				GCC_ENABLE_SUPPLEMENTAL_SSE3_INSTRUCTIONS = YES;
				GCC_INLINES_ARE_PRIVATE_EXTERN = NO;
				GCC_MODEL_TUNING = G5;
				GCC_OPTIMIZATION_LEVEL = 3;
				GCC_SYMBOLS_PRIVATE_EXTERN = NO;
				GCC_UNROLL_LOOPS = YES;
				GCC_VERSION = 4.0;
				GCC_WARN_ABOUT_DEPRECATED_FUNCTIONS = NO;
				GCC_WARN_ABOUT_INVALID_OFFSETOF_MACRO = NO;
				GCC_WARN_ALLOW_INCOMPLETE_PROTOCOL = NO;
				GCC_WARN_UNINITIALIZED_AUTOS = NO;
				GCC_WARN_UNUSED_VALUE = NO;
				GCC_WARN_UNUSED_VARIABLE = NO;
				HEADER_SEARCH_PATHS = (
					"../../../libs/openFrameworks/**",
					../../../libs/freetype/include/,
					../../../libs/freetype/include/freetype2,
					../../../libs/poco/include,
					../../../addons/,
					../../../libs/MPT/include,
				);
				OTHER_CPLUSPLUSFLAGS = (
					"-D__MACOSX_CORE__",
					"-lpthread",
				);
				OTHER_LDFLAGS = "";
				SDKROOT = /Developer/SDKs/MacOSX10.5.sdk;
			};
			name = ReleaseUniversal;
		};
		E4B27CA110CBF8A600536013 /* ReleaseUniversal */ = {
			isa = XCBuildConfiguration;
			buildSettings = {
				COPY_PHASE_STRIP = YES;
				FRAMEWORK_SEARCH_PATHS = (
					"$(inherited)",
					"$(FRAMEWORK_SEARCH_PATHS_QUOTED_FOR_TARGET_1)",
				);
				FRAMEWORK_SEARCH_PATHS_QUOTED_FOR_TARGET_1 = "\"$(SRCROOT)/../../../libs/glut/lib/osx\"";
				GCC_ENABLE_FIX_AND_CONTINUE = NO;
				GCC_GENERATE_DEBUGGING_SYMBOLS = NO;
				GCC_MODEL_TUNING = G4;
				GCC_PRECOMPILE_PREFIX_HEADER = YES;
				GCC_PREFIX_HEADER = "$(SYSTEM_LIBRARY_DIR)/Frameworks/Carbon.framework/Headers/Carbon.h";
				INFOPLIST_FILE = "openFrameworks-Info.plist";
				INSTALL_PATH = "$(HOME)/Applications";
				LIBRARY_SEARCH_PATHS = (
					"$(inherited)",
					"$(LIBRARY_SEARCH_PATHS_QUOTED_FOR_TARGET_1)",
					"$(LIBRARY_SEARCH_PATHS_QUOTED_FOR_TARGET_2)",
					"$(LIBRARY_SEARCH_PATHS_QUOTED_FOR_TARGET_3)",
					"$(LIBRARY_SEARCH_PATHS_QUOTED_FOR_TARGET_4)",
					"$(LIBRARY_SEARCH_PATHS_QUOTED_FOR_TARGET_5)",
					"$(LIBRARY_SEARCH_PATHS_QUOTED_FOR_TARGET_6)",
					"$(LIBRARY_SEARCH_PATHS_QUOTED_FOR_TARGET_7)",
					"$(LIBRARY_SEARCH_PATHS_QUOTED_FOR_TARGET_8)",
					"$(LIBRARY_SEARCH_PATHS_QUOTED_FOR_TARGET_9)",
					"$(LIBRARY_SEARCH_PATHS_QUOTED_FOR_TARGET_10)",
					"$(LIBRARY_SEARCH_PATHS_QUOTED_FOR_TARGET_11)",
					"$(LIBRARY_SEARCH_PATHS_QUOTED_FOR_TARGET_12)",
					"$(LIBRARY_SEARCH_PATHS_QUOTED_FOR_TARGET_13)",
					"$(LIBRARY_SEARCH_PATHS_QUOTED_FOR_TARGET_14)",
					"$(LIBRARY_SEARCH_PATHS_QUOTED_FOR_TARGET_15)",
					"$(LIBRARY_SEARCH_PATHS_QUOTED_FOR_TARGET_2)",
					"$(LIBRARY_SEARCH_PATHS_QUOTED_FOR_TARGET_3)",
					"$(LIBRARY_SEARCH_PATHS_QUOTED_FOR_TARGET_7)",
					"$(LIBRARY_SEARCH_PATHS_QUOTED_FOR_TARGET_8)",
				);
				LIBRARY_SEARCH_PATHS_QUOTED_FOR_TARGET_1 = "\"$(SRCROOT)/../../../libs/freeimage/lib/osx\"";
				LIBRARY_SEARCH_PATHS_QUOTED_FOR_TARGET_14 = "\"$(SRCROOT)/../../../libs/fmodex/lib/osx\"";
				LIBRARY_SEARCH_PATHS_QUOTED_FOR_TARGET_15 = "\"$(SRCROOT)/../../../libs/freetype/lib/osx\"";
				LIBRARY_SEARCH_PATHS_QUOTED_FOR_TARGET_2 = "\"$(SRCROOT)/../../../libs/FreeImage/lib/osx\"";
				LIBRARY_SEARCH_PATHS_QUOTED_FOR_TARGET_3 = "\"$(SRCROOT)/../../../addons/ofxOpenCv/libs/opencv/lib/osx\"";
				LIBRARY_SEARCH_PATHS_QUOTED_FOR_TARGET_4 = "\"$(SRCROOT)/../../../libs/GLee/lib/osx\"";
				LIBRARY_SEARCH_PATHS_QUOTED_FOR_TARGET_5 = "\"$(SRCROOT)/../../../libs/poco/lib/osx\"";
				LIBRARY_SEARCH_PATHS_QUOTED_FOR_TARGET_6 = "\"$(SRCROOT)/../../../libs/rtAudio/lib/osx\"";
				LIBRARY_SEARCH_PATHS_QUOTED_FOR_TARGET_7 = "\"$(SRCROOT)/../../../libs/MPT/lib\"";
				LIBRARY_SEARCH_PATHS_QUOTED_FOR_TARGET_8 = "\"$(SRCROOT)/../../../addons/ofxOpenCv/libs/opencv/lib/osx\"";
				PREBINDING = NO;
				PRODUCT_NAME = "$(TARGET_NAME)Universal";
				SDKROOT = /Developer/SDKs/MacOSX10.5.sdk;
				WRAPPER_EXTENSION = app;
				ZERO_LINK = NO;
			};
			name = ReleaseUniversal;
		};
		E4B69B4E0A3A1720003C02F2 /* Debug */ = {
			isa = XCBuildConfiguration;
			buildSettings = {
				ARCHS = "$(NATIVE_ARCH)";
				CONFIGURATION_BUILD_DIR = "$(SRCROOT)/bin/";
				COPY_PHASE_STRIP = NO;
				DEAD_CODE_STRIPPING = YES;
				GCC_AUTO_VECTORIZATION = YES;
				GCC_ENABLE_SSE3_EXTENSIONS = YES;
				GCC_ENABLE_SUPPLEMENTAL_SSE3_INSTRUCTIONS = YES;
				GCC_INLINES_ARE_PRIVATE_EXTERN = NO;
				GCC_MODEL_TUNING = G5;
				GCC_SYMBOLS_PRIVATE_EXTERN = NO;
				GCC_VERSION = 4.0;
				GCC_WARN_ABOUT_DEPRECATED_FUNCTIONS = NO;
				GCC_WARN_ABOUT_INVALID_OFFSETOF_MACRO = NO;
				GCC_WARN_ALLOW_INCOMPLETE_PROTOCOL = NO;
				GCC_WARN_UNINITIALIZED_AUTOS = NO;
				GCC_WARN_UNUSED_VALUE = NO;
				GCC_WARN_UNUSED_VARIABLE = NO;
				HEADER_SEARCH_PATHS = (
					"../../../libs/openFrameworks/**",
					../../../libs/freetype/include/,
					../../../libs/freetype/include/freetype2,
					../../../libs/poco/include,
					../../../addons/,
					../../../libs/MPT/include,
				);
				OTHER_CPLUSPLUSFLAGS = (
					"-D__MACOSX_CORE__",
					"-lpthread",
				);
				OTHER_LDFLAGS = "";
				SDKROOT = /Developer/SDKs/MacOSX10.5.sdk;
			};
			name = Debug;
		};
		E4B69B4F0A3A1720003C02F2 /* Release */ = {
			isa = XCBuildConfiguration;
			buildSettings = {
				ARCHS = "$(NATIVE_ARCH)";
				CONFIGURATION_BUILD_DIR = "$(SRCROOT)/bin/";
				COPY_PHASE_STRIP = YES;
				DEAD_CODE_STRIPPING = YES;
				GCC_AUTO_VECTORIZATION = YES;
				GCC_ENABLE_SSE3_EXTENSIONS = YES;
				GCC_ENABLE_SUPPLEMENTAL_SSE3_INSTRUCTIONS = YES;
				GCC_INLINES_ARE_PRIVATE_EXTERN = NO;
				GCC_MODEL_TUNING = G5;
				GCC_OPTIMIZATION_LEVEL = 3;
				GCC_SYMBOLS_PRIVATE_EXTERN = NO;
				GCC_UNROLL_LOOPS = YES;
				GCC_VERSION = 4.0;
				GCC_WARN_ABOUT_DEPRECATED_FUNCTIONS = NO;
				GCC_WARN_ABOUT_INVALID_OFFSETOF_MACRO = NO;
				GCC_WARN_ALLOW_INCOMPLETE_PROTOCOL = NO;
				GCC_WARN_UNINITIALIZED_AUTOS = NO;
				GCC_WARN_UNUSED_VALUE = NO;
				GCC_WARN_UNUSED_VARIABLE = NO;
				HEADER_SEARCH_PATHS = (
					"../../../libs/openFrameworks/**",
					../../../libs/freetype/include/,
					../../../libs/freetype/include/freetype2,
					../../../libs/poco/include,
					../../../addons/,
					../../../libs/MPT/include,
				);
				OTHER_CPLUSPLUSFLAGS = (
					"-D__MACOSX_CORE__",
					"-lpthread",
				);
				OTHER_LDFLAGS = "";
				SDKROOT = /Developer/SDKs/MacOSX10.5.sdk;
			};
			name = Release;
		};
		E4B69B600A3A1757003C02F2 /* Debug */ = {
			isa = XCBuildConfiguration;
			buildSettings = {
				COPY_PHASE_STRIP = NO;
				FRAMEWORK_SEARCH_PATHS = (
					"$(inherited)",
					"$(FRAMEWORK_SEARCH_PATHS_QUOTED_FOR_TARGET_1)",
				);
				FRAMEWORK_SEARCH_PATHS_QUOTED_FOR_TARGET_1 = "\"$(SRCROOT)/../../../libs/glut/lib/osx\"";
				GCC_DYNAMIC_NO_PIC = NO;
				GCC_ENABLE_FIX_AND_CONTINUE = YES;
				GCC_GENERATE_DEBUGGING_SYMBOLS = YES;
				GCC_MODEL_TUNING = G4;
				GCC_OPTIMIZATION_LEVEL = 0;
				GCC_PRECOMPILE_PREFIX_HEADER = YES;
				GCC_PREFIX_HEADER = "$(SYSTEM_LIBRARY_DIR)/Frameworks/Carbon.framework/Headers/Carbon.h";
				INFOPLIST_FILE = "openFrameworks-Info.plist";
				INSTALL_PATH = "$(HOME)/Applications";
				LIBRARY_SEARCH_PATHS = (
					"$(inherited)",
					"$(LIBRARY_SEARCH_PATHS_QUOTED_FOR_TARGET_1)",
					"$(LIBRARY_SEARCH_PATHS_QUOTED_FOR_TARGET_2)",
					"$(LIBRARY_SEARCH_PATHS_QUOTED_FOR_TARGET_3)",
					"$(LIBRARY_SEARCH_PATHS_QUOTED_FOR_TARGET_4)",
					"$(LIBRARY_SEARCH_PATHS_QUOTED_FOR_TARGET_5)",
					"$(LIBRARY_SEARCH_PATHS_QUOTED_FOR_TARGET_6)",
					"$(LIBRARY_SEARCH_PATHS_QUOTED_FOR_TARGET_7)",
					"$(LIBRARY_SEARCH_PATHS_QUOTED_FOR_TARGET_8)",
					"$(LIBRARY_SEARCH_PATHS_QUOTED_FOR_TARGET_9)",
					"$(LIBRARY_SEARCH_PATHS_QUOTED_FOR_TARGET_10)",
					"$(LIBRARY_SEARCH_PATHS_QUOTED_FOR_TARGET_11)",
					"$(LIBRARY_SEARCH_PATHS_QUOTED_FOR_TARGET_12)",
					"$(LIBRARY_SEARCH_PATHS_QUOTED_FOR_TARGET_13)",
					"$(LIBRARY_SEARCH_PATHS_QUOTED_FOR_TARGET_14)",
					"$(LIBRARY_SEARCH_PATHS_QUOTED_FOR_TARGET_15)",
					"$(LIBRARY_SEARCH_PATHS_QUOTED_FOR_TARGET_2)",
					"$(LIBRARY_SEARCH_PATHS_QUOTED_FOR_TARGET_3)",
					"$(LIBRARY_SEARCH_PATHS_QUOTED_FOR_TARGET_7)",
					"$(LIBRARY_SEARCH_PATHS_QUOTED_FOR_TARGET_8)",
				);
				LIBRARY_SEARCH_PATHS_QUOTED_FOR_TARGET_1 = "\"$(SRCROOT)/../../../libs/freeimage/lib/osx\"";
				LIBRARY_SEARCH_PATHS_QUOTED_FOR_TARGET_14 = "\"$(SRCROOT)/../../../libs/fmodex/lib/osx\"";
				LIBRARY_SEARCH_PATHS_QUOTED_FOR_TARGET_15 = "\"$(SRCROOT)/../../../libs/freetype/lib/osx\"";
				LIBRARY_SEARCH_PATHS_QUOTED_FOR_TARGET_2 = "\"$(SRCROOT)/../../../libs/FreeImage/lib/osx\"";
				LIBRARY_SEARCH_PATHS_QUOTED_FOR_TARGET_3 = "\"$(SRCROOT)/../../../addons/ofxOpenCv/libs/opencv/lib/osx\"";
				LIBRARY_SEARCH_PATHS_QUOTED_FOR_TARGET_4 = "\"$(SRCROOT)/../../../libs/GLee/lib/osx\"";
				LIBRARY_SEARCH_PATHS_QUOTED_FOR_TARGET_5 = "\"$(SRCROOT)/../../../libs/poco/lib/osx\"";
				LIBRARY_SEARCH_PATHS_QUOTED_FOR_TARGET_6 = "\"$(SRCROOT)/../../../libs/rtAudio/lib/osx\"";
				LIBRARY_SEARCH_PATHS_QUOTED_FOR_TARGET_7 = "\"$(SRCROOT)/../../../libs/MPT/lib\"";
				LIBRARY_SEARCH_PATHS_QUOTED_FOR_TARGET_8 = "\"$(SRCROOT)/../../../addons/ofxOpenCv/libs/opencv/lib/osx\"";
				PREBINDING = NO;
				PRODUCT_NAME = "$(TARGET_NAME)Debug";
				SDKROOT = /Developer/SDKs/MacOSX10.5.sdk;
				WRAPPER_EXTENSION = app;
				ZERO_LINK = NO;
			};
			name = Debug;
		};
		E4B69B610A3A1757003C02F2 /* Release */ = {
			isa = XCBuildConfiguration;
			buildSettings = {
				COPY_PHASE_STRIP = YES;
				FRAMEWORK_SEARCH_PATHS = (
					"$(inherited)",
					"$(FRAMEWORK_SEARCH_PATHS_QUOTED_FOR_TARGET_1)",
				);
				FRAMEWORK_SEARCH_PATHS_QUOTED_FOR_TARGET_1 = "\"$(SRCROOT)/../../../libs/glut/lib/osx\"";
				GCC_ENABLE_FIX_AND_CONTINUE = NO;
				GCC_GENERATE_DEBUGGING_SYMBOLS = NO;
				GCC_MODEL_TUNING = G4;
				GCC_PRECOMPILE_PREFIX_HEADER = YES;
				GCC_PREFIX_HEADER = "$(SYSTEM_LIBRARY_DIR)/Frameworks/Carbon.framework/Headers/Carbon.h";
				INFOPLIST_FILE = "openFrameworks-Info.plist";
				INSTALL_PATH = "$(HOME)/Applications";
				LIBRARY_SEARCH_PATHS = (
					"$(inherited)",
					"$(LIBRARY_SEARCH_PATHS_QUOTED_FOR_TARGET_1)",
					"$(LIBRARY_SEARCH_PATHS_QUOTED_FOR_TARGET_2)",
					"$(LIBRARY_SEARCH_PATHS_QUOTED_FOR_TARGET_3)",
					"$(LIBRARY_SEARCH_PATHS_QUOTED_FOR_TARGET_4)",
					"$(LIBRARY_SEARCH_PATHS_QUOTED_FOR_TARGET_5)",
					"$(LIBRARY_SEARCH_PATHS_QUOTED_FOR_TARGET_6)",
					"$(LIBRARY_SEARCH_PATHS_QUOTED_FOR_TARGET_7)",
					"$(LIBRARY_SEARCH_PATHS_QUOTED_FOR_TARGET_8)",
					"$(LIBRARY_SEARCH_PATHS_QUOTED_FOR_TARGET_9)",
					"$(LIBRARY_SEARCH_PATHS_QUOTED_FOR_TARGET_10)",
					"$(LIBRARY_SEARCH_PATHS_QUOTED_FOR_TARGET_11)",
					"$(LIBRARY_SEARCH_PATHS_QUOTED_FOR_TARGET_12)",
					"$(LIBRARY_SEARCH_PATHS_QUOTED_FOR_TARGET_13)",
					"$(LIBRARY_SEARCH_PATHS_QUOTED_FOR_TARGET_14)",
					"$(LIBRARY_SEARCH_PATHS_QUOTED_FOR_TARGET_15)",
					"$(LIBRARY_SEARCH_PATHS_QUOTED_FOR_TARGET_2)",
					"$(LIBRARY_SEARCH_PATHS_QUOTED_FOR_TARGET_3)",
					"$(LIBRARY_SEARCH_PATHS_QUOTED_FOR_TARGET_7)",
					"$(LIBRARY_SEARCH_PATHS_QUOTED_FOR_TARGET_8)",
				);
				LIBRARY_SEARCH_PATHS_QUOTED_FOR_TARGET_1 = "\"$(SRCROOT)/../../../libs/freeimage/lib/osx\"";
				LIBRARY_SEARCH_PATHS_QUOTED_FOR_TARGET_14 = "\"$(SRCROOT)/../../../libs/fmodex/lib/osx\"";
				LIBRARY_SEARCH_PATHS_QUOTED_FOR_TARGET_15 = "\"$(SRCROOT)/../../../libs/freetype/lib/osx\"";
				LIBRARY_SEARCH_PATHS_QUOTED_FOR_TARGET_2 = "\"$(SRCROOT)/../../../libs/FreeImage/lib/osx\"";
				LIBRARY_SEARCH_PATHS_QUOTED_FOR_TARGET_3 = "\"$(SRCROOT)/../../../addons/ofxOpenCv/libs/opencv/lib/osx\"";
				LIBRARY_SEARCH_PATHS_QUOTED_FOR_TARGET_4 = "\"$(SRCROOT)/../../../libs/GLee/lib/osx\"";
				LIBRARY_SEARCH_PATHS_QUOTED_FOR_TARGET_5 = "\"$(SRCROOT)/../../../libs/poco/lib/osx\"";
				LIBRARY_SEARCH_PATHS_QUOTED_FOR_TARGET_6 = "\"$(SRCROOT)/../../../libs/rtAudio/lib/osx\"";
				LIBRARY_SEARCH_PATHS_QUOTED_FOR_TARGET_7 = "\"$(SRCROOT)/../../../libs/MPT/lib\"";
				LIBRARY_SEARCH_PATHS_QUOTED_FOR_TARGET_8 = "\"$(SRCROOT)/../../../addons/ofxOpenCv/libs/opencv/lib/osx\"";
				PREBINDING = NO;
				PRODUCT_NAME = "$(TARGET_NAME)";
				SDKROOT = /Developer/SDKs/MacOSX10.5.sdk;
				WRAPPER_EXTENSION = app;
				ZERO_LINK = NO;
			};
			name = Release;
		};
/* End XCBuildConfiguration section */

/* Begin XCConfigurationList section */
		E4B69B4D0A3A1720003C02F2 /* Build configuration list for PBXProject "videosampler" */ = {
			isa = XCConfigurationList;
			buildConfigurations = (
				E4B69B4E0A3A1720003C02F2 /* Debug */,
				E4B69B4F0A3A1720003C02F2 /* Release */,
				E4B27CA010CBF8A600536013 /* ReleaseUniversal */,
			);
			defaultConfigurationIsVisible = 0;
			defaultConfigurationName = Release;
		};
		E4B69B5F0A3A1757003C02F2 /* Build configuration list for PBXNativeTarget "videosampler" */ = {
			isa = XCConfigurationList;
			buildConfigurations = (
				E4B69B600A3A1757003C02F2 /* Debug */,
				E4B69B610A3A1757003C02F2 /* Release */,
				E4B27CA110CBF8A600536013 /* ReleaseUniversal */,
			);
			defaultConfigurationIsVisible = 0;
			defaultConfigurationName = Release;
		};
/* End XCConfigurationList section */
	};
	rootObject = E4B69B4C0A3A1720003C02F2 /* Project object */;
}
